// !$*UTF8*$!
{
	archiveVersion = 1;
	classes = {
	};
	objectVersion = 50;
	objects = {

/* Begin PBXBuildFile section */
		DCC246E2227A2F52001F4FBC /* AppDelegate.swift in Sources */ = {isa = PBXBuildFile; fileRef = DCC246E1227A2F52001F4FBC /* AppDelegate.swift */; };
		DCC246E4227A2F52001F4FBC /* GameScene.sks in Resources */ = {isa = PBXBuildFile; fileRef = DCC246E3227A2F52001F4FBC /* GameScene.sks */; };
		DCC246E8227A2F52001F4FBC /* GameScene.swift in Sources */ = {isa = PBXBuildFile; fileRef = DCC246E7227A2F52001F4FBC /* GameScene.swift */; };
		DCC246EA227A2F52001F4FBC /* GameViewController.swift in Sources */ = {isa = PBXBuildFile; fileRef = DCC246E9227A2F52001F4FBC /* GameViewController.swift */; };
		DCC246ED227A2F52001F4FBC /* Main.storyboard in Resources */ = {isa = PBXBuildFile; fileRef = DCC246EB227A2F52001F4FBC /* Main.storyboard */; };
		DCC246EF227A2F53001F4FBC /* Assets.xcassets in Resources */ = {isa = PBXBuildFile; fileRef = DCC246EE227A2F53001F4FBC /* Assets.xcassets */; };
		DCC246F2227A2F53001F4FBC /* LaunchScreen.storyboard in Resources */ = {isa = PBXBuildFile; fileRef = DCC246F0227A2F53001F4FBC /* LaunchScreen.storyboard */; };
		DCC24716227A30B3001F4FBC /* ballCyan.png in Resources */ = {isa = PBXBuildFile; fileRef = DCC246FA227A30B3001F4FBC /* ballCyan.png */; };
		DCC24717227A30B3001F4FBC /* slotBaseGood@2x.png in Resources */ = {isa = PBXBuildFile; fileRef = DCC246FB227A30B3001F4FBC /* slotBaseGood@2x.png */; };
		DCC24718227A30B3001F4FBC /* ballGreen.png in Resources */ = {isa = PBXBuildFile; fileRef = DCC246FC227A30B3001F4FBC /* ballGreen.png */; };
		DCC24719227A30B3001F4FBC /* ballRed.png in Resources */ = {isa = PBXBuildFile; fileRef = DCC246FD227A30B3001F4FBC /* ballRed.png */; };
		DCC2471A227A30B3001F4FBC /* slotGlowGood@2x.png in Resources */ = {isa = PBXBuildFile; fileRef = DCC246FE227A30B3001F4FBC /* slotGlowGood@2x.png */; };
		DCC2471B227A30B3001F4FBC /* slotBaseGood.png in Resources */ = {isa = PBXBuildFile; fileRef = DCC246FF227A30B3001F4FBC /* slotBaseGood.png */; };
		DCC2471C227A30B3001F4FBC /* ballCyan@2x.png in Resources */ = {isa = PBXBuildFile; fileRef = DCC24700227A30B3001F4FBC /* ballCyan@2x.png */; };
		DCC2471D227A30B3001F4FBC /* spark.png in Resources */ = {isa = PBXBuildFile; fileRef = DCC24701227A30B3001F4FBC /* spark.png */; };
		DCC2471E227A30B3001F4FBC /* slotGlowBad.png in Resources */ = {isa = PBXBuildFile; fileRef = DCC24702227A30B3001F4FBC /* slotGlowBad.png */; };
		DCC2471F227A30B3001F4FBC /* bouncer@2x.png in Resources */ = {isa = PBXBuildFile; fileRef = DCC24703227A30B3001F4FBC /* bouncer@2x.png */; };
		DCC24720227A30B3001F4FBC /* ballPurple.png in Resources */ = {isa = PBXBuildFile; fileRef = DCC24704227A30B3001F4FBC /* ballPurple.png */; };
		DCC24721227A30B3001F4FBC /* background.jpg in Resources */ = {isa = PBXBuildFile; fileRef = DCC24705227A30B3001F4FBC /* background.jpg */; };
		DCC24722227A30B3001F4FBC /* slotGlowGood.png in Resources */ = {isa = PBXBuildFile; fileRef = DCC24706227A30B3001F4FBC /* slotGlowGood.png */; };
		DCC24723227A30B3001F4FBC /* ballGrey.png in Resources */ = {isa = PBXBuildFile; fileRef = DCC24707227A30B3001F4FBC /* ballGrey.png */; };
		DCC24724227A30B3001F4FBC /* slotBaseBad.png in Resources */ = {isa = PBXBuildFile; fileRef = DCC24708227A30B3001F4FBC /* slotBaseBad.png */; };
		DCC24725227A30B3001F4FBC /* ballGreen@2x.png in Resources */ = {isa = PBXBuildFile; fileRef = DCC24709227A30B3001F4FBC /* ballGreen@2x.png */; };
		DCC24726227A30B3001F4FBC /* ballGrey@2x.png in Resources */ = {isa = PBXBuildFile; fileRef = DCC2470A227A30B3001F4FBC /* ballGrey@2x.png */; };
		DCC24727227A30B3001F4FBC /* ballBlue.png in Resources */ = {isa = PBXBuildFile; fileRef = DCC2470B227A30B3001F4FBC /* ballBlue.png */; };
		DCC24728227A30B3001F4FBC /* slotBaseBad@2x.png in Resources */ = {isa = PBXBuildFile; fileRef = DCC2470C227A30B3001F4FBC /* slotBaseBad@2x.png */; };
		DCC24729227A30B3001F4FBC /* ballYellow@2x.png in Resources */ = {isa = PBXBuildFile; fileRef = DCC2470D227A30B3001F4FBC /* ballYellow@2x.png */; };
		DCC2472A227A30B3001F4FBC /* ballRed@2x.png in Resources */ = {isa = PBXBuildFile; fileRef = DCC2470E227A30B3001F4FBC /* ballRed@2x.png */; };
		DCC2472B227A30B3001F4FBC /* background@2x.jpg in Resources */ = {isa = PBXBuildFile; fileRef = DCC2470F227A30B3001F4FBC /* background@2x.jpg */; };
		DCC2472C227A30B3001F4FBC /* ballBlue@2x.png in Resources */ = {isa = PBXBuildFile; fileRef = DCC24710227A30B3001F4FBC /* ballBlue@2x.png */; };
		DCC2472D227A30B3001F4FBC /* ballPurple@2x.png in Resources */ = {isa = PBXBuildFile; fileRef = DCC24711227A30B3001F4FBC /* ballPurple@2x.png */; };
		DCC2472E227A30B3001F4FBC /* bouncer.png in Resources */ = {isa = PBXBuildFile; fileRef = DCC24712227A30B3001F4FBC /* bouncer.png */; };
		DCC2472F227A30B3001F4FBC /* FireParticles.sks in Resources */ = {isa = PBXBuildFile; fileRef = DCC24713227A30B3001F4FBC /* FireParticles.sks */; };
		DCC24730227A30B3001F4FBC /* ballYellow.png in Resources */ = {isa = PBXBuildFile; fileRef = DCC24714227A30B3001F4FBC /* ballYellow.png */; };
		DCC24731227A30B3001F4FBC /* slotGlowBad@2x.png in Resources */ = {isa = PBXBuildFile; fileRef = DCC24715227A30B3001F4FBC /* slotGlowBad@2x.png */; };
/* End PBXBuildFile section */

/* Begin PBXFileReference section */
		DCC246DE227A2F52001F4FBC /* Pachinko(11).app */ = {isa = PBXFileReference; explicitFileType = wrapper.application; includeInIndex = 0; path = "Pachinko(11).app"; sourceTree = BUILT_PRODUCTS_DIR; };
		DCC246E1227A2F52001F4FBC /* AppDelegate.swift */ = {isa = PBXFileReference; lastKnownFileType = sourcecode.swift; path = AppDelegate.swift; sourceTree = "<group>"; };
		DCC246E3227A2F52001F4FBC /* GameScene.sks */ = {isa = PBXFileReference; lastKnownFileType = file.sks; path = GameScene.sks; sourceTree = "<group>"; };
		DCC246E7227A2F52001F4FBC /* GameScene.swift */ = {isa = PBXFileReference; lastKnownFileType = sourcecode.swift; path = GameScene.swift; sourceTree = "<group>"; };
		DCC246E9227A2F52001F4FBC /* GameViewController.swift */ = {isa = PBXFileReference; lastKnownFileType = sourcecode.swift; path = GameViewController.swift; sourceTree = "<group>"; };
		DCC246EC227A2F52001F4FBC /* Base */ = {isa = PBXFileReference; lastKnownFileType = file.storyboard; name = Base; path = Base.lproj/Main.storyboard; sourceTree = "<group>"; };
		DCC246EE227A2F53001F4FBC /* Assets.xcassets */ = {isa = PBXFileReference; lastKnownFileType = folder.assetcatalog; path = Assets.xcassets; sourceTree = "<group>"; };
		DCC246F1227A2F53001F4FBC /* Base */ = {isa = PBXFileReference; lastKnownFileType = file.storyboard; name = Base; path = Base.lproj/LaunchScreen.storyboard; sourceTree = "<group>"; };
		DCC246F3227A2F53001F4FBC /* Info.plist */ = {isa = PBXFileReference; lastKnownFileType = text.plist.xml; path = Info.plist; sourceTree = "<group>"; };
		DCC246FA227A30B3001F4FBC /* ballCyan.png */ = {isa = PBXFileReference; lastKnownFileType = image.png; path = ballCyan.png; sourceTree = "<group>"; };
		DCC246FB227A30B3001F4FBC /* slotBaseGood@2x.png */ = {isa = PBXFileReference; lastKnownFileType = image.png; path = "slotBaseGood@2x.png"; sourceTree = "<group>"; };
		DCC246FC227A30B3001F4FBC /* ballGreen.png */ = {isa = PBXFileReference; lastKnownFileType = image.png; path = ballGreen.png; sourceTree = "<group>"; };
		DCC246FD227A30B3001F4FBC /* ballRed.png */ = {isa = PBXFileReference; lastKnownFileType = image.png; path = ballRed.png; sourceTree = "<group>"; };
		DCC246FE227A30B3001F4FBC /* slotGlowGood@2x.png */ = {isa = PBXFileReference; lastKnownFileType = image.png; path = "slotGlowGood@2x.png"; sourceTree = "<group>"; };
		DCC246FF227A30B3001F4FBC /* slotBaseGood.png */ = {isa = PBXFileReference; lastKnownFileType = image.png; path = slotBaseGood.png; sourceTree = "<group>"; };
		DCC24700227A30B3001F4FBC /* ballCyan@2x.png */ = {isa = PBXFileReference; lastKnownFileType = image.png; path = "ballCyan@2x.png"; sourceTree = "<group>"; };
		DCC24701227A30B3001F4FBC /* spark.png */ = {isa = PBXFileReference; lastKnownFileType = image.png; path = spark.png; sourceTree = "<group>"; };
		DCC24702227A30B3001F4FBC /* slotGlowBad.png */ = {isa = PBXFileReference; lastKnownFileType = image.png; path = slotGlowBad.png; sourceTree = "<group>"; };
		DCC24703227A30B3001F4FBC /* bouncer@2x.png */ = {isa = PBXFileReference; lastKnownFileType = image.png; path = "bouncer@2x.png"; sourceTree = "<group>"; };
		DCC24704227A30B3001F4FBC /* ballPurple.png */ = {isa = PBXFileReference; lastKnownFileType = image.png; path = ballPurple.png; sourceTree = "<group>"; };
		DCC24705227A30B3001F4FBC /* background.jpg */ = {isa = PBXFileReference; lastKnownFileType = image.jpeg; path = background.jpg; sourceTree = "<group>"; };
		DCC24706227A30B3001F4FBC /* slotGlowGood.png */ = {isa = PBXFileReference; lastKnownFileType = image.png; path = slotGlowGood.png; sourceTree = "<group>"; };
		DCC24707227A30B3001F4FBC /* ballGrey.png */ = {isa = PBXFileReference; lastKnownFileType = image.png; path = ballGrey.png; sourceTree = "<group>"; };
		DCC24708227A30B3001F4FBC /* slotBaseBad.png */ = {isa = PBXFileReference; lastKnownFileType = image.png; path = slotBaseBad.png; sourceTree = "<group>"; };
		DCC24709227A30B3001F4FBC /* ballGreen@2x.png */ = {isa = PBXFileReference; lastKnownFileType = image.png; path = "ballGreen@2x.png"; sourceTree = "<group>"; };
		DCC2470A227A30B3001F4FBC /* ballGrey@2x.png */ = {isa = PBXFileReference; lastKnownFileType = image.png; path = "ballGrey@2x.png"; sourceTree = "<group>"; };
		DCC2470B227A30B3001F4FBC /* ballBlue.png */ = {isa = PBXFileReference; lastKnownFileType = image.png; path = ballBlue.png; sourceTree = "<group>"; };
		DCC2470C227A30B3001F4FBC /* slotBaseBad@2x.png */ = {isa = PBXFileReference; lastKnownFileType = image.png; path = "slotBaseBad@2x.png"; sourceTree = "<group>"; };
		DCC2470D227A30B3001F4FBC /* ballYellow@2x.png */ = {isa = PBXFileReference; lastKnownFileType = image.png; path = "ballYellow@2x.png"; sourceTree = "<group>"; };
		DCC2470E227A30B3001F4FBC /* ballRed@2x.png */ = {isa = PBXFileReference; lastKnownFileType = image.png; path = "ballRed@2x.png"; sourceTree = "<group>"; };
		DCC2470F227A30B3001F4FBC /* background@2x.jpg */ = {isa = PBXFileReference; lastKnownFileType = image.jpeg; path = "background@2x.jpg"; sourceTree = "<group>"; };
		DCC24710227A30B3001F4FBC /* ballBlue@2x.png */ = {isa = PBXFileReference; lastKnownFileType = image.png; path = "ballBlue@2x.png"; sourceTree = "<group>"; };
		DCC24711227A30B3001F4FBC /* ballPurple@2x.png */ = {isa = PBXFileReference; lastKnownFileType = image.png; path = "ballPurple@2x.png"; sourceTree = "<group>"; };
		DCC24712227A30B3001F4FBC /* bouncer.png */ = {isa = PBXFileReference; lastKnownFileType = image.png; path = bouncer.png; sourceTree = "<group>"; };
		DCC24713227A30B3001F4FBC /* FireParticles.sks */ = {isa = PBXFileReference; lastKnownFileType = file.sks; path = FireParticles.sks; sourceTree = "<group>"; };
		DCC24714227A30B3001F4FBC /* ballYellow.png */ = {isa = PBXFileReference; lastKnownFileType = image.png; path = ballYellow.png; sourceTree = "<group>"; };
		DCC24715227A30B3001F4FBC /* slotGlowBad@2x.png */ = {isa = PBXFileReference; lastKnownFileType = image.png; path = "slotGlowBad@2x.png"; sourceTree = "<group>"; };
/* End PBXFileReference section */

/* Begin PBXFrameworksBuildPhase section */
		DCC246DB227A2F52001F4FBC /* Frameworks */ = {
			isa = PBXFrameworksBuildPhase;
			buildActionMask = 2147483647;
			files = (
			);
			runOnlyForDeploymentPostprocessing = 0;
		};
/* End PBXFrameworksBuildPhase section */

/* Begin PBXGroup section */
		DCC246D5227A2F52001F4FBC = {
			isa = PBXGroup;
			children = (
				DCC246E0227A2F52001F4FBC /* Pachinko(11) */,
				DCC246DF227A2F52001F4FBC /* Products */,
			);
			sourceTree = "<group>";
		};
		DCC246DF227A2F52001F4FBC /* Products */ = {
			isa = PBXGroup;
			children = (
				DCC246DE227A2F52001F4FBC /* Pachinko(11).app */,
			);
			name = Products;
			sourceTree = "<group>";
		};
		DCC246E0227A2F52001F4FBC /* Pachinko(11) */ = {
			isa = PBXGroup;
			children = (
				DCC246E1227A2F52001F4FBC /* AppDelegate.swift */,
				DCC246E3227A2F52001F4FBC /* GameScene.sks */,
				DCC246E7227A2F52001F4FBC /* GameScene.swift */,
				DCC246E9227A2F52001F4FBC /* GameViewController.swift */,
				DCC246EB227A2F52001F4FBC /* Main.storyboard */,
				DCC246EE227A2F53001F4FBC /* Assets.xcassets */,
				DCC246F0227A2F53001F4FBC /* LaunchScreen.storyboard */,
				DCC246F3227A2F53001F4FBC /* Info.plist */,
				DCC246F9227A30B3001F4FBC /* Content */,
			);
			path = "Pachinko(11)";
			sourceTree = "<group>";
		};
		DCC246F9227A30B3001F4FBC /* Content */ = {
			isa = PBXGroup;
			children = (
				DCC246FA227A30B3001F4FBC /* ballCyan.png */,
				DCC246FB227A30B3001F4FBC /* slotBaseGood@2x.png */,
				DCC246FC227A30B3001F4FBC /* ballGreen.png */,
				DCC246FD227A30B3001F4FBC /* ballRed.png */,
				DCC246FE227A30B3001F4FBC /* slotGlowGood@2x.png */,
				DCC246FF227A30B3001F4FBC /* slotBaseGood.png */,
				DCC24700227A30B3001F4FBC /* ballCyan@2x.png */,
				DCC24701227A30B3001F4FBC /* spark.png */,
				DCC24702227A30B3001F4FBC /* slotGlowBad.png */,
				DCC24703227A30B3001F4FBC /* bouncer@2x.png */,
				DCC24704227A30B3001F4FBC /* ballPurple.png */,
				DCC24705227A30B3001F4FBC /* background.jpg */,
				DCC24706227A30B3001F4FBC /* slotGlowGood.png */,
				DCC24707227A30B3001F4FBC /* ballGrey.png */,
				DCC24708227A30B3001F4FBC /* slotBaseBad.png */,
				DCC24709227A30B3001F4FBC /* ballGreen@2x.png */,
				DCC2470A227A30B3001F4FBC /* ballGrey@2x.png */,
				DCC2470B227A30B3001F4FBC /* ballBlue.png */,
				DCC2470C227A30B3001F4FBC /* slotBaseBad@2x.png */,
				DCC2470D227A30B3001F4FBC /* ballYellow@2x.png */,
				DCC2470E227A30B3001F4FBC /* ballRed@2x.png */,
				DCC2470F227A30B3001F4FBC /* background@2x.jpg */,
				DCC24710227A30B3001F4FBC /* ballBlue@2x.png */,
				DCC24711227A30B3001F4FBC /* ballPurple@2x.png */,
				DCC24712227A30B3001F4FBC /* bouncer.png */,
				DCC24713227A30B3001F4FBC /* FireParticles.sks */,
				DCC24714227A30B3001F4FBC /* ballYellow.png */,
				DCC24715227A30B3001F4FBC /* slotGlowBad@2x.png */,
			);
			path = Content;
			sourceTree = "<group>";
		};
/* End PBXGroup section */

/* Begin PBXNativeTarget section */
		DCC246DD227A2F52001F4FBC /* Pachinko(11) */ = {
			isa = PBXNativeTarget;
			buildConfigurationList = DCC246F6227A2F53001F4FBC /* Build configuration list for PBXNativeTarget "Pachinko(11)" */;
			buildPhases = (
				DCC246DA227A2F52001F4FBC /* Sources */,
				DCC246DB227A2F52001F4FBC /* Frameworks */,
				DCC246DC227A2F52001F4FBC /* Resources */,
			);
			buildRules = (
			);
			dependencies = (
			);
			name = "Pachinko(11)";
			productName = "Pachinko(11)";
			productReference = DCC246DE227A2F52001F4FBC /* Pachinko(11).app */;
			productType = "com.apple.product-type.application";
		};
/* End PBXNativeTarget section */

/* Begin PBXProject section */
		DCC246D6227A2F52001F4FBC /* Project object */ = {
			isa = PBXProject;
			attributes = {
				LastSwiftUpdateCheck = 1020;
				LastUpgradeCheck = 1020;
				ORGANIZATIONNAME = "Kamil Bloch";
				TargetAttributes = {
					DCC246DD227A2F52001F4FBC = {
						CreatedOnToolsVersion = 10.2.1;
					};
				};
			};
			buildConfigurationList = DCC246D9227A2F52001F4FBC /* Build configuration list for PBXProject "Pachinko(11)" */;
			compatibilityVersion = "Xcode 9.3";
			developmentRegion = en;
			hasScannedForEncodings = 0;
			knownRegions = (
				en,
				Base,
			);
			mainGroup = DCC246D5227A2F52001F4FBC;
			productRefGroup = DCC246DF227A2F52001F4FBC /* Products */;
			projectDirPath = "";
			projectRoot = "";
			targets = (
				DCC246DD227A2F52001F4FBC /* Pachinko(11) */,
			);
		};
/* End PBXProject section */

/* Begin PBXResourcesBuildPhase section */
		DCC246DC227A2F52001F4FBC /* Resources */ = {
			isa = PBXResourcesBuildPhase;
			buildActionMask = 2147483647;
			files = (
				DCC24718227A30B3001F4FBC /* ballGreen.png in Resources */,
				DCC2472D227A30B3001F4FBC /* ballPurple@2x.png in Resources */,
				DCC2471D227A30B3001F4FBC /* spark.png in Resources */,
				DCC2472B227A30B3001F4FBC /* background@2x.jpg in Resources */,
				DCC2471B227A30B3001F4FBC /* slotBaseGood.png in Resources */,
				DCC246ED227A2F52001F4FBC /* Main.storyboard in Resources */,
				DCC246E4227A2F52001F4FBC /* GameScene.sks in Resources */,
				DCC24716227A30B3001F4FBC /* ballCyan.png in Resources */,
				DCC24719227A30B3001F4FBC /* ballRed.png in Resources */,
				DCC2472E227A30B3001F4FBC /* bouncer.png in Resources */,
				DCC2472C227A30B3001F4FBC /* ballBlue@2x.png in Resources */,
				DCC24726227A30B3001F4FBC /* ballGrey@2x.png in Resources */,
				DCC246EF227A2F53001F4FBC /* Assets.xcassets in Resources */,
				DCC24722227A30B3001F4FBC /* slotGlowGood.png in Resources */,
				DCC2471E227A30B3001F4FBC /* slotGlowBad.png in Resources */,
				DCC24717227A30B3001F4FBC /* slotBaseGood@2x.png in Resources */,
				DCC2472A227A30B3001F4FBC /* ballRed@2x.png in Resources */,
				DCC24731227A30B3001F4FBC /* slotGlowBad@2x.png in Resources */,
				DCC24727227A30B3001F4FBC /* ballBlue.png in Resources */,
				DCC24729227A30B3001F4FBC /* ballYellow@2x.png in Resources */,
				DCC24724227A30B3001F4FBC /* slotBaseBad.png in Resources */,
				DCC24723227A30B3001F4FBC /* ballGrey.png in Resources */,
				DCC24730227A30B3001F4FBC /* ballYellow.png in Resources */,
				DCC24725227A30B3001F4FBC /* ballGreen@2x.png in Resources */,
				DCC2471C227A30B3001F4FBC /* ballCyan@2x.png in Resources */,
				DCC2471F227A30B3001F4FBC /* bouncer@2x.png in Resources */,
				DCC246F2227A2F53001F4FBC /* LaunchScreen.storyboard in Resources */,
				DCC24728227A30B3001F4FBC /* slotBaseBad@2x.png in Resources */,
				DCC24721227A30B3001F4FBC /* background.jpg in Resources */,
				DCC2472F227A30B3001F4FBC /* FireParticles.sks in Resources */,
				DCC24720227A30B3001F4FBC /* ballPurple.png in Resources */,
				DCC2471A227A30B3001F4FBC /* slotGlowGood@2x.png in Resources */,
			);
			runOnlyForDeploymentPostprocessing = 0;
		};
/* End PBXResourcesBuildPhase section */

/* Begin PBXSourcesBuildPhase section */
		DCC246DA227A2F52001F4FBC /* Sources */ = {
			isa = PBXSourcesBuildPhase;
			buildActionMask = 2147483647;
			files = (
				DCC246E8227A2F52001F4FBC /* GameScene.swift in Sources */,
				DCC246EA227A2F52001F4FBC /* GameViewController.swift in Sources */,
				DCC246E2227A2F52001F4FBC /* AppDelegate.swift in Sources */,
			);
			runOnlyForDeploymentPostprocessing = 0;
		};
/* End PBXSourcesBuildPhase section */

/* Begin PBXVariantGroup section */
		DCC246EB227A2F52001F4FBC /* Main.storyboard */ = {
			isa = PBXVariantGroup;
			children = (
				DCC246EC227A2F52001F4FBC /* Base */,
			);
			name = Main.storyboard;
			sourceTree = "<group>";
		};
		DCC246F0227A2F53001F4FBC /* LaunchScreen.storyboard */ = {
			isa = PBXVariantGroup;
			children = (
				DCC246F1227A2F53001F4FBC /* Base */,
			);
			name = LaunchScreen.storyboard;
			sourceTree = "<group>";
		};
/* End PBXVariantGroup section */

/* Begin XCBuildConfiguration section */
		DCC246F4227A2F53001F4FBC /* Debug */ = {
			isa = XCBuildConfiguration;
			buildSettings = {
				ALWAYS_SEARCH_USER_PATHS = NO;
				CLANG_ANALYZER_NONNULL = YES;
				CLANG_ANALYZER_NUMBER_OBJECT_CONVERSION = YES_AGGRESSIVE;
				CLANG_CXX_LANGUAGE_STANDARD = "gnu++14";
				CLANG_CXX_LIBRARY = "libc++";
				CLANG_ENABLE_MODULES = YES;
				CLANG_ENABLE_OBJC_ARC = YES;
				CLANG_ENABLE_OBJC_WEAK = YES;
				CLANG_WARN_BLOCK_CAPTURE_AUTORELEASING = YES;
				CLANG_WARN_BOOL_CONVERSION = YES;
				CLANG_WARN_COMMA = YES;
				CLANG_WARN_CONSTANT_CONVERSION = YES;
				CLANG_WARN_DEPRECATED_OBJC_IMPLEMENTATIONS = YES;
				CLANG_WARN_DIRECT_OBJC_ISA_USAGE = YES_ERROR;
				CLANG_WARN_DOCUMENTATION_COMMENTS = YES;
				CLANG_WARN_EMPTY_BODY = YES;
				CLANG_WARN_ENUM_CONVERSION = YES;
				CLANG_WARN_INFINITE_RECURSION = YES;
				CLANG_WARN_INT_CONVERSION = YES;
				CLANG_WARN_NON_LITERAL_NULL_CONVERSION = YES;
				CLANG_WARN_OBJC_IMPLICIT_RETAIN_SELF = YES;
				CLANG_WARN_OBJC_LITERAL_CONVERSION = YES;
				CLANG_WARN_OBJC_ROOT_CLASS = YES_ERROR;
				CLANG_WARN_RANGE_LOOP_ANALYSIS = YES;
				CLANG_WARN_STRICT_PROTOTYPES = YES;
				CLANG_WARN_SUSPICIOUS_MOVE = YES;
				CLANG_WARN_UNGUARDED_AVAILABILITY = YES_AGGRESSIVE;
				CLANG_WARN_UNREACHABLE_CODE = YES;
				CLANG_WARN__DUPLICATE_METHOD_MATCH = YES;
				CODE_SIGN_IDENTITY = "iPhone Developer";
				COPY_PHASE_STRIP = NO;
				DEBUG_INFORMATION_FORMAT = dwarf;
				ENABLE_STRICT_OBJC_MSGSEND = YES;
				ENABLE_TESTABILITY = YES;
				GCC_C_LANGUAGE_STANDARD = gnu11;
				GCC_DYNAMIC_NO_PIC = NO;
				GCC_NO_COMMON_BLOCKS = YES;
				GCC_OPTIMIZATION_LEVEL = 0;
				GCC_PREPROCESSOR_DEFINITIONS = (
					"DEBUG=1",
					"$(inherited)",
				);
				GCC_WARN_64_TO_32_BIT_CONVERSION = YES;
				GCC_WARN_ABOUT_RETURN_TYPE = YES_ERROR;
				GCC_WARN_UNDECLARED_SELECTOR = YES;
				GCC_WARN_UNINITIALIZED_AUTOS = YES_AGGRESSIVE;
				GCC_WARN_UNUSED_FUNCTION = YES;
				GCC_WARN_UNUSED_VARIABLE = YES;
				IPHONEOS_DEPLOYMENT_TARGET = 12.2;
				MTL_ENABLE_DEBUG_INFO = INCLUDE_SOURCE;
				MTL_FAST_MATH = YES;
				ONLY_ACTIVE_ARCH = YES;
				SDKROOT = iphoneos;
				SWIFT_ACTIVE_COMPILATION_CONDITIONS = DEBUG;
				SWIFT_OPTIMIZATION_LEVEL = "-Onone";
			};
			name = Debug;
		};
		DCC246F5227A2F53001F4FBC /* Release */ = {
			isa = XCBuildConfiguration;
			buildSettings = {
				ALWAYS_SEARCH_USER_PATHS = NO;
				CLANG_ANALYZER_NONNULL = YES;
				CLANG_ANALYZER_NUMBER_OBJECT_CONVERSION = YES_AGGRESSIVE;
				CLANG_CXX_LANGUAGE_STANDARD = "gnu++14";
				CLANG_CXX_LIBRARY = "libc++";
				CLANG_ENABLE_MODULES = YES;
				CLANG_ENABLE_OBJC_ARC = YES;
				CLANG_ENABLE_OBJC_WEAK = YES;
				CLANG_WARN_BLOCK_CAPTURE_AUTORELEASING = YES;
				CLANG_WARN_BOOL_CONVERSION = YES;
				CLANG_WARN_COMMA = YES;
				CLANG_WARN_CONSTANT_CONVERSION = YES;
				CLANG_WARN_DEPRECATED_OBJC_IMPLEMENTATIONS = YES;
				CLANG_WARN_DIRECT_OBJC_ISA_USAGE = YES_ERROR;
				CLANG_WARN_DOCUMENTATION_COMMENTS = YES;
				CLANG_WARN_EMPTY_BODY = YES;
				CLANG_WARN_ENUM_CONVERSION = YES;
				CLANG_WARN_INFINITE_RECURSION = YES;
				CLANG_WARN_INT_CONVERSION = YES;
				CLANG_WARN_NON_LITERAL_NULL_CONVERSION = YES;
				CLANG_WARN_OBJC_IMPLICIT_RETAIN_SELF = YES;
				CLANG_WARN_OBJC_LITERAL_CONVERSION = YES;
				CLANG_WARN_OBJC_ROOT_CLASS = YES_ERROR;
				CLANG_WARN_RANGE_LOOP_ANALYSIS = YES;
				CLANG_WARN_STRICT_PROTOTYPES = YES;
				CLANG_WARN_SUSPICIOUS_MOVE = YES;
				CLANG_WARN_UNGUARDED_AVAILABILITY = YES_AGGRESSIVE;
				CLANG_WARN_UNREACHABLE_CODE = YES;
				CLANG_WARN__DUPLICATE_METHOD_MATCH = YES;
				CODE_SIGN_IDENTITY = "iPhone Developer";
				COPY_PHASE_STRIP = NO;
				DEBUG_INFORMATION_FORMAT = "dwarf-with-dsym";
				ENABLE_NS_ASSERTIONS = NO;
				ENABLE_STRICT_OBJC_MSGSEND = YES;
				GCC_C_LANGUAGE_STANDARD = gnu11;
				GCC_NO_COMMON_BLOCKS = YES;
				GCC_WARN_64_TO_32_BIT_CONVERSION = YES;
				GCC_WARN_ABOUT_RETURN_TYPE = YES_ERROR;
				GCC_WARN_UNDECLARED_SELECTOR = YES;
				GCC_WARN_UNINITIALIZED_AUTOS = YES_AGGRESSIVE;
				GCC_WARN_UNUSED_FUNCTION = YES;
				GCC_WARN_UNUSED_VARIABLE = YES;
				IPHONEOS_DEPLOYMENT_TARGET = 12.2;
				MTL_ENABLE_DEBUG_INFO = NO;
				MTL_FAST_MATH = YES;
				SDKROOT = iphoneos;
				SWIFT_COMPILATION_MODE = wholemodule;
				SWIFT_OPTIMIZATION_LEVEL = "-O";
				VALIDATE_PRODUCT = YES;
			};
			name = Release;
		};
		DCC246F7227A2F53001F4FBC /* Debug */ = {
			isa = XCBuildConfiguration;
			buildSettings = {
				ASSETCATALOG_COMPILER_APPICON_NAME = AppIcon;
				CODE_SIGN_STYLE = Automatic;
				DEVELOPMENT_TEAM = 33563G52JT;
				INFOPLIST_FILE = "Pachinko(11)/Info.plist";
				LD_RUNPATH_SEARCH_PATHS = (
					"$(inherited)",
					"@executable_path/Frameworks",
				);
				PRODUCT_BUNDLE_IDENTIFIER = "com.icedoutxcv.Pachinko-11-";
				PRODUCT_NAME = "$(TARGET_NAME)";
				SWIFT_VERSION = 5.0;
				TARGETED_DEVICE_FAMILY = "1,2";
			};
			name = Debug;
		};
		DCC246F8227A2F53001F4FBC /* Release */ = {
			isa = XCBuildConfiguration;
			buildSettings = {
				ASSETCATALOG_COMPILER_APPICON_NAME = AppIcon;
				CODE_SIGN_STYLE = Automatic;
				DEVELOPMENT_TEAM = 33563G52JT;
				INFOPLIST_FILE = "Pachinko(11)/Info.plist";
				LD_RUNPATH_SEARCH_PATHS = (
					"$(inherited)",
					"@executable_path/Frameworks",
				);
				PRODUCT_BUNDLE_IDENTIFIER = "com.icedoutxcv.Pachinko-11-";
				PRODUCT_NAME = "$(TARGET_NAME)";
				SWIFT_VERSION = 5.0;
				TARGETED_DEVICE_FAMILY = "1,2";
			};
			name = Release;
		};
/* End XCBuildConfiguration section */

/* Begin XCConfigurationList section */
		DCC246D9227A2F52001F4FBC /* Build configuration list for PBXProject "Pachinko(11)" */ = {
			isa = XCConfigurationList;
			buildConfigurations = (
				DCC246F4227A2F53001F4FBC /* Debug */,
				DCC246F5227A2F53001F4FBC /* Release */,
			);
			defaultConfigurationIsVisible = 0;
			defaultConfigurationName = Release;
		};
		DCC246F6227A2F53001F4FBC /* Build configuration list for PBXNativeTarget "Pachinko(11)" */ = {
			isa = XCConfigurationList;
			buildConfigurations = (
				DCC246F7227A2F53001F4FBC /* Debug */,
				DCC246F8227A2F53001F4FBC /* Release */,
			);
			defaultConfigurationIsVisible = 0;
			defaultConfigurationName = Release;
		};
/* End XCConfigurationList section */
	};
	rootObject = DCC246D6227A2F52001F4FBC /* Project object */;
}
