// !$*UTF8*$!
{
	archiveVersion = 1;
	classes = {
	};
	objectVersion = 50;
	objects = {

/* Begin PBXBuildFile section */
		CD141EA623FDC33400F9E0E2 /* AppDelegate.swift in Sources */ = {isa = PBXBuildFile; fileRef = CD141EA523FDC33400F9E0E2 /* AppDelegate.swift */; };
		CD141EA823FDC33400F9E0E2 /* SceneDelegate.swift in Sources */ = {isa = PBXBuildFile; fileRef = CD141EA723FDC33400F9E0E2 /* SceneDelegate.swift */; };
		CD141EAA23FDC33400F9E0E2 /* ViewController.swift in Sources */ = {isa = PBXBuildFile; fileRef = CD141EA923FDC33400F9E0E2 /* ViewController.swift */; };
		CD141EAD23FDC33400F9E0E2 /* Main.storyboard in Resources */ = {isa = PBXBuildFile; fileRef = CD141EAB23FDC33400F9E0E2 /* Main.storyboard */; };
		CD141EAF23FDC33500F9E0E2 /* Assets.xcassets in Resources */ = {isa = PBXBuildFile; fileRef = CD141EAE23FDC33500F9E0E2 /* Assets.xcassets */; };
		CD141EB223FDC33500F9E0E2 /* LaunchScreen.storyboard in Resources */ = {isa = PBXBuildFile; fileRef = CD141EB023FDC33500F9E0E2 /* LaunchScreen.storyboard */; };
/* End PBXBuildFile section */

/* Begin PBXFileReference section */
		CD141EA223FDC33400F9E0E2 /* Project31-Multibrowser.app */ = {isa = PBXFileReference; explicitFileType = wrapper.application; includeInIndex = 0; path = "Project31-Multibrowser.app"; sourceTree = BUILT_PRODUCTS_DIR; };
		CD141EA523FDC33400F9E0E2 /* AppDelegate.swift */ = {isa = PBXFileReference; lastKnownFileType = sourcecode.swift; path = AppDelegate.swift; sourceTree = "<group>"; };
		CD141EA723FDC33400F9E0E2 /* SceneDelegate.swift */ = {isa = PBXFileReference; lastKnownFileType = sourcecode.swift; path = SceneDelegate.swift; sourceTree = "<group>"; };
		CD141EA923FDC33400F9E0E2 /* ViewController.swift */ = {isa = PBXFileReference; lastKnownFileType = sourcecode.swift; path = ViewController.swift; sourceTree = "<group>"; };
		CD141EAC23FDC33400F9E0E2 /* Base */ = {isa = PBXFileReference; lastKnownFileType = file.storyboard; name = Base; path = Base.lproj/Main.storyboard; sourceTree = "<group>"; };
		CD141EAE23FDC33500F9E0E2 /* Assets.xcassets */ = {isa = PBXFileReference; lastKnownFileType = folder.assetcatalog; path = Assets.xcassets; sourceTree = "<group>"; };
		CD141EB123FDC33500F9E0E2 /* Base */ = {isa = PBXFileReference; lastKnownFileType = file.storyboard; name = Base; path = Base.lproj/LaunchScreen.storyboard; sourceTree = "<group>"; };
		CD141EB323FDC33500F9E0E2 /* Info.plist */ = {isa = PBXFileReference; lastKnownFileType = text.plist.xml; path = Info.plist; sourceTree = "<group>"; };
/* End PBXFileReference section */

/* Begin PBXFrameworksBuildPhase section */
		CD141E9F23FDC33400F9E0E2 /* Frameworks */ = {
			isa = PBXFrameworksBuildPhase;
			buildActionMask = 2147483647;
			files = (
			);
			runOnlyForDeploymentPostprocessing = 0;
		};
/* End PBXFrameworksBuildPhase section */

/* Begin PBXGroup section */
		CD141E9923FDC33400F9E0E2 = {
			isa = PBXGroup;
			children = (
				CD141EA423FDC33400F9E0E2 /* Project31-Multibrowser */,
				CD141EA323FDC33400F9E0E2 /* Products */,
			);
			sourceTree = "<group>";
		};
		CD141EA323FDC33400F9E0E2 /* Products */ = {
			isa = PBXGroup;
			children = (
				CD141EA223FDC33400F9E0E2 /* Project31-Multibrowser.app */,
			);
			name = Products;
			sourceTree = "<group>";
		};
		CD141EA423FDC33400F9E0E2 /* Project31-Multibrowser */ = {
			isa = PBXGroup;
			children = (
				CD141EA523FDC33400F9E0E2 /* AppDelegate.swift */,
				CD141EA723FDC33400F9E0E2 /* SceneDelegate.swift */,
				CD141EA923FDC33400F9E0E2 /* ViewController.swift */,
				CD141EAB23FDC33400F9E0E2 /* Main.storyboard */,
				CD141EAE23FDC33500F9E0E2 /* Assets.xcassets */,
				CD141EB023FDC33500F9E0E2 /* LaunchScreen.storyboard */,
				CD141EB323FDC33500F9E0E2 /* Info.plist */,
			);
			path = "Project31-Multibrowser";
			sourceTree = "<group>";
		};
/* End PBXGroup section */

/* Begin PBXNativeTarget section */
		CD141EA123FDC33400F9E0E2 /* Project31-Multibrowser */ = {
			isa = PBXNativeTarget;
			buildConfigurationList = CD141EB623FDC33500F9E0E2 /* Build configuration list for PBXNativeTarget "Project31-Multibrowser" */;
			buildPhases = (
				CD141E9E23FDC33400F9E0E2 /* Sources */,
				CD141E9F23FDC33400F9E0E2 /* Frameworks */,
				CD141EA023FDC33400F9E0E2 /* Resources */,
			);
			buildRules = (
			);
			dependencies = (
			);
			name = "Project31-Multibrowser";
			productName = "Project31-Multibrowser";
			productReference = CD141EA223FDC33400F9E0E2 /* Project31-Multibrowser.app */;
			productType = "com.apple.product-type.application";
		};
/* End PBXNativeTarget section */

/* Begin PBXProject section */
		CD141E9A23FDC33400F9E0E2 /* Project object */ = {
			isa = PBXProject;
			attributes = {
				LastSwiftUpdateCheck = 1130;
				LastUpgradeCheck = 1130;
				ORGANIZATIONNAME = icedoutxcv;
				TargetAttributes = {
					CD141EA123FDC33400F9E0E2 = {
						CreatedOnToolsVersion = 11.3.1;
					};
				};
			};
			buildConfigurationList = CD141E9D23FDC33400F9E0E2 /* Build configuration list for PBXProject "Project31-Multibrowser" */;
			compatibilityVersion = "Xcode 9.3";
			developmentRegion = en;
			hasScannedForEncodings = 0;
			knownRegions = (
				en,
				Base,
			);
			mainGroup = CD141E9923FDC33400F9E0E2;
			productRefGroup = CD141EA323FDC33400F9E0E2 /* Products */;
			projectDirPath = "";
			projectRoot = "";
			targets = (
				CD141EA123FDC33400F9E0E2 /* Project31-Multibrowser */,
			);
		};
/* End PBXProject section */

/* Begin PBXResourcesBuildPhase section */
		CD141EA023FDC33400F9E0E2 /* Resources */ = {
			isa = PBXResourcesBuildPhase;
			buildActionMask = 2147483647;
			files = (
				CD141EB223FDC33500F9E0E2 /* LaunchScreen.storyboard in Resources */,
				CD141EAF23FDC33500F9E0E2 /* Assets.xcassets in Resources */,
				CD141EAD23FDC33400F9E0E2 /* Main.storyboard in Resources */,
			);
			runOnlyForDeploymentPostprocessing = 0;
		};
/* End PBXResourcesBuildPhase section */

/* Begin PBXSourcesBuildPhase section */
		CD141E9E23FDC33400F9E0E2 /* Sources */ = {
			isa = PBXSourcesBuildPhase;
			buildActionMask = 2147483647;
			files = (
				CD141EAA23FDC33400F9E0E2 /* ViewController.swift in Sources */,
				CD141EA623FDC33400F9E0E2 /* AppDelegate.swift in Sources */,
				CD141EA823FDC33400F9E0E2 /* SceneDelegate.swift in Sources */,
			);
			runOnlyForDeploymentPostprocessing = 0;
		};
/* End PBXSourcesBuildPhase section */

/* Begin PBXVariantGroup section */
		CD141EAB23FDC33400F9E0E2 /* Main.storyboard */ = {
			isa = PBXVariantGroup;
			children = (
				CD141EAC23FDC33400F9E0E2 /* Base */,
			);
			name = Main.storyboard;
			sourceTree = "<group>";
		};
		CD141EB023FDC33500F9E0E2 /* LaunchScreen.storyboard */ = {
			isa = PBXVariantGroup;
			children = (
				CD141EB123FDC33500F9E0E2 /* Base */,
			);
			name = LaunchScreen.storyboard;
			sourceTree = "<group>";
		};
/* End PBXVariantGroup section */

/* Begin XCBuildConfiguration section */
		CD141EB423FDC33500F9E0E2 /* Debug */ = {
			isa = XCBuildConfiguration;
			buildSettings = {
				ALWAYS_SEARCH_USER_PATHS = NO;
				CLANG_ANALYZER_NONNULL = YES;
				CLANG_ANALYZER_NUMBER_OBJECT_CONVERSION = YES_AGGRESSIVE;
				CLANG_CXX_LANGUAGE_STANDARD = "gnu++14";
				CLANG_CXX_LIBRARY = "libc++";
				CLANG_ENABLE_MODULES = YES;
				CLANG_ENABLE_OBJC_ARC = YES;
				CLANG_ENABLE_OBJC_WEAK = YES;
				CLANG_WARN_BLOCK_CAPTURE_AUTORELEASING = YES;
				CLANG_WARN_BOOL_CONVERSION = YES;
				CLANG_WARN_COMMA = YES;
				CLANG_WARN_CONSTANT_CONVERSION = YES;
				CLANG_WARN_DEPRECATED_OBJC_IMPLEMENTATIONS = YES;
				CLANG_WARN_DIRECT_OBJC_ISA_USAGE = YES_ERROR;
				CLANG_WARN_DOCUMENTATION_COMMENTS = YES;
				CLANG_WARN_EMPTY_BODY = YES;
				CLANG_WARN_ENUM_CONVERSION = YES;
				CLANG_WARN_INFINITE_RECURSION = YES;
				CLANG_WARN_INT_CONVERSION = YES;
				CLANG_WARN_NON_LITERAL_NULL_CONVERSION = YES;
				CLANG_WARN_OBJC_IMPLICIT_RETAIN_SELF = YES;
				CLANG_WARN_OBJC_LITERAL_CONVERSION = YES;
				CLANG_WARN_OBJC_ROOT_CLASS = YES_ERROR;
				CLANG_WARN_RANGE_LOOP_ANALYSIS = YES;
				CLANG_WARN_STRICT_PROTOTYPES = YES;
				CLANG_WARN_SUSPICIOUS_MOVE = YES;
				CLANG_WARN_UNGUARDED_AVAILABILITY = YES_AGGRESSIVE;
				CLANG_WARN_UNREACHABLE_CODE = YES;
				CLANG_WARN__DUPLICATE_METHOD_MATCH = YES;
				COPY_PHASE_STRIP = NO;
				DEBUG_INFORMATION_FORMAT = dwarf;
				ENABLE_STRICT_OBJC_MSGSEND = YES;
				ENABLE_TESTABILITY = YES;
				GCC_C_LANGUAGE_STANDARD = gnu11;
				GCC_DYNAMIC_NO_PIC = NO;
				GCC_NO_COMMON_BLOCKS = YES;
				GCC_OPTIMIZATION_LEVEL = 0;
				GCC_PREPROCESSOR_DEFINITIONS = (
					"DEBUG=1",
					"$(inherited)",
				);
				GCC_WARN_64_TO_32_BIT_CONVERSION = YES;
				GCC_WARN_ABOUT_RETURN_TYPE = YES_ERROR;
				GCC_WARN_UNDECLARED_SELECTOR = YES;
				GCC_WARN_UNINITIALIZED_AUTOS = YES_AGGRESSIVE;
				GCC_WARN_UNUSED_FUNCTION = YES;
				GCC_WARN_UNUSED_VARIABLE = YES;
				IPHONEOS_DEPLOYMENT_TARGET = 13.2;
				MTL_ENABLE_DEBUG_INFO = INCLUDE_SOURCE;
				MTL_FAST_MATH = YES;
				ONLY_ACTIVE_ARCH = YES;
				SDKROOT = iphoneos;
				SWIFT_ACTIVE_COMPILATION_CONDITIONS = DEBUG;
				SWIFT_OPTIMIZATION_LEVEL = "-Onone";
			};
			name = Debug;
		};
		CD141EB523FDC33500F9E0E2 /* Release */ = {
			isa = XCBuildConfiguration;
			buildSettings = {
				ALWAYS_SEARCH_USER_PATHS = NO;
				CLANG_ANALYZER_NONNULL = YES;
				CLANG_ANALYZER_NUMBER_OBJECT_CONVERSION = YES_AGGRESSIVE;
				CLANG_CXX_LANGUAGE_STANDARD = "gnu++14";
				CLANG_CXX_LIBRARY = "libc++";
				CLANG_ENABLE_MODULES = YES;
				CLANG_ENABLE_OBJC_ARC = YES;
				CLANG_ENABLE_OBJC_WEAK = YES;
				CLANG_WARN_BLOCK_CAPTURE_AUTORELEASING = YES;
				CLANG_WARN_BOOL_CONVERSION = YES;
				CLANG_WARN_COMMA = YES;
				CLANG_WARN_CONSTANT_CONVERSION = YES;
				CLANG_WARN_DEPRECATED_OBJC_IMPLEMENTATIONS = YES;
				CLANG_WARN_DIRECT_OBJC_ISA_USAGE = YES_ERROR;
				CLANG_WARN_DOCUMENTATION_COMMENTS = YES;
				CLANG_WARN_EMPTY_BODY = YES;
				CLANG_WARN_ENUM_CONVERSION = YES;
				CLANG_WARN_INFINITE_RECURSION = YES;
				CLANG_WARN_INT_CONVERSION = YES;
				CLANG_WARN_NON_LITERAL_NULL_CONVERSION = YES;
				CLANG_WARN_OBJC_IMPLICIT_RETAIN_SELF = YES;
				CLANG_WARN_OBJC_LITERAL_CONVERSION = YES;
				CLANG_WARN_OBJC_ROOT_CLASS = YES_ERROR;
				CLANG_WARN_RANGE_LOOP_ANALYSIS = YES;
				CLANG_WARN_STRICT_PROTOTYPES = YES;
				CLANG_WARN_SUSPICIOUS_MOVE = YES;
				CLANG_WARN_UNGUARDED_AVAILABILITY = YES_AGGRESSIVE;
				CLANG_WARN_UNREACHABLE_CODE = YES;
				CLANG_WARN__DUPLICATE_METHOD_MATCH = YES;
				COPY_PHASE_STRIP = NO;
				DEBUG_INFORMATION_FORMAT = "dwarf-with-dsym";
				ENABLE_NS_ASSERTIONS = NO;
				ENABLE_STRICT_OBJC_MSGSEND = YES;
				GCC_C_LANGUAGE_STANDARD = gnu11;
				GCC_NO_COMMON_BLOCKS = YES;
				GCC_WARN_64_TO_32_BIT_CONVERSION = YES;
				GCC_WARN_ABOUT_RETURN_TYPE = YES_ERROR;
				GCC_WARN_UNDECLARED_SELECTOR = YES;
				GCC_WARN_UNINITIALIZED_AUTOS = YES_AGGRESSIVE;
				GCC_WARN_UNUSED_FUNCTION = YES;
				GCC_WARN_UNUSED_VARIABLE = YES;
				IPHONEOS_DEPLOYMENT_TARGET = 13.2;
				MTL_ENABLE_DEBUG_INFO = NO;
				MTL_FAST_MATH = YES;
				SDKROOT = iphoneos;
				SWIFT_COMPILATION_MODE = wholemodule;
				SWIFT_OPTIMIZATION_LEVEL = "-O";
				VALIDATE_PRODUCT = YES;
			};
			name = Release;
		};
		CD141EB723FDC33500F9E0E2 /* Debug */ = {
			isa = XCBuildConfiguration;
			buildSettings = {
				ASSETCATALOG_COMPILER_APPICON_NAME = AppIcon;
				CODE_SIGN_STYLE = Automatic;
				DEVELOPMENT_TEAM = NU3T85F468;
				INFOPLIST_FILE = "Project31-Multibrowser/Info.plist";
				LD_RUNPATH_SEARCH_PATHS = (
					"$(inherited)",
					"@executable_path/Frameworks",
				);
				PRODUCT_BUNDLE_IDENTIFIER = "com.icedoutxcv.Project31-Multibrowser";
				PRODUCT_NAME = "$(TARGET_NAME)";
				SWIFT_VERSION = 5.0;
				TARGETED_DEVICE_FAMILY = 2;
			};
			name = Debug;
		};
		CD141EB823FDC33500F9E0E2 /* Release */ = {
			isa = XCBuildConfiguration;
			buildSettings = {
				ASSETCATALOG_COMPILER_APPICON_NAME = AppIcon;
				CODE_SIGN_STYLE = Automatic;
				DEVELOPMENT_TEAM = NU3T85F468;
				INFOPLIST_FILE = "Project31-Multibrowser/Info.plist";
				LD_RUNPATH_SEARCH_PATHS = (
					"$(inherited)",
					"@executable_path/Frameworks",
				);
				PRODUCT_BUNDLE_IDENTIFIER = "com.icedoutxcv.Project31-Multibrowser";
				PRODUCT_NAME = "$(TARGET_NAME)";
				SWIFT_VERSION = 5.0;
				TARGETED_DEVICE_FAMILY = 2;
			};
			name = Release;
		};
/* End XCBuildConfiguration section */

/* Begin XCConfigurationList section */
		CD141E9D23FDC33400F9E0E2 /* Build configuration list for PBXProject "Project31-Multibrowser" */ = {
			isa = XCConfigurationList;
			buildConfigurations = (
				CD141EB423FDC33500F9E0E2 /* Debug */,
				CD141EB523FDC33500F9E0E2 /* Release */,
			);
			defaultConfigurationIsVisible = 0;
			defaultConfigurationName = Release;
		};
		CD141EB623FDC33500F9E0E2 /* Build configuration list for PBXNativeTarget "Project31-Multibrowser" */ = {
			isa = XCConfigurationList;
			buildConfigurations = (
				CD141EB723FDC33500F9E0E2 /* Debug */,
				CD141EB823FDC33500F9E0E2 /* Release */,
			);
			defaultConfigurationIsVisible = 0;
			defaultConfigurationName = Release;
		};
/* End XCConfigurationList section */
	};
	rootObject = CD141E9A23FDC33400F9E0E2 /* Project object */;
}
