// !$*UTF8*$!
{
	archiveVersion = 1;
	classes = {
	};
	objectVersion = 50;
	objects = {

/* Begin PBXBuildFile section */
		CD060080223EF21100E39D8F /* AppDelegate.swift in Sources */ = {isa = PBXBuildFile; fileRef = CD06007F223EF21100E39D8F /* AppDelegate.swift */; };
		CD060087223EF21300E39D8F /* Assets.xcassets in Resources */ = {isa = PBXBuildFile; fileRef = CD060086223EF21300E39D8F /* Assets.xcassets */; };
		CD06008A223EF21300E39D8F /* LaunchScreen.storyboard in Resources */ = {isa = PBXBuildFile; fileRef = CD060088223EF21300E39D8F /* LaunchScreen.storyboard */; };
		CD060094223EF23B00E39D8F /* Main.storyboard in Resources */ = {isa = PBXBuildFile; fileRef = CD060092223EF23B00E39D8F /* Main.storyboard */; };
		CD060098223EFB1100E39D8F /* ViewController.swift in Sources */ = {isa = PBXBuildFile; fileRef = CD060097223EFB1100E39D8F /* ViewController.swift */; };
		CD1C074A2246892A001E2BEC /* WebsitesViewController.swift in Sources */ = {isa = PBXBuildFile; fileRef = CD1C07492246892A001E2BEC /* WebsitesViewController.swift */; };
/* End PBXBuildFile section */

/* Begin PBXFileReference section */
		CD06007C223EF21100E39D8F /* Easy browser.app */ = {isa = PBXFileReference; explicitFileType = wrapper.application; includeInIndex = 0; path = "Easy browser.app"; sourceTree = BUILT_PRODUCTS_DIR; };
		CD06007F223EF21100E39D8F /* AppDelegate.swift */ = {isa = PBXFileReference; lastKnownFileType = sourcecode.swift; path = AppDelegate.swift; sourceTree = "<group>"; };
		CD060086223EF21300E39D8F /* Assets.xcassets */ = {isa = PBXFileReference; lastKnownFileType = folder.assetcatalog; path = Assets.xcassets; sourceTree = "<group>"; };
		CD060089223EF21300E39D8F /* Base */ = {isa = PBXFileReference; lastKnownFileType = file.storyboard; name = Base; path = Base.lproj/LaunchScreen.storyboard; sourceTree = "<group>"; };
		CD06008B223EF21300E39D8F /* Info.plist */ = {isa = PBXFileReference; lastKnownFileType = text.plist.xml; path = Info.plist; sourceTree = "<group>"; };
		CD060092223EF23B00E39D8F /* Main.storyboard */ = {isa = PBXFileReference; fileEncoding = 4; lastKnownFileType = file.storyboard; path = Main.storyboard; sourceTree = "<group>"; };
		CD060097223EFB1100E39D8F /* ViewController.swift */ = {isa = PBXFileReference; fileEncoding = 4; lastKnownFileType = sourcecode.swift; path = ViewController.swift; sourceTree = "<group>"; };
		CD1C07492246892A001E2BEC /* WebsitesViewController.swift */ = {isa = PBXFileReference; lastKnownFileType = sourcecode.swift; path = WebsitesViewController.swift; sourceTree = "<group>"; };
/* End PBXFileReference section */

/* Begin PBXFrameworksBuildPhase section */
		CD060079223EF21100E39D8F /* Frameworks */ = {
			isa = PBXFrameworksBuildPhase;
			buildActionMask = 2147483647;
			files = (
			);
			runOnlyForDeploymentPostprocessing = 0;
		};
/* End PBXFrameworksBuildPhase section */

/* Begin PBXGroup section */
		CD060073223EF21100E39D8F = {
			isa = PBXGroup;
			children = (
				CD06007E223EF21100E39D8F /* Easy browser */,
				CD06007D223EF21100E39D8F /* Products */,
			);
			sourceTree = "<group>";
		};
		CD06007D223EF21100E39D8F /* Products */ = {
			isa = PBXGroup;
			children = (
				CD06007C223EF21100E39D8F /* Easy browser.app */,
			);
			name = Products;
			sourceTree = "<group>";
		};
		CD06007E223EF21100E39D8F /* Easy browser */ = {
			isa = PBXGroup;
			children = (
				CD060092223EF23B00E39D8F /* Main.storyboard */,
				CD060097223EFB1100E39D8F /* ViewController.swift */,
				CD1C07492246892A001E2BEC /* WebsitesViewController.swift */,
				CD06007F223EF21100E39D8F /* AppDelegate.swift */,
				CD060086223EF21300E39D8F /* Assets.xcassets */,
				CD060088223EF21300E39D8F /* LaunchScreen.storyboard */,
				CD06008B223EF21300E39D8F /* Info.plist */,
			);
			path = "Easy browser";
			sourceTree = "<group>";
		};
/* End PBXGroup section */

/* Begin PBXNativeTarget section */
		CD06007B223EF21100E39D8F /* Easy browser */ = {
			isa = PBXNativeTarget;
			buildConfigurationList = CD06008E223EF21300E39D8F /* Build configuration list for PBXNativeTarget "Easy browser" */;
			buildPhases = (
				CD060078223EF21100E39D8F /* Sources */,
				CD060079223EF21100E39D8F /* Frameworks */,
				CD06007A223EF21100E39D8F /* Resources */,
			);
			buildRules = (
			);
			dependencies = (
			);
			name = "Easy browser";
			productName = "Easy browser";
			productReference = CD06007C223EF21100E39D8F /* Easy browser.app */;
			productType = "com.apple.product-type.application";
		};
/* End PBXNativeTarget section */

/* Begin PBXProject section */
		CD060074223EF21100E39D8F /* Project object */ = {
			isa = PBXProject;
			attributes = {
				LastSwiftUpdateCheck = 1010;
				LastUpgradeCheck = 1010;
				ORGANIZATIONNAME = icedoutxcv;
				TargetAttributes = {
					CD06007B223EF21100E39D8F = {
						CreatedOnToolsVersion = 10.1;
					};
				};
			};
			buildConfigurationList = CD060077223EF21100E39D8F /* Build configuration list for PBXProject "Easy browser" */;
			compatibilityVersion = "Xcode 9.3";
			developmentRegion = en;
			hasScannedForEncodings = 0;
			knownRegions = (
				en,
				Base,
			);
			mainGroup = CD060073223EF21100E39D8F;
			productRefGroup = CD06007D223EF21100E39D8F /* Products */;
			projectDirPath = "";
			projectRoot = "";
			targets = (
				CD06007B223EF21100E39D8F /* Easy browser */,
			);
		};
/* End PBXProject section */

/* Begin PBXResourcesBuildPhase section */
		CD06007A223EF21100E39D8F /* Resources */ = {
			isa = PBXResourcesBuildPhase;
			buildActionMask = 2147483647;
			files = (
				CD06008A223EF21300E39D8F /* LaunchScreen.storyboard in Resources */,
				CD060087223EF21300E39D8F /* Assets.xcassets in Resources */,
				CD060094223EF23B00E39D8F /* Main.storyboard in Resources */,
			);
			runOnlyForDeploymentPostprocessing = 0;
		};
/* End PBXResourcesBuildPhase section */

/* Begin PBXSourcesBuildPhase section */
		CD060078223EF21100E39D8F /* Sources */ = {
			isa = PBXSourcesBuildPhase;
			buildActionMask = 2147483647;
			files = (
				CD060098223EFB1100E39D8F /* ViewController.swift in Sources */,
				CD060080223EF21100E39D8F /* AppDelegate.swift in Sources */,
				CD1C074A2246892A001E2BEC /* WebsitesViewController.swift in Sources */,
			);
			runOnlyForDeploymentPostprocessing = 0;
		};
/* End PBXSourcesBuildPhase section */

/* Begin PBXVariantGroup section */
		CD060088223EF21300E39D8F /* LaunchScreen.storyboard */ = {
			isa = PBXVariantGroup;
			children = (
				CD060089223EF21300E39D8F /* Base */,
			);
			name = LaunchScreen.storyboard;
			sourceTree = "<group>";
		};
/* End PBXVariantGroup section */

/* Begin XCBuildConfiguration section */
		CD06008C223EF21300E39D8F /* Debug */ = {
			isa = XCBuildConfiguration;
			buildSettings = {
				ALWAYS_SEARCH_USER_PATHS = NO;
				CLANG_ANALYZER_NONNULL = YES;
				CLANG_ANALYZER_NUMBER_OBJECT_CONVERSION = YES_AGGRESSIVE;
				CLANG_CXX_LANGUAGE_STANDARD = "gnu++14";
				CLANG_CXX_LIBRARY = "libc++";
				CLANG_ENABLE_MODULES = YES;
				CLANG_ENABLE_OBJC_ARC = YES;
				CLANG_ENABLE_OBJC_WEAK = YES;
				CLANG_WARN_BLOCK_CAPTURE_AUTORELEASING = YES;
				CLANG_WARN_BOOL_CONVERSION = YES;
				CLANG_WARN_COMMA = YES;
				CLANG_WARN_CONSTANT_CONVERSION = YES;
				CLANG_WARN_DEPRECATED_OBJC_IMPLEMENTATIONS = YES;
				CLANG_WARN_DIRECT_OBJC_ISA_USAGE = YES_ERROR;
				CLANG_WARN_DOCUMENTATION_COMMENTS = YES;
				CLANG_WARN_EMPTY_BODY = YES;
				CLANG_WARN_ENUM_CONVERSION = YES;
				CLANG_WARN_INFINITE_RECURSION = YES;
				CLANG_WARN_INT_CONVERSION = YES;
				CLANG_WARN_NON_LITERAL_NULL_CONVERSION = YES;
				CLANG_WARN_OBJC_IMPLICIT_RETAIN_SELF = YES;
				CLANG_WARN_OBJC_LITERAL_CONVERSION = YES;
				CLANG_WARN_OBJC_ROOT_CLASS = YES_ERROR;
				CLANG_WARN_RANGE_LOOP_ANALYSIS = YES;
				CLANG_WARN_STRICT_PROTOTYPES = YES;
				CLANG_WARN_SUSPICIOUS_MOVE = YES;
				CLANG_WARN_UNGUARDED_AVAILABILITY = YES_AGGRESSIVE;
				CLANG_WARN_UNREACHABLE_CODE = YES;
				CLANG_WARN__DUPLICATE_METHOD_MATCH = YES;
				CODE_SIGN_IDENTITY = "iPhone Developer";
				COPY_PHASE_STRIP = NO;
				DEBUG_INFORMATION_FORMAT = dwarf;
				ENABLE_STRICT_OBJC_MSGSEND = YES;
				ENABLE_TESTABILITY = YES;
				GCC_C_LANGUAGE_STANDARD = gnu11;
				GCC_DYNAMIC_NO_PIC = NO;
				GCC_NO_COMMON_BLOCKS = YES;
				GCC_OPTIMIZATION_LEVEL = 0;
				GCC_PREPROCESSOR_DEFINITIONS = (
					"DEBUG=1",
					"$(inherited)",
				);
				GCC_WARN_64_TO_32_BIT_CONVERSION = YES;
				GCC_WARN_ABOUT_RETURN_TYPE = YES_ERROR;
				GCC_WARN_UNDECLARED_SELECTOR = YES;
				GCC_WARN_UNINITIALIZED_AUTOS = YES_AGGRESSIVE;
				GCC_WARN_UNUSED_FUNCTION = YES;
				GCC_WARN_UNUSED_VARIABLE = YES;
				IPHONEOS_DEPLOYMENT_TARGET = 12.1;
				MTL_ENABLE_DEBUG_INFO = INCLUDE_SOURCE;
				MTL_FAST_MATH = YES;
				ONLY_ACTIVE_ARCH = YES;
				SDKROOT = iphoneos;
				SWIFT_ACTIVE_COMPILATION_CONDITIONS = DEBUG;
				SWIFT_OPTIMIZATION_LEVEL = "-Onone";
			};
			name = Debug;
		};
		CD06008D223EF21300E39D8F /* Release */ = {
			isa = XCBuildConfiguration;
			buildSettings = {
				ALWAYS_SEARCH_USER_PATHS = NO;
				CLANG_ANALYZER_NONNULL = YES;
				CLANG_ANALYZER_NUMBER_OBJECT_CONVERSION = YES_AGGRESSIVE;
				CLANG_CXX_LANGUAGE_STANDARD = "gnu++14";
				CLANG_CXX_LIBRARY = "libc++";
				CLANG_ENABLE_MODULES = YES;
				CLANG_ENABLE_OBJC_ARC = YES;
				CLANG_ENABLE_OBJC_WEAK = YES;
				CLANG_WARN_BLOCK_CAPTURE_AUTORELEASING = YES;
				CLANG_WARN_BOOL_CONVERSION = YES;
				CLANG_WARN_COMMA = YES;
				CLANG_WARN_CONSTANT_CONVERSION = YES;
				CLANG_WARN_DEPRECATED_OBJC_IMPLEMENTATIONS = YES;
				CLANG_WARN_DIRECT_OBJC_ISA_USAGE = YES_ERROR;
				CLANG_WARN_DOCUMENTATION_COMMENTS = YES;
				CLANG_WARN_EMPTY_BODY = YES;
				CLANG_WARN_ENUM_CONVERSION = YES;
				CLANG_WARN_INFINITE_RECURSION = YES;
				CLANG_WARN_INT_CONVERSION = YES;
				CLANG_WARN_NON_LITERAL_NULL_CONVERSION = YES;
				CLANG_WARN_OBJC_IMPLICIT_RETAIN_SELF = YES;
				CLANG_WARN_OBJC_LITERAL_CONVERSION = YES;
				CLANG_WARN_OBJC_ROOT_CLASS = YES_ERROR;
				CLANG_WARN_RANGE_LOOP_ANALYSIS = YES;
				CLANG_WARN_STRICT_PROTOTYPES = YES;
				CLANG_WARN_SUSPICIOUS_MOVE = YES;
				CLANG_WARN_UNGUARDED_AVAILABILITY = YES_AGGRESSIVE;
				CLANG_WARN_UNREACHABLE_CODE = YES;
				CLANG_WARN__DUPLICATE_METHOD_MATCH = YES;
				CODE_SIGN_IDENTITY = "iPhone Developer";
				COPY_PHASE_STRIP = NO;
				DEBUG_INFORMATION_FORMAT = "dwarf-with-dsym";
				ENABLE_NS_ASSERTIONS = NO;
				ENABLE_STRICT_OBJC_MSGSEND = YES;
				GCC_C_LANGUAGE_STANDARD = gnu11;
				GCC_NO_COMMON_BLOCKS = YES;
				GCC_WARN_64_TO_32_BIT_CONVERSION = YES;
				GCC_WARN_ABOUT_RETURN_TYPE = YES_ERROR;
				GCC_WARN_UNDECLARED_SELECTOR = YES;
				GCC_WARN_UNINITIALIZED_AUTOS = YES_AGGRESSIVE;
				GCC_WARN_UNUSED_FUNCTION = YES;
				GCC_WARN_UNUSED_VARIABLE = YES;
				IPHONEOS_DEPLOYMENT_TARGET = 12.1;
				MTL_ENABLE_DEBUG_INFO = NO;
				MTL_FAST_MATH = YES;
				SDKROOT = iphoneos;
				SWIFT_COMPILATION_MODE = wholemodule;
				SWIFT_OPTIMIZATION_LEVEL = "-O";
				VALIDATE_PRODUCT = YES;
			};
			name = Release;
		};
		CD06008F223EF21300E39D8F /* Debug */ = {
			isa = XCBuildConfiguration;
			buildSettings = {
				ASSETCATALOG_COMPILER_APPICON_NAME = AppIcon;
				CODE_SIGN_STYLE = Automatic;
				DEVELOPMENT_TEAM = NU3T85F468;
				INFOPLIST_FILE = "Easy browser/Info.plist";
				LD_RUNPATH_SEARCH_PATHS = (
					"$(inherited)",
					"@executable_path/Frameworks",
				);
				PRODUCT_BUNDLE_IDENTIFIER = "com.icedoutxcv.Easy-browser";
				PRODUCT_NAME = "$(TARGET_NAME)";
				SWIFT_VERSION = 4.2;
				TARGETED_DEVICE_FAMILY = "1,2";
			};
			name = Debug;
		};
		CD060090223EF21300E39D8F /* Release */ = {
			isa = XCBuildConfiguration;
			buildSettings = {
				ASSETCATALOG_COMPILER_APPICON_NAME = AppIcon;
				CODE_SIGN_STYLE = Automatic;
				DEVELOPMENT_TEAM = NU3T85F468;
				INFOPLIST_FILE = "Easy browser/Info.plist";
				LD_RUNPATH_SEARCH_PATHS = (
					"$(inherited)",
					"@executable_path/Frameworks",
				);
				PRODUCT_BUNDLE_IDENTIFIER = "com.icedoutxcv.Easy-browser";
				PRODUCT_NAME = "$(TARGET_NAME)";
				SWIFT_VERSION = 4.2;
				TARGETED_DEVICE_FAMILY = "1,2";
			};
			name = Release;
		};
/* End XCBuildConfiguration section */

/* Begin XCConfigurationList section */
		CD060077223EF21100E39D8F /* Build configuration list for PBXProject "Easy browser" */ = {
			isa = XCConfigurationList;
			buildConfigurations = (
				CD06008C223EF21300E39D8F /* Debug */,
				CD06008D223EF21300E39D8F /* Release */,
			);
			defaultConfigurationIsVisible = 0;
			defaultConfigurationName = Release;
		};
		CD06008E223EF21300E39D8F /* Build configuration list for PBXNativeTarget "Easy browser" */ = {
			isa = XCConfigurationList;
			buildConfigurations = (
				CD06008F223EF21300E39D8F /* Debug */,
				CD060090223EF21300E39D8F /* Release */,
			);
			defaultConfigurationIsVisible = 0;
			defaultConfigurationName = Release;
		};
/* End XCConfigurationList section */
	};
	rootObject = CD060074223EF21100E39D8F /* Project object */;
}
