// !$*UTF8*$!
{
	archiveVersion = 1;
	classes = {
	};
	objectVersion = 50;
	objects = {

/* Begin PBXBuildFile section */
		CD977AFE23844BEB006138C5 /* swoosh2.caf in Resources */ = {isa = PBXBuildFile; fileRef = CD977AF323844BE9006138C5 /* swoosh2.caf */; };
		CD977AFF23844BEB006138C5 /* sliceBombFuse.caf in Resources */ = {isa = PBXBuildFile; fileRef = CD977AF423844BE9006138C5 /* sliceBombFuse.caf */; };
		CD977B0023844BEB006138C5 /* swoosh3.caf in Resources */ = {isa = PBXBuildFile; fileRef = CD977AF523844BE9006138C5 /* swoosh3.caf */; };
		CD977B0123844BEB006138C5 /* swoosh1.caf in Resources */ = {isa = PBXBuildFile; fileRef = CD977AF623844BE9006138C5 /* swoosh1.caf */; };
		CD977B0223844BEB006138C5 /* sliceHitBomb.sks in Resources */ = {isa = PBXBuildFile; fileRef = CD977AF723844BE9006138C5 /* sliceHitBomb.sks */; };
		CD977B0323844BEB006138C5 /* explosion.caf in Resources */ = {isa = PBXBuildFile; fileRef = CD977AF823844BEA006138C5 /* explosion.caf */; };
		CD977B0423844BEB006138C5 /* sliceHitEnemy.sks in Resources */ = {isa = PBXBuildFile; fileRef = CD977AF923844BEA006138C5 /* sliceHitEnemy.sks */; };
		CD977B0523844BEB006138C5 /* wrong.caf in Resources */ = {isa = PBXBuildFile; fileRef = CD977AFA23844BEA006138C5 /* wrong.caf */; };
		CD977B0623844BEB006138C5 /* launch.caf in Resources */ = {isa = PBXBuildFile; fileRef = CD977AFB23844BEA006138C5 /* launch.caf */; };
		CD977B0723844BEB006138C5 /* sliceFuse.sks in Resources */ = {isa = PBXBuildFile; fileRef = CD977AFC23844BEB006138C5 /* sliceFuse.sks */; };
		CD977B0823844BEB006138C5 /* whack.caf in Resources */ = {isa = PBXBuildFile; fileRef = CD977AFD23844BEB006138C5 /* whack.caf */; };
		CDBB5B3F2383E23C00BD25F8 /* AppDelegate.swift in Sources */ = {isa = PBXBuildFile; fileRef = CDBB5B3E2383E23C00BD25F8 /* AppDelegate.swift */; };
		CDBB5B452383E23C00BD25F8 /* GameScene.swift in Sources */ = {isa = PBXBuildFile; fileRef = CDBB5B442383E23C00BD25F8 /* GameScene.swift */; };
		CDBB5B472383E23C00BD25F8 /* GameViewController.swift in Sources */ = {isa = PBXBuildFile; fileRef = CDBB5B462383E23C00BD25F8 /* GameViewController.swift */; };
		CDBB5B4A2383E23C00BD25F8 /* Main.storyboard in Resources */ = {isa = PBXBuildFile; fileRef = CDBB5B482383E23C00BD25F8 /* Main.storyboard */; };
		CDBB5B4C2383E23D00BD25F8 /* Assets.xcassets in Resources */ = {isa = PBXBuildFile; fileRef = CDBB5B4B2383E23D00BD25F8 /* Assets.xcassets */; };
		CDBB5B4F2383E23D00BD25F8 /* LaunchScreen.storyboard in Resources */ = {isa = PBXBuildFile; fileRef = CDBB5B4D2383E23D00BD25F8 /* LaunchScreen.storyboard */; };
		CDBB5B572383E2AA00BD25F8 /* GameScene.sks in Resources */ = {isa = PBXBuildFile; fileRef = CDBB5B562383E2AA00BD25F8 /* GameScene.sks */; };
/* End PBXBuildFile section */

/* Begin PBXFileReference section */
		CD977AF323844BE9006138C5 /* swoosh2.caf */ = {isa = PBXFileReference; lastKnownFileType = file; path = swoosh2.caf; sourceTree = "<group>"; };
		CD977AF423844BE9006138C5 /* sliceBombFuse.caf */ = {isa = PBXFileReference; lastKnownFileType = file; name = sliceBombFuse.caf; path = "../../../../docs/hws - materials/Classic/project23-files/Content/sliceBombFuse.caf"; sourceTree = "<group>"; };
		CD977AF523844BE9006138C5 /* swoosh3.caf */ = {isa = PBXFileReference; lastKnownFileType = file; path = swoosh3.caf; sourceTree = "<group>"; };
		CD977AF623844BE9006138C5 /* swoosh1.caf */ = {isa = PBXFileReference; lastKnownFileType = file; path = swoosh1.caf; sourceTree = "<group>"; };
		CD977AF723844BE9006138C5 /* sliceHitBomb.sks */ = {isa = PBXFileReference; lastKnownFileType = file.sks; path = sliceHitBomb.sks; sourceTree = "<group>"; };
		CD977AF823844BEA006138C5 /* explosion.caf */ = {isa = PBXFileReference; lastKnownFileType = file; path = explosion.caf; sourceTree = "<group>"; };
		CD977AF923844BEA006138C5 /* sliceHitEnemy.sks */ = {isa = PBXFileReference; lastKnownFileType = file.sks; path = sliceHitEnemy.sks; sourceTree = "<group>"; };
		CD977AFA23844BEA006138C5 /* wrong.caf */ = {isa = PBXFileReference; lastKnownFileType = file; path = wrong.caf; sourceTree = "<group>"; };
		CD977AFB23844BEA006138C5 /* launch.caf */ = {isa = PBXFileReference; lastKnownFileType = file; path = launch.caf; sourceTree = "<group>"; };
		CD977AFC23844BEB006138C5 /* sliceFuse.sks */ = {isa = PBXFileReference; lastKnownFileType = file.sks; path = sliceFuse.sks; sourceTree = "<group>"; };
		CD977AFD23844BEB006138C5 /* whack.caf */ = {isa = PBXFileReference; lastKnownFileType = file; path = whack.caf; sourceTree = "<group>"; };
		CDBB5B3B2383E23C00BD25F8 /* Project23-SwiftyNinja.app */ = {isa = PBXFileReference; explicitFileType = wrapper.application; includeInIndex = 0; path = "Project23-SwiftyNinja.app"; sourceTree = BUILT_PRODUCTS_DIR; };
		CDBB5B3E2383E23C00BD25F8 /* AppDelegate.swift */ = {isa = PBXFileReference; lastKnownFileType = sourcecode.swift; path = AppDelegate.swift; sourceTree = "<group>"; };
		CDBB5B442383E23C00BD25F8 /* GameScene.swift */ = {isa = PBXFileReference; lastKnownFileType = sourcecode.swift; path = GameScene.swift; sourceTree = "<group>"; };
		CDBB5B462383E23C00BD25F8 /* GameViewController.swift */ = {isa = PBXFileReference; lastKnownFileType = sourcecode.swift; path = GameViewController.swift; sourceTree = "<group>"; };
		CDBB5B492383E23C00BD25F8 /* Base */ = {isa = PBXFileReference; lastKnownFileType = file.storyboard; name = Base; path = Base.lproj/Main.storyboard; sourceTree = "<group>"; };
		CDBB5B4B2383E23D00BD25F8 /* Assets.xcassets */ = {isa = PBXFileReference; lastKnownFileType = folder.assetcatalog; path = Assets.xcassets; sourceTree = "<group>"; };
		CDBB5B4E2383E23D00BD25F8 /* Base */ = {isa = PBXFileReference; lastKnownFileType = file.storyboard; name = Base; path = Base.lproj/LaunchScreen.storyboard; sourceTree = "<group>"; };
		CDBB5B502383E23D00BD25F8 /* Info.plist */ = {isa = PBXFileReference; lastKnownFileType = text.plist.xml; path = Info.plist; sourceTree = "<group>"; };
		CDBB5B562383E2AA00BD25F8 /* GameScene.sks */ = {isa = PBXFileReference; lastKnownFileType = file.sks; path = GameScene.sks; sourceTree = "<group>"; };
/* End PBXFileReference section */

/* Begin PBXFrameworksBuildPhase section */
		CDBB5B382383E23C00BD25F8 /* Frameworks */ = {
			isa = PBXFrameworksBuildPhase;
			buildActionMask = 2147483647;
			files = (
			);
			runOnlyForDeploymentPostprocessing = 0;
		};
/* End PBXFrameworksBuildPhase section */

/* Begin PBXGroup section */
		CDBB5B322383E23C00BD25F8 = {
			isa = PBXGroup;
			children = (
				CDBB5B3D2383E23C00BD25F8 /* Project23-SwiftyNinja */,
				CDBB5B3C2383E23C00BD25F8 /* Products */,
			);
			sourceTree = "<group>";
		};
		CDBB5B3C2383E23C00BD25F8 /* Products */ = {
			isa = PBXGroup;
			children = (
				CDBB5B3B2383E23C00BD25F8 /* Project23-SwiftyNinja.app */,
			);
			name = Products;
			sourceTree = "<group>";
		};
		CDBB5B3D2383E23C00BD25F8 /* Project23-SwiftyNinja */ = {
			isa = PBXGroup;
			children = (
				CDBB5B3E2383E23C00BD25F8 /* AppDelegate.swift */,
				CDBB5B442383E23C00BD25F8 /* GameScene.swift */,
				CDBB5B462383E23C00BD25F8 /* GameViewController.swift */,
				CDBB5B562383E2AA00BD25F8 /* GameScene.sks */,
				CDBB5B482383E23C00BD25F8 /* Main.storyboard */,
				CDBB5B4B2383E23D00BD25F8 /* Assets.xcassets */,
				CDBB5B4D2383E23D00BD25F8 /* LaunchScreen.storyboard */,
				CDBB5B502383E23D00BD25F8 /* Info.plist */,
				CD977AF823844BEA006138C5 /* explosion.caf */,
				CD977AFB23844BEA006138C5 /* launch.caf */,
				CD977AF423844BE9006138C5 /* sliceBombFuse.caf */,
				CD977AFC23844BEB006138C5 /* sliceFuse.sks */,
				CD977AF723844BE9006138C5 /* sliceHitBomb.sks */,
				CD977AF923844BEA006138C5 /* sliceHitEnemy.sks */,
				CD977AF623844BE9006138C5 /* swoosh1.caf */,
				CD977AF323844BE9006138C5 /* swoosh2.caf */,
				CD977AF523844BE9006138C5 /* swoosh3.caf */,
				CD977AFD23844BEB006138C5 /* whack.caf */,
				CD977AFA23844BEA006138C5 /* wrong.caf */,
			);
			path = "Project23-SwiftyNinja";
			sourceTree = "<group>";
		};
/* End PBXGroup section */

/* Begin PBXNativeTarget section */
		CDBB5B3A2383E23C00BD25F8 /* Project23-SwiftyNinja */ = {
			isa = PBXNativeTarget;
			buildConfigurationList = CDBB5B532383E23D00BD25F8 /* Build configuration list for PBXNativeTarget "Project23-SwiftyNinja" */;
			buildPhases = (
				CDBB5B372383E23C00BD25F8 /* Sources */,
				CDBB5B382383E23C00BD25F8 /* Frameworks */,
				CDBB5B392383E23C00BD25F8 /* Resources */,
			);
			buildRules = (
			);
			dependencies = (
			);
			name = "Project23-SwiftyNinja";
			productName = "Project23-SwiftyNinja";
			productReference = CDBB5B3B2383E23C00BD25F8 /* Project23-SwiftyNinja.app */;
			productType = "com.apple.product-type.application";
		};
/* End PBXNativeTarget section */

/* Begin PBXProject section */
		CDBB5B332383E23C00BD25F8 /* Project object */ = {
			isa = PBXProject;
			attributes = {
				LastSwiftUpdateCheck = 1120;
				LastUpgradeCheck = 1120;
				ORGANIZATIONNAME = "Kamil Bloch";
				TargetAttributes = {
					CDBB5B3A2383E23C00BD25F8 = {
						CreatedOnToolsVersion = 11.2.1;
					};
				};
			};
			buildConfigurationList = CDBB5B362383E23C00BD25F8 /* Build configuration list for PBXProject "Project23-SwiftyNinja" */;
			compatibilityVersion = "Xcode 9.3";
			developmentRegion = en;
			hasScannedForEncodings = 0;
			knownRegions = (
				en,
				Base,
			);
			mainGroup = CDBB5B322383E23C00BD25F8;
			productRefGroup = CDBB5B3C2383E23C00BD25F8 /* Products */;
			projectDirPath = "";
			projectRoot = "";
			targets = (
				CDBB5B3A2383E23C00BD25F8 /* Project23-SwiftyNinja */,
			);
		};
/* End PBXProject section */

/* Begin PBXResourcesBuildPhase section */
		CDBB5B392383E23C00BD25F8 /* Resources */ = {
			isa = PBXResourcesBuildPhase;
			buildActionMask = 2147483647;
			files = (
				CD977B0223844BEB006138C5 /* sliceHitBomb.sks in Resources */,
				CD977B0623844BEB006138C5 /* launch.caf in Resources */,
				CD977AFF23844BEB006138C5 /* sliceBombFuse.caf in Resources */,
				CD977B0323844BEB006138C5 /* explosion.caf in Resources */,
				CD977AFE23844BEB006138C5 /* swoosh2.caf in Resources */,
				CD977B0723844BEB006138C5 /* sliceFuse.sks in Resources */,
				CDBB5B572383E2AA00BD25F8 /* GameScene.sks in Resources */,
				CDBB5B4A2383E23C00BD25F8 /* Main.storyboard in Resources */,
				CDBB5B4C2383E23D00BD25F8 /* Assets.xcassets in Resources */,
				CDBB5B4F2383E23D00BD25F8 /* LaunchScreen.storyboard in Resources */,
				CD977B0423844BEB006138C5 /* sliceHitEnemy.sks in Resources */,
				CD977B0823844BEB006138C5 /* whack.caf in Resources */,
				CD977B0023844BEB006138C5 /* swoosh3.caf in Resources */,
				CD977B0523844BEB006138C5 /* wrong.caf in Resources */,
				CD977B0123844BEB006138C5 /* swoosh1.caf in Resources */,
			);
			runOnlyForDeploymentPostprocessing = 0;
		};
/* End PBXResourcesBuildPhase section */

/* Begin PBXSourcesBuildPhase section */
		CDBB5B372383E23C00BD25F8 /* Sources */ = {
			isa = PBXSourcesBuildPhase;
			buildActionMask = 2147483647;
			files = (
				CDBB5B452383E23C00BD25F8 /* GameScene.swift in Sources */,
				CDBB5B472383E23C00BD25F8 /* GameViewController.swift in Sources */,
				CDBB5B3F2383E23C00BD25F8 /* AppDelegate.swift in Sources */,
			);
			runOnlyForDeploymentPostprocessing = 0;
		};
/* End PBXSourcesBuildPhase section */

/* Begin PBXVariantGroup section */
		CDBB5B482383E23C00BD25F8 /* Main.storyboard */ = {
			isa = PBXVariantGroup;
			children = (
				CDBB5B492383E23C00BD25F8 /* Base */,
			);
			name = Main.storyboard;
			sourceTree = "<group>";
		};
		CDBB5B4D2383E23D00BD25F8 /* LaunchScreen.storyboard */ = {
			isa = PBXVariantGroup;
			children = (
				CDBB5B4E2383E23D00BD25F8 /* Base */,
			);
			name = LaunchScreen.storyboard;
			sourceTree = "<group>";
		};
/* End PBXVariantGroup section */

/* Begin XCBuildConfiguration section */
		CDBB5B512383E23D00BD25F8 /* Debug */ = {
			isa = XCBuildConfiguration;
			buildSettings = {
				ALWAYS_SEARCH_USER_PATHS = NO;
				CLANG_ANALYZER_NONNULL = YES;
				CLANG_ANALYZER_NUMBER_OBJECT_CONVERSION = YES_AGGRESSIVE;
				CLANG_CXX_LANGUAGE_STANDARD = "gnu++14";
				CLANG_CXX_LIBRARY = "libc++";
				CLANG_ENABLE_MODULES = YES;
				CLANG_ENABLE_OBJC_ARC = YES;
				CLANG_ENABLE_OBJC_WEAK = YES;
				CLANG_WARN_BLOCK_CAPTURE_AUTORELEASING = YES;
				CLANG_WARN_BOOL_CONVERSION = YES;
				CLANG_WARN_COMMA = YES;
				CLANG_WARN_CONSTANT_CONVERSION = YES;
				CLANG_WARN_DEPRECATED_OBJC_IMPLEMENTATIONS = YES;
				CLANG_WARN_DIRECT_OBJC_ISA_USAGE = YES_ERROR;
				CLANG_WARN_DOCUMENTATION_COMMENTS = YES;
				CLANG_WARN_EMPTY_BODY = YES;
				CLANG_WARN_ENUM_CONVERSION = YES;
				CLANG_WARN_INFINITE_RECURSION = YES;
				CLANG_WARN_INT_CONVERSION = YES;
				CLANG_WARN_NON_LITERAL_NULL_CONVERSION = YES;
				CLANG_WARN_OBJC_IMPLICIT_RETAIN_SELF = YES;
				CLANG_WARN_OBJC_LITERAL_CONVERSION = YES;
				CLANG_WARN_OBJC_ROOT_CLASS = YES_ERROR;
				CLANG_WARN_RANGE_LOOP_ANALYSIS = YES;
				CLANG_WARN_STRICT_PROTOTYPES = YES;
				CLANG_WARN_SUSPICIOUS_MOVE = YES;
				CLANG_WARN_UNGUARDED_AVAILABILITY = YES_AGGRESSIVE;
				CLANG_WARN_UNREACHABLE_CODE = YES;
				CLANG_WARN__DUPLICATE_METHOD_MATCH = YES;
				COPY_PHASE_STRIP = NO;
				DEBUG_INFORMATION_FORMAT = dwarf;
				ENABLE_STRICT_OBJC_MSGSEND = YES;
				ENABLE_TESTABILITY = YES;
				GCC_C_LANGUAGE_STANDARD = gnu11;
				GCC_DYNAMIC_NO_PIC = NO;
				GCC_NO_COMMON_BLOCKS = YES;
				GCC_OPTIMIZATION_LEVEL = 0;
				GCC_PREPROCESSOR_DEFINITIONS = (
					"DEBUG=1",
					"$(inherited)",
				);
				GCC_WARN_64_TO_32_BIT_CONVERSION = YES;
				GCC_WARN_ABOUT_RETURN_TYPE = YES_ERROR;
				GCC_WARN_UNDECLARED_SELECTOR = YES;
				GCC_WARN_UNINITIALIZED_AUTOS = YES_AGGRESSIVE;
				GCC_WARN_UNUSED_FUNCTION = YES;
				GCC_WARN_UNUSED_VARIABLE = YES;
				IPHONEOS_DEPLOYMENT_TARGET = 13.2;
				MTL_ENABLE_DEBUG_INFO = INCLUDE_SOURCE;
				MTL_FAST_MATH = YES;
				ONLY_ACTIVE_ARCH = YES;
				SDKROOT = iphoneos;
				SWIFT_ACTIVE_COMPILATION_CONDITIONS = DEBUG;
				SWIFT_OPTIMIZATION_LEVEL = "-Onone";
			};
			name = Debug;
		};
		CDBB5B522383E23D00BD25F8 /* Release */ = {
			isa = XCBuildConfiguration;
			buildSettings = {
				ALWAYS_SEARCH_USER_PATHS = NO;
				CLANG_ANALYZER_NONNULL = YES;
				CLANG_ANALYZER_NUMBER_OBJECT_CONVERSION = YES_AGGRESSIVE;
				CLANG_CXX_LANGUAGE_STANDARD = "gnu++14";
				CLANG_CXX_LIBRARY = "libc++";
				CLANG_ENABLE_MODULES = YES;
				CLANG_ENABLE_OBJC_ARC = YES;
				CLANG_ENABLE_OBJC_WEAK = YES;
				CLANG_WARN_BLOCK_CAPTURE_AUTORELEASING = YES;
				CLANG_WARN_BOOL_CONVERSION = YES;
				CLANG_WARN_COMMA = YES;
				CLANG_WARN_CONSTANT_CONVERSION = YES;
				CLANG_WARN_DEPRECATED_OBJC_IMPLEMENTATIONS = YES;
				CLANG_WARN_DIRECT_OBJC_ISA_USAGE = YES_ERROR;
				CLANG_WARN_DOCUMENTATION_COMMENTS = YES;
				CLANG_WARN_EMPTY_BODY = YES;
				CLANG_WARN_ENUM_CONVERSION = YES;
				CLANG_WARN_INFINITE_RECURSION = YES;
				CLANG_WARN_INT_CONVERSION = YES;
				CLANG_WARN_NON_LITERAL_NULL_CONVERSION = YES;
				CLANG_WARN_OBJC_IMPLICIT_RETAIN_SELF = YES;
				CLANG_WARN_OBJC_LITERAL_CONVERSION = YES;
				CLANG_WARN_OBJC_ROOT_CLASS = YES_ERROR;
				CLANG_WARN_RANGE_LOOP_ANALYSIS = YES;
				CLANG_WARN_STRICT_PROTOTYPES = YES;
				CLANG_WARN_SUSPICIOUS_MOVE = YES;
				CLANG_WARN_UNGUARDED_AVAILABILITY = YES_AGGRESSIVE;
				CLANG_WARN_UNREACHABLE_CODE = YES;
				CLANG_WARN__DUPLICATE_METHOD_MATCH = YES;
				COPY_PHASE_STRIP = NO;
				DEBUG_INFORMATION_FORMAT = "dwarf-with-dsym";
				ENABLE_NS_ASSERTIONS = NO;
				ENABLE_STRICT_OBJC_MSGSEND = YES;
				GCC_C_LANGUAGE_STANDARD = gnu11;
				GCC_NO_COMMON_BLOCKS = YES;
				GCC_WARN_64_TO_32_BIT_CONVERSION = YES;
				GCC_WARN_ABOUT_RETURN_TYPE = YES_ERROR;
				GCC_WARN_UNDECLARED_SELECTOR = YES;
				GCC_WARN_UNINITIALIZED_AUTOS = YES_AGGRESSIVE;
				GCC_WARN_UNUSED_FUNCTION = YES;
				GCC_WARN_UNUSED_VARIABLE = YES;
				IPHONEOS_DEPLOYMENT_TARGET = 13.2;
				MTL_ENABLE_DEBUG_INFO = NO;
				MTL_FAST_MATH = YES;
				SDKROOT = iphoneos;
				SWIFT_COMPILATION_MODE = wholemodule;
				SWIFT_OPTIMIZATION_LEVEL = "-O";
				VALIDATE_PRODUCT = YES;
			};
			name = Release;
		};
		CDBB5B542383E23D00BD25F8 /* Debug */ = {
			isa = XCBuildConfiguration;
			buildSettings = {
				ASSETCATALOG_COMPILER_APPICON_NAME = AppIcon;
				CODE_SIGN_STYLE = Automatic;
				DEVELOPMENT_TEAM = 33563G52JT;
				INFOPLIST_FILE = "Project23-SwiftyNinja/Info.plist";
				LD_RUNPATH_SEARCH_PATHS = (
					"$(inherited)",
					"@executable_path/Frameworks",
				);
				PRODUCT_BUNDLE_IDENTIFIER = "com.xcv.Project23-SwiftyNinja";
				PRODUCT_NAME = "$(TARGET_NAME)";
				SWIFT_VERSION = 5.0;
				TARGETED_DEVICE_FAMILY = "1,2";
			};
			name = Debug;
		};
		CDBB5B552383E23D00BD25F8 /* Release */ = {
			isa = XCBuildConfiguration;
			buildSettings = {
				ASSETCATALOG_COMPILER_APPICON_NAME = AppIcon;
				CODE_SIGN_STYLE = Automatic;
				DEVELOPMENT_TEAM = 33563G52JT;
				INFOPLIST_FILE = "Project23-SwiftyNinja/Info.plist";
				LD_RUNPATH_SEARCH_PATHS = (
					"$(inherited)",
					"@executable_path/Frameworks",
				);
				PRODUCT_BUNDLE_IDENTIFIER = "com.xcv.Project23-SwiftyNinja";
				PRODUCT_NAME = "$(TARGET_NAME)";
				SWIFT_VERSION = 5.0;
				TARGETED_DEVICE_FAMILY = "1,2";
			};
			name = Release;
		};
/* End XCBuildConfiguration section */

/* Begin XCConfigurationList section */
		CDBB5B362383E23C00BD25F8 /* Build configuration list for PBXProject "Project23-SwiftyNinja" */ = {
			isa = XCConfigurationList;
			buildConfigurations = (
				CDBB5B512383E23D00BD25F8 /* Debug */,
				CDBB5B522383E23D00BD25F8 /* Release */,
			);
			defaultConfigurationIsVisible = 0;
			defaultConfigurationName = Release;
		};
		CDBB5B532383E23D00BD25F8 /* Build configuration list for PBXNativeTarget "Project23-SwiftyNinja" */ = {
			isa = XCConfigurationList;
			buildConfigurations = (
				CDBB5B542383E23D00BD25F8 /* Debug */,
				CDBB5B552383E23D00BD25F8 /* Release */,
			);
			defaultConfigurationIsVisible = 0;
			defaultConfigurationName = Release;
		};
/* End XCConfigurationList section */
	};
	rootObject = CDBB5B332383E23C00BD25F8 /* Project object */;
}
