// !$*UTF8*$!
{
	archiveVersion = 1;
	classes = {
	};
	objectVersion = 50;
	objects = {

/* Begin PBXBuildFile section */
		CD3312ED24D5DFF000BE089E /* CloudKit.framework in Frameworks */ = {isa = PBXBuildFile; fileRef = CD3312EC24D5DFF000BE089E /* CloudKit.framework */; };
		CD3908DD24D5E48900EB7620 /* Whistle.swift in Sources */ = {isa = PBXBuildFile; fileRef = CD3908DC24D5E48900EB7620 /* Whistle.swift */; };
		CD6D4BD724D33BE300F8DD40 /* SelectGenreViewController.swift in Sources */ = {isa = PBXBuildFile; fileRef = CD6D4BD624D33BE300F8DD40 /* SelectGenreViewController.swift */; };
		CD6D4BD924D33D4D00F8DD40 /* AddCommentsViewController.swift in Sources */ = {isa = PBXBuildFile; fileRef = CD6D4BD824D33D4D00F8DD40 /* AddCommentsViewController.swift */; };
		CD6D4BDB24D33E7700F8DD40 /* SubmitViewController.swift in Sources */ = {isa = PBXBuildFile; fileRef = CD6D4BDA24D33E7700F8DD40 /* SubmitViewController.swift */; };
		CDCCDC3324D0814C00F7BAE0 /* AppDelegate.swift in Sources */ = {isa = PBXBuildFile; fileRef = CDCCDC3224D0814C00F7BAE0 /* AppDelegate.swift */; };
		CDCCDC3524D0814C00F7BAE0 /* SceneDelegate.swift in Sources */ = {isa = PBXBuildFile; fileRef = CDCCDC3424D0814C00F7BAE0 /* SceneDelegate.swift */; };
		CDCCDC3724D0814C00F7BAE0 /* ViewController.swift in Sources */ = {isa = PBXBuildFile; fileRef = CDCCDC3624D0814C00F7BAE0 /* ViewController.swift */; };
		CDCCDC3A24D0814C00F7BAE0 /* Main.storyboard in Resources */ = {isa = PBXBuildFile; fileRef = CDCCDC3824D0814C00F7BAE0 /* Main.storyboard */; };
		CDCCDC3C24D0814D00F7BAE0 /* Assets.xcassets in Resources */ = {isa = PBXBuildFile; fileRef = CDCCDC3B24D0814D00F7BAE0 /* Assets.xcassets */; };
		CDCCDC3F24D0814D00F7BAE0 /* LaunchScreen.storyboard in Resources */ = {isa = PBXBuildFile; fileRef = CDCCDC3D24D0814D00F7BAE0 /* LaunchScreen.storyboard */; };
		CDCCDC4824D0821C00F7BAE0 /* RecordWhistleViewController.swift in Sources */ = {isa = PBXBuildFile; fileRef = CDCCDC4624D0821C00F7BAE0 /* RecordWhistleViewController.swift */; };
/* End PBXBuildFile section */

/* Begin PBXFileReference section */
		CD3312EA24D5DFEE00BE089E /* Project33-WhatsThatWhistle.entitlements */ = {isa = PBXFileReference; lastKnownFileType = text.plist.entitlements; path = "Project33-WhatsThatWhistle.entitlements"; sourceTree = "<group>"; };
		CD3312EC24D5DFF000BE089E /* CloudKit.framework */ = {isa = PBXFileReference; lastKnownFileType = wrapper.framework; name = CloudKit.framework; path = System/Library/Frameworks/CloudKit.framework; sourceTree = SDKROOT; };
		CD3908DC24D5E48900EB7620 /* Whistle.swift */ = {isa = PBXFileReference; lastKnownFileType = sourcecode.swift; path = Whistle.swift; sourceTree = "<group>"; };
		CD6D4BD624D33BE300F8DD40 /* SelectGenreViewController.swift */ = {isa = PBXFileReference; lastKnownFileType = sourcecode.swift; path = SelectGenreViewController.swift; sourceTree = "<group>"; };
		CD6D4BD824D33D4D00F8DD40 /* AddCommentsViewController.swift */ = {isa = PBXFileReference; lastKnownFileType = sourcecode.swift; path = AddCommentsViewController.swift; sourceTree = "<group>"; };
		CD6D4BDA24D33E7700F8DD40 /* SubmitViewController.swift */ = {isa = PBXFileReference; lastKnownFileType = sourcecode.swift; path = SubmitViewController.swift; sourceTree = "<group>"; };
		CDCCDC2F24D0814C00F7BAE0 /* Project33-WhatsThatWhistle.app */ = {isa = PBXFileReference; explicitFileType = wrapper.application; includeInIndex = 0; path = "Project33-WhatsThatWhistle.app"; sourceTree = BUILT_PRODUCTS_DIR; };
		CDCCDC3224D0814C00F7BAE0 /* AppDelegate.swift */ = {isa = PBXFileReference; lastKnownFileType = sourcecode.swift; path = AppDelegate.swift; sourceTree = "<group>"; };
		CDCCDC3424D0814C00F7BAE0 /* SceneDelegate.swift */ = {isa = PBXFileReference; lastKnownFileType = sourcecode.swift; path = SceneDelegate.swift; sourceTree = "<group>"; };
		CDCCDC3624D0814C00F7BAE0 /* ViewController.swift */ = {isa = PBXFileReference; lastKnownFileType = sourcecode.swift; path = ViewController.swift; sourceTree = "<group>"; };
		CDCCDC3924D0814C00F7BAE0 /* Base */ = {isa = PBXFileReference; lastKnownFileType = file.storyboard; name = Base; path = Base.lproj/Main.storyboard; sourceTree = "<group>"; };
		CDCCDC3B24D0814D00F7BAE0 /* Assets.xcassets */ = {isa = PBXFileReference; lastKnownFileType = folder.assetcatalog; path = Assets.xcassets; sourceTree = "<group>"; };
		CDCCDC3E24D0814D00F7BAE0 /* Base */ = {isa = PBXFileReference; lastKnownFileType = file.storyboard; name = Base; path = Base.lproj/LaunchScreen.storyboard; sourceTree = "<group>"; };
		CDCCDC4024D0814D00F7BAE0 /* Info.plist */ = {isa = PBXFileReference; lastKnownFileType = text.plist.xml; path = Info.plist; sourceTree = "<group>"; };
		CDCCDC4624D0821C00F7BAE0 /* RecordWhistleViewController.swift */ = {isa = PBXFileReference; lastKnownFileType = sourcecode.swift; path = RecordWhistleViewController.swift; sourceTree = "<group>"; };
/* End PBXFileReference section */

/* Begin PBXFrameworksBuildPhase section */
		CDCCDC2C24D0814C00F7BAE0 /* Frameworks */ = {
			isa = PBXFrameworksBuildPhase;
			buildActionMask = 2147483647;
			files = (
				CD3312ED24D5DFF000BE089E /* CloudKit.framework in Frameworks */,
			);
			runOnlyForDeploymentPostprocessing = 0;
		};
/* End PBXFrameworksBuildPhase section */

/* Begin PBXGroup section */
		CD3312EB24D5DFF000BE089E /* Frameworks */ = {
			isa = PBXGroup;
			children = (
				CD3312EC24D5DFF000BE089E /* CloudKit.framework */,
			);
			name = Frameworks;
			sourceTree = "<group>";
		};
		CDCCDC2624D0814C00F7BAE0 = {
			isa = PBXGroup;
			children = (
				CDCCDC3124D0814C00F7BAE0 /* Project33-WhatsThatWhistle */,
				CDCCDC3024D0814C00F7BAE0 /* Products */,
				CD3312EB24D5DFF000BE089E /* Frameworks */,
			);
			sourceTree = "<group>";
		};
		CDCCDC3024D0814C00F7BAE0 /* Products */ = {
			isa = PBXGroup;
			children = (
				CDCCDC2F24D0814C00F7BAE0 /* Project33-WhatsThatWhistle.app */,
			);
			name = Products;
			sourceTree = "<group>";
		};
		CDCCDC3124D0814C00F7BAE0 /* Project33-WhatsThatWhistle */ = {
			isa = PBXGroup;
			children = (
				CD3312EA24D5DFEE00BE089E /* Project33-WhatsThatWhistle.entitlements */,
				CDCCDC3224D0814C00F7BAE0 /* AppDelegate.swift */,
				CDCCDC3424D0814C00F7BAE0 /* SceneDelegate.swift */,
				CDCCDC3624D0814C00F7BAE0 /* ViewController.swift */,
				CD3908DC24D5E48900EB7620 /* Whistle.swift */,
				CDCCDC4624D0821C00F7BAE0 /* RecordWhistleViewController.swift */,
				CD6D4BD624D33BE300F8DD40 /* SelectGenreViewController.swift */,
				CD6D4BD824D33D4D00F8DD40 /* AddCommentsViewController.swift */,
				CD6D4BDA24D33E7700F8DD40 /* SubmitViewController.swift */,
				CDCCDC3824D0814C00F7BAE0 /* Main.storyboard */,
				CDCCDC3B24D0814D00F7BAE0 /* Assets.xcassets */,
				CDCCDC3D24D0814D00F7BAE0 /* LaunchScreen.storyboard */,
				CDCCDC4024D0814D00F7BAE0 /* Info.plist */,
			);
			path = "Project33-WhatsThatWhistle";
			sourceTree = "<group>";
		};
/* End PBXGroup section */

/* Begin PBXNativeTarget section */
		CDCCDC2E24D0814C00F7BAE0 /* Project33-WhatsThatWhistle */ = {
			isa = PBXNativeTarget;
			buildConfigurationList = CDCCDC4324D0814D00F7BAE0 /* Build configuration list for PBXNativeTarget "Project33-WhatsThatWhistle" */;
			buildPhases = (
				CDCCDC2B24D0814C00F7BAE0 /* Sources */,
				CDCCDC2C24D0814C00F7BAE0 /* Frameworks */,
				CDCCDC2D24D0814C00F7BAE0 /* Resources */,
			);
			buildRules = (
			);
			dependencies = (
			);
			name = "Project33-WhatsThatWhistle";
			productName = "Project33-WhatsThatWhistle";
			productReference = CDCCDC2F24D0814C00F7BAE0 /* Project33-WhatsThatWhistle.app */;
			productType = "com.apple.product-type.application";
		};
/* End PBXNativeTarget section */

/* Begin PBXProject section */
		CDCCDC2724D0814C00F7BAE0 /* Project object */ = {
			isa = PBXProject;
			attributes = {
				LastSwiftUpdateCheck = 1200;
				LastUpgradeCheck = 1200;
				TargetAttributes = {
					CDCCDC2E24D0814C00F7BAE0 = {
						CreatedOnToolsVersion = 12.0;
					};
				};
			};
			buildConfigurationList = CDCCDC2A24D0814C00F7BAE0 /* Build configuration list for PBXProject "Project33-WhatsThatWhistle" */;
			compatibilityVersion = "Xcode 9.3";
			developmentRegion = en;
			hasScannedForEncodings = 0;
			knownRegions = (
				en,
				Base,
			);
			mainGroup = CDCCDC2624D0814C00F7BAE0;
			productRefGroup = CDCCDC3024D0814C00F7BAE0 /* Products */;
			projectDirPath = "";
			projectRoot = "";
			targets = (
				CDCCDC2E24D0814C00F7BAE0 /* Project33-WhatsThatWhistle */,
			);
		};
/* End PBXProject section */

/* Begin PBXResourcesBuildPhase section */
		CDCCDC2D24D0814C00F7BAE0 /* Resources */ = {
			isa = PBXResourcesBuildPhase;
			buildActionMask = 2147483647;
			files = (
				CDCCDC3F24D0814D00F7BAE0 /* LaunchScreen.storyboard in Resources */,
				CDCCDC3C24D0814D00F7BAE0 /* Assets.xcassets in Resources */,
				CDCCDC3A24D0814C00F7BAE0 /* Main.storyboard in Resources */,
			);
			runOnlyForDeploymentPostprocessing = 0;
		};
/* End PBXResourcesBuildPhase section */

/* Begin PBXSourcesBuildPhase section */
		CDCCDC2B24D0814C00F7BAE0 /* Sources */ = {
			isa = PBXSourcesBuildPhase;
			buildActionMask = 2147483647;
			files = (
				CD3908DD24D5E48900EB7620 /* Whistle.swift in Sources */,
				CD6D4BDB24D33E7700F8DD40 /* SubmitViewController.swift in Sources */,
				CDCCDC3724D0814C00F7BAE0 /* ViewController.swift in Sources */,
				CDCCDC3324D0814C00F7BAE0 /* AppDelegate.swift in Sources */,
				CD6D4BD724D33BE300F8DD40 /* SelectGenreViewController.swift in Sources */,
				CDCCDC4824D0821C00F7BAE0 /* RecordWhistleViewController.swift in Sources */,
				CD6D4BD924D33D4D00F8DD40 /* AddCommentsViewController.swift in Sources */,
				CDCCDC3524D0814C00F7BAE0 /* SceneDelegate.swift in Sources */,
			);
			runOnlyForDeploymentPostprocessing = 0;
		};
/* End PBXSourcesBuildPhase section */

/* Begin PBXVariantGroup section */
		CDCCDC3824D0814C00F7BAE0 /* Main.storyboard */ = {
			isa = PBXVariantGroup;
			children = (
				CDCCDC3924D0814C00F7BAE0 /* Base */,
			);
			name = Main.storyboard;
			sourceTree = "<group>";
		};
		CDCCDC3D24D0814D00F7BAE0 /* LaunchScreen.storyboard */ = {
			isa = PBXVariantGroup;
			children = (
				CDCCDC3E24D0814D00F7BAE0 /* Base */,
			);
			name = LaunchScreen.storyboard;
			sourceTree = "<group>";
		};
/* End PBXVariantGroup section */

/* Begin XCBuildConfiguration section */
		CDCCDC4124D0814D00F7BAE0 /* Debug */ = {
			isa = XCBuildConfiguration;
			buildSettings = {
				ALWAYS_SEARCH_USER_PATHS = NO;
				CLANG_ANALYZER_NONNULL = YES;
				CLANG_ANALYZER_NUMBER_OBJECT_CONVERSION = YES_AGGRESSIVE;
				CLANG_CXX_LANGUAGE_STANDARD = "gnu++14";
				CLANG_CXX_LIBRARY = "libc++";
				CLANG_ENABLE_MODULES = YES;
				CLANG_ENABLE_OBJC_ARC = YES;
				CLANG_ENABLE_OBJC_WEAK = YES;
				CLANG_WARN_BLOCK_CAPTURE_AUTORELEASING = YES;
				CLANG_WARN_BOOL_CONVERSION = YES;
				CLANG_WARN_COMMA = YES;
				CLANG_WARN_CONSTANT_CONVERSION = YES;
				CLANG_WARN_DEPRECATED_OBJC_IMPLEMENTATIONS = YES;
				CLANG_WARN_DIRECT_OBJC_ISA_USAGE = YES_ERROR;
				CLANG_WARN_DOCUMENTATION_COMMENTS = YES;
				CLANG_WARN_EMPTY_BODY = YES;
				CLANG_WARN_ENUM_CONVERSION = YES;
				CLANG_WARN_INFINITE_RECURSION = YES;
				CLANG_WARN_INT_CONVERSION = YES;
				CLANG_WARN_NON_LITERAL_NULL_CONVERSION = YES;
				CLANG_WARN_OBJC_IMPLICIT_RETAIN_SELF = YES;
				CLANG_WARN_OBJC_LITERAL_CONVERSION = YES;
				CLANG_WARN_OBJC_ROOT_CLASS = YES_ERROR;
				CLANG_WARN_QUOTED_INCLUDE_IN_FRAMEWORK_HEADER = YES;
				CLANG_WARN_RANGE_LOOP_ANALYSIS = YES;
				CLANG_WARN_STRICT_PROTOTYPES = YES;
				CLANG_WARN_SUSPICIOUS_MOVE = YES;
				CLANG_WARN_UNGUARDED_AVAILABILITY = YES_AGGRESSIVE;
				CLANG_WARN_UNREACHABLE_CODE = YES;
				CLANG_WARN__DUPLICATE_METHOD_MATCH = YES;
				COPY_PHASE_STRIP = NO;
				DEBUG_INFORMATION_FORMAT = dwarf;
				ENABLE_STRICT_OBJC_MSGSEND = YES;
				ENABLE_TESTABILITY = YES;
				GCC_C_LANGUAGE_STANDARD = gnu11;
				GCC_DYNAMIC_NO_PIC = NO;
				GCC_NO_COMMON_BLOCKS = YES;
				GCC_OPTIMIZATION_LEVEL = 0;
				GCC_PREPROCESSOR_DEFINITIONS = (
					"DEBUG=1",
					"$(inherited)",
				);
				GCC_WARN_64_TO_32_BIT_CONVERSION = YES;
				GCC_WARN_ABOUT_RETURN_TYPE = YES_ERROR;
				GCC_WARN_UNDECLARED_SELECTOR = YES;
				GCC_WARN_UNINITIALIZED_AUTOS = YES_AGGRESSIVE;
				GCC_WARN_UNUSED_FUNCTION = YES;
				GCC_WARN_UNUSED_VARIABLE = YES;
				IPHONEOS_DEPLOYMENT_TARGET = 14.0;
				MTL_ENABLE_DEBUG_INFO = INCLUDE_SOURCE;
				MTL_FAST_MATH = YES;
				ONLY_ACTIVE_ARCH = YES;
				SDKROOT = iphoneos;
				SWIFT_ACTIVE_COMPILATION_CONDITIONS = DEBUG;
				SWIFT_OPTIMIZATION_LEVEL = "-Onone";
			};
			name = Debug;
		};
		CDCCDC4224D0814D00F7BAE0 /* Release */ = {
			isa = XCBuildConfiguration;
			buildSettings = {
				ALWAYS_SEARCH_USER_PATHS = NO;
				CLANG_ANALYZER_NONNULL = YES;
				CLANG_ANALYZER_NUMBER_OBJECT_CONVERSION = YES_AGGRESSIVE;
				CLANG_CXX_LANGUAGE_STANDARD = "gnu++14";
				CLANG_CXX_LIBRARY = "libc++";
				CLANG_ENABLE_MODULES = YES;
				CLANG_ENABLE_OBJC_ARC = YES;
				CLANG_ENABLE_OBJC_WEAK = YES;
				CLANG_WARN_BLOCK_CAPTURE_AUTORELEASING = YES;
				CLANG_WARN_BOOL_CONVERSION = YES;
				CLANG_WARN_COMMA = YES;
				CLANG_WARN_CONSTANT_CONVERSION = YES;
				CLANG_WARN_DEPRECATED_OBJC_IMPLEMENTATIONS = YES;
				CLANG_WARN_DIRECT_OBJC_ISA_USAGE = YES_ERROR;
				CLANG_WARN_DOCUMENTATION_COMMENTS = YES;
				CLANG_WARN_EMPTY_BODY = YES;
				CLANG_WARN_ENUM_CONVERSION = YES;
				CLANG_WARN_INFINITE_RECURSION = YES;
				CLANG_WARN_INT_CONVERSION = YES;
				CLANG_WARN_NON_LITERAL_NULL_CONVERSION = YES;
				CLANG_WARN_OBJC_IMPLICIT_RETAIN_SELF = YES;
				CLANG_WARN_OBJC_LITERAL_CONVERSION = YES;
				CLANG_WARN_OBJC_ROOT_CLASS = YES_ERROR;
				CLANG_WARN_QUOTED_INCLUDE_IN_FRAMEWORK_HEADER = YES;
				CLANG_WARN_RANGE_LOOP_ANALYSIS = YES;
				CLANG_WARN_STRICT_PROTOTYPES = YES;
				CLANG_WARN_SUSPICIOUS_MOVE = YES;
				CLANG_WARN_UNGUARDED_AVAILABILITY = YES_AGGRESSIVE;
				CLANG_WARN_UNREACHABLE_CODE = YES;
				CLANG_WARN__DUPLICATE_METHOD_MATCH = YES;
				COPY_PHASE_STRIP = NO;
				DEBUG_INFORMATION_FORMAT = "dwarf-with-dsym";
				ENABLE_NS_ASSERTIONS = NO;
				ENABLE_STRICT_OBJC_MSGSEND = YES;
				GCC_C_LANGUAGE_STANDARD = gnu11;
				GCC_NO_COMMON_BLOCKS = YES;
				GCC_WARN_64_TO_32_BIT_CONVERSION = YES;
				GCC_WARN_ABOUT_RETURN_TYPE = YES_ERROR;
				GCC_WARN_UNDECLARED_SELECTOR = YES;
				GCC_WARN_UNINITIALIZED_AUTOS = YES_AGGRESSIVE;
				GCC_WARN_UNUSED_FUNCTION = YES;
				GCC_WARN_UNUSED_VARIABLE = YES;
				IPHONEOS_DEPLOYMENT_TARGET = 14.0;
				MTL_ENABLE_DEBUG_INFO = NO;
				MTL_FAST_MATH = YES;
				SDKROOT = iphoneos;
				SWIFT_COMPILATION_MODE = wholemodule;
				SWIFT_OPTIMIZATION_LEVEL = "-O";
				VALIDATE_PRODUCT = YES;
			};
			name = Release;
		};
		CDCCDC4424D0814D00F7BAE0 /* Debug */ = {
			isa = XCBuildConfiguration;
			buildSettings = {
				ASSETCATALOG_COMPILER_APPICON_NAME = AppIcon;
				ASSETCATALOG_COMPILER_GLOBAL_ACCENT_COLOR_NAME = AccentColor;
				CODE_SIGN_ENTITLEMENTS = "Project33-WhatsThatWhistle/Project33-WhatsThatWhistle.entitlements";
				CODE_SIGN_IDENTITY = "Apple Development";
				CODE_SIGN_STYLE = Automatic;
				DEVELOPMENT_TEAM = NU3T85F468;
				INFOPLIST_FILE = "Project33-WhatsThatWhistle/Info.plist";
				IPHONEOS_DEPLOYMENT_TARGET = 13.0;
				LD_RUNPATH_SEARCH_PATHS = (
					"$(inherited)",
					"@executable_path/Frameworks",
				);
				PRODUCT_BUNDLE_IDENTIFIER = com.icedoutxcv.WhatsThatWhistle;
				PRODUCT_NAME = "$(TARGET_NAME)";
				PROVISIONING_PROFILE_SPECIFIER = "";
				SWIFT_VERSION = 5.0;
				TARGETED_DEVICE_FAMILY = "1,2";
			};
			name = Debug;
		};
		CDCCDC4524D0814D00F7BAE0 /* Release */ = {
			isa = XCBuildConfiguration;
			buildSettings = {
				ASSETCATALOG_COMPILER_APPICON_NAME = AppIcon;
				ASSETCATALOG_COMPILER_GLOBAL_ACCENT_COLOR_NAME = AccentColor;
				CODE_SIGN_ENTITLEMENTS = "Project33-WhatsThatWhistle/Project33-WhatsThatWhistle.entitlements";
				CODE_SIGN_IDENTITY = "Apple Development";
				CODE_SIGN_STYLE = Automatic;
				DEVELOPMENT_TEAM = NU3T85F468;
				INFOPLIST_FILE = "Project33-WhatsThatWhistle/Info.plist";
				IPHONEOS_DEPLOYMENT_TARGET = 13.0;
				LD_RUNPATH_SEARCH_PATHS = (
					"$(inherited)",
					"@executable_path/Frameworks",
				);
				PRODUCT_BUNDLE_IDENTIFIER = com.icedoutxcv.WhatsThatWhistle;
				PRODUCT_NAME = "$(TARGET_NAME)";
				PROVISIONING_PROFILE_SPECIFIER = "";
				SWIFT_VERSION = 5.0;
				TARGETED_DEVICE_FAMILY = "1,2";
			};
			name = Release;
		};
/* End XCBuildConfiguration section */

/* Begin XCConfigurationList section */
		CDCCDC2A24D0814C00F7BAE0 /* Build configuration list for PBXProject "Project33-WhatsThatWhistle" */ = {
			isa = XCConfigurationList;
			buildConfigurations = (
				CDCCDC4124D0814D00F7BAE0 /* Debug */,
				CDCCDC4224D0814D00F7BAE0 /* Release */,
			);
			defaultConfigurationIsVisible = 0;
			defaultConfigurationName = Release;
		};
		CDCCDC4324D0814D00F7BAE0 /* Build configuration list for PBXNativeTarget "Project33-WhatsThatWhistle" */ = {
			isa = XCConfigurationList;
			buildConfigurations = (
				CDCCDC4424D0814D00F7BAE0 /* Debug */,
				CDCCDC4524D0814D00F7BAE0 /* Release */,
			);
			defaultConfigurationIsVisible = 0;
			defaultConfigurationName = Release;
		};
/* End XCConfigurationList section */
	};
	rootObject = CDCCDC2724D0814C00F7BAE0 /* Project object */;
}
