// !$*UTF8*$!
{
	archiveVersion = 1;
	classes = {
	};
	objectVersion = 50;
	objects = {

/* Begin PBXBuildFile section */
		DC3EC14422551A5D008A7354 /* Petition.swift in Sources */ = {isa = PBXBuildFile; fileRef = DC3EC14322551A5D008A7354 /* Petition.swift */; };
		DC3EC14622551A9E008A7354 /* Petitions.swift in Sources */ = {isa = PBXBuildFile; fileRef = DC3EC14522551A9E008A7354 /* Petitions.swift */; };
		DC3EC14822552459008A7354 /* DetailViewController.swift in Sources */ = {isa = PBXBuildFile; fileRef = DC3EC14722552459008A7354 /* DetailViewController.swift */; };
		DCAFC5742251372600B6D0DA /* AppDelegate.swift in Sources */ = {isa = PBXBuildFile; fileRef = DCAFC5732251372600B6D0DA /* AppDelegate.swift */; };
		DCAFC5762251372600B6D0DA /* ViewController.swift in Sources */ = {isa = PBXBuildFile; fileRef = DCAFC5752251372600B6D0DA /* ViewController.swift */; };
		DCAFC5792251372600B6D0DA /* Main.storyboard in Resources */ = {isa = PBXBuildFile; fileRef = DCAFC5772251372600B6D0DA /* Main.storyboard */; };
		DCAFC57B2251372800B6D0DA /* Assets.xcassets in Resources */ = {isa = PBXBuildFile; fileRef = DCAFC57A2251372800B6D0DA /* Assets.xcassets */; };
		DCAFC57E2251372800B6D0DA /* LaunchScreen.storyboard in Resources */ = {isa = PBXBuildFile; fileRef = DCAFC57C2251372800B6D0DA /* LaunchScreen.storyboard */; };
/* End PBXBuildFile section */

/* Begin PBXContainerItemProxy section */
		DCAFC5852251372800B6D0DA /* PBXContainerItemProxy */ = {
			isa = PBXContainerItemProxy;
			containerPortal = DCAFC5682251372600B6D0DA /* Project object */;
			proxyType = 1;
			remoteGlobalIDString = DCAFC56F2251372600B6D0DA;
			remoteInfo = "Whitehouse-7";
		};
		DCAFC5902251372800B6D0DA /* PBXContainerItemProxy */ = {
			isa = PBXContainerItemProxy;
			containerPortal = DCAFC5682251372600B6D0DA /* Project object */;
			proxyType = 1;
			remoteGlobalIDString = DCAFC56F2251372600B6D0DA;
			remoteInfo = "Whitehouse-7";
		};
/* End PBXContainerItemProxy section */

/* Begin PBXFileReference section */
		DC3EC14322551A5D008A7354 /* Petition.swift */ = {isa = PBXFileReference; lastKnownFileType = sourcecode.swift; path = Petition.swift; sourceTree = "<group>"; };
		DC3EC14522551A9E008A7354 /* Petitions.swift */ = {isa = PBXFileReference; lastKnownFileType = sourcecode.swift; path = Petitions.swift; sourceTree = "<group>"; };
		DC3EC14722552459008A7354 /* DetailViewController.swift */ = {isa = PBXFileReference; lastKnownFileType = sourcecode.swift; path = DetailViewController.swift; sourceTree = "<group>"; };
		DCAFC5702251372600B6D0DA /* Whitehouse-7.app */ = {isa = PBXFileReference; explicitFileType = wrapper.application; includeInIndex = 0; path = "Whitehouse-7.app"; sourceTree = BUILT_PRODUCTS_DIR; };
		DCAFC5732251372600B6D0DA /* AppDelegate.swift */ = {isa = PBXFileReference; lastKnownFileType = sourcecode.swift; path = AppDelegate.swift; sourceTree = "<group>"; };
		DCAFC5752251372600B6D0DA /* ViewController.swift */ = {isa = PBXFileReference; lastKnownFileType = sourcecode.swift; path = ViewController.swift; sourceTree = "<group>"; };
		DCAFC5782251372600B6D0DA /* Base */ = {isa = PBXFileReference; lastKnownFileType = file.storyboard; name = Base; path = Base.lproj/Main.storyboard; sourceTree = "<group>"; };
		DCAFC57A2251372800B6D0DA /* Assets.xcassets */ = {isa = PBXFileReference; lastKnownFileType = folder.assetcatalog; path = Assets.xcassets; sourceTree = "<group>"; };
		DCAFC57D2251372800B6D0DA /* Base */ = {isa = PBXFileReference; lastKnownFileType = file.storyboard; name = Base; path = Base.lproj/LaunchScreen.storyboard; sourceTree = "<group>"; };
		DCAFC57F2251372800B6D0DA /* Info.plist */ = {isa = PBXFileReference; lastKnownFileType = text.plist.xml; path = Info.plist; sourceTree = "<group>"; };
		DCAFC5842251372800B6D0DA /* Whitehouse-7Tests.xctest */ = {isa = PBXFileReference; explicitFileType = wrapper.cfbundle; includeInIndex = 0; path = "Whitehouse-7Tests.xctest"; sourceTree = BUILT_PRODUCTS_DIR; };
		DCAFC58F2251372800B6D0DA /* Whitehouse-7UITests.xctest */ = {isa = PBXFileReference; explicitFileType = wrapper.cfbundle; includeInIndex = 0; path = "Whitehouse-7UITests.xctest"; sourceTree = BUILT_PRODUCTS_DIR; };
/* End PBXFileReference section */

/* Begin PBXFrameworksBuildPhase section */
		DCAFC56D2251372600B6D0DA /* Frameworks */ = {
			isa = PBXFrameworksBuildPhase;
			buildActionMask = 2147483647;
			files = (
			);
			runOnlyForDeploymentPostprocessing = 0;
		};
		DCAFC5812251372800B6D0DA /* Frameworks */ = {
			isa = PBXFrameworksBuildPhase;
			buildActionMask = 2147483647;
			files = (
			);
			runOnlyForDeploymentPostprocessing = 0;
		};
		DCAFC58C2251372800B6D0DA /* Frameworks */ = {
			isa = PBXFrameworksBuildPhase;
			buildActionMask = 2147483647;
			files = (
			);
			runOnlyForDeploymentPostprocessing = 0;
		};
/* End PBXFrameworksBuildPhase section */

/* Begin PBXGroup section */
		DCAFC5672251372600B6D0DA = {
			isa = PBXGroup;
			children = (
				DCAFC5722251372600B6D0DA /* Whitehouse-7 */,
				DCAFC5712251372600B6D0DA /* Products */,
			);
			sourceTree = "<group>";
		};
		DCAFC5712251372600B6D0DA /* Products */ = {
			isa = PBXGroup;
			children = (
				DCAFC5702251372600B6D0DA /* Whitehouse-7.app */,
				DCAFC5842251372800B6D0DA /* Whitehouse-7Tests.xctest */,
				DCAFC58F2251372800B6D0DA /* Whitehouse-7UITests.xctest */,
			);
			name = Products;
			sourceTree = "<group>";
		};
		DCAFC5722251372600B6D0DA /* Whitehouse-7 */ = {
			isa = PBXGroup;
			children = (
				DCAFC5732251372600B6D0DA /* AppDelegate.swift */,
				DCAFC5752251372600B6D0DA /* ViewController.swift */,
				DC3EC14722552459008A7354 /* DetailViewController.swift */,
				DC3EC14322551A5D008A7354 /* Petition.swift */,
				DC3EC14522551A9E008A7354 /* Petitions.swift */,
				DCAFC5772251372600B6D0DA /* Main.storyboard */,
				DCAFC57A2251372800B6D0DA /* Assets.xcassets */,
				DCAFC57C2251372800B6D0DA /* LaunchScreen.storyboard */,
				DCAFC57F2251372800B6D0DA /* Info.plist */,
			);
			path = "Whitehouse-7";
			sourceTree = "<group>";
		};
/* End PBXGroup section */

/* Begin PBXNativeTarget section */
		DCAFC56F2251372600B6D0DA /* Whitehouse-7 */ = {
			isa = PBXNativeTarget;
			buildConfigurationList = DCAFC5982251372800B6D0DA /* Build configuration list for PBXNativeTarget "Whitehouse-7" */;
			buildPhases = (
				DCAFC56C2251372600B6D0DA /* Sources */,
				DCAFC56D2251372600B6D0DA /* Frameworks */,
				DCAFC56E2251372600B6D0DA /* Resources */,
			);
			buildRules = (
			);
			dependencies = (
			);
			name = "Whitehouse-7";
			productName = "Whitehouse-7";
			productReference = DCAFC5702251372600B6D0DA /* Whitehouse-7.app */;
			productType = "com.apple.product-type.application";
		};
		DCAFC5832251372800B6D0DA /* Whitehouse-7Tests */ = {
			isa = PBXNativeTarget;
			buildConfigurationList = DCAFC59B2251372800B6D0DA /* Build configuration list for PBXNativeTarget "Whitehouse-7Tests" */;
			buildPhases = (
				DCAFC5802251372800B6D0DA /* Sources */,
				DCAFC5812251372800B6D0DA /* Frameworks */,
				DCAFC5822251372800B6D0DA /* Resources */,
			);
			buildRules = (
			);
			dependencies = (
				DCAFC5862251372800B6D0DA /* PBXTargetDependency */,
			);
			name = "Whitehouse-7Tests";
			productName = "Whitehouse-7Tests";
			productReference = DCAFC5842251372800B6D0DA /* Whitehouse-7Tests.xctest */;
			productType = "com.apple.product-type.bundle.unit-test";
		};
		DCAFC58E2251372800B6D0DA /* Whitehouse-7UITests */ = {
			isa = PBXNativeTarget;
			buildConfigurationList = DCAFC59E2251372800B6D0DA /* Build configuration list for PBXNativeTarget "Whitehouse-7UITests" */;
			buildPhases = (
				DCAFC58B2251372800B6D0DA /* Sources */,
				DCAFC58C2251372800B6D0DA /* Frameworks */,
				DCAFC58D2251372800B6D0DA /* Resources */,
			);
			buildRules = (
			);
			dependencies = (
				DCAFC5912251372800B6D0DA /* PBXTargetDependency */,
			);
			name = "Whitehouse-7UITests";
			productName = "Whitehouse-7UITests";
			productReference = DCAFC58F2251372800B6D0DA /* Whitehouse-7UITests.xctest */;
			productType = "com.apple.product-type.bundle.ui-testing";
		};
/* End PBXNativeTarget section */

/* Begin PBXProject section */
		DCAFC5682251372600B6D0DA /* Project object */ = {
			isa = PBXProject;
			attributes = {
				LastSwiftUpdateCheck = 1020;
				LastUpgradeCheck = 1020;
				ORGANIZATIONNAME = "Kamil Bloch";
				TargetAttributes = {
					DCAFC56F2251372600B6D0DA = {
						CreatedOnToolsVersion = 10.2;
					};
					DCAFC5832251372800B6D0DA = {
						CreatedOnToolsVersion = 10.2;
						TestTargetID = DCAFC56F2251372600B6D0DA;
					};
					DCAFC58E2251372800B6D0DA = {
						CreatedOnToolsVersion = 10.2;
						TestTargetID = DCAFC56F2251372600B6D0DA;
					};
				};
			};
			buildConfigurationList = DCAFC56B2251372600B6D0DA /* Build configuration list for PBXProject "Whitehouse-7" */;
			compatibilityVersion = "Xcode 9.3";
			developmentRegion = en;
			hasScannedForEncodings = 0;
			knownRegions = (
				en,
				Base,
			);
			mainGroup = DCAFC5672251372600B6D0DA;
			productRefGroup = DCAFC5712251372600B6D0DA /* Products */;
			projectDirPath = "";
			projectRoot = "";
			targets = (
				DCAFC56F2251372600B6D0DA /* Whitehouse-7 */,
				DCAFC5832251372800B6D0DA /* Whitehouse-7Tests */,
				DCAFC58E2251372800B6D0DA /* Whitehouse-7UITests */,
			);
		};
/* End PBXProject section */

/* Begin PBXResourcesBuildPhase section */
		DCAFC56E2251372600B6D0DA /* Resources */ = {
			isa = PBXResourcesBuildPhase;
			buildActionMask = 2147483647;
			files = (
				DCAFC57E2251372800B6D0DA /* LaunchScreen.storyboard in Resources */,
				DCAFC57B2251372800B6D0DA /* Assets.xcassets in Resources */,
				DCAFC5792251372600B6D0DA /* Main.storyboard in Resources */,
			);
			runOnlyForDeploymentPostprocessing = 0;
		};
		DCAFC5822251372800B6D0DA /* Resources */ = {
			isa = PBXResourcesBuildPhase;
			buildActionMask = 2147483647;
			files = (
			);
			runOnlyForDeploymentPostprocessing = 0;
		};
		DCAFC58D2251372800B6D0DA /* Resources */ = {
			isa = PBXResourcesBuildPhase;
			buildActionMask = 2147483647;
			files = (
			);
			runOnlyForDeploymentPostprocessing = 0;
		};
/* End PBXResourcesBuildPhase section */

/* Begin PBXSourcesBuildPhase section */
		DCAFC56C2251372600B6D0DA /* Sources */ = {
			isa = PBXSourcesBuildPhase;
			buildActionMask = 2147483647;
			files = (
				DCAFC5762251372600B6D0DA /* ViewController.swift in Sources */,
				DC3EC14622551A9E008A7354 /* Petitions.swift in Sources */,
				DC3EC14822552459008A7354 /* DetailViewController.swift in Sources */,
				DCAFC5742251372600B6D0DA /* AppDelegate.swift in Sources */,
				DC3EC14422551A5D008A7354 /* Petition.swift in Sources */,
			);
			runOnlyForDeploymentPostprocessing = 0;
		};
		DCAFC5802251372800B6D0DA /* Sources */ = {
			isa = PBXSourcesBuildPhase;
			buildActionMask = 2147483647;
			files = (
			);
			runOnlyForDeploymentPostprocessing = 0;
		};
		DCAFC58B2251372800B6D0DA /* Sources */ = {
			isa = PBXSourcesBuildPhase;
			buildActionMask = 2147483647;
			files = (
			);
			runOnlyForDeploymentPostprocessing = 0;
		};
/* End PBXSourcesBuildPhase section */

/* Begin PBXTargetDependency section */
		DCAFC5862251372800B6D0DA /* PBXTargetDependency */ = {
			isa = PBXTargetDependency;
			target = DCAFC56F2251372600B6D0DA /* Whitehouse-7 */;
			targetProxy = DCAFC5852251372800B6D0DA /* PBXContainerItemProxy */;
		};
		DCAFC5912251372800B6D0DA /* PBXTargetDependency */ = {
			isa = PBXTargetDependency;
			target = DCAFC56F2251372600B6D0DA /* Whitehouse-7 */;
			targetProxy = DCAFC5902251372800B6D0DA /* PBXContainerItemProxy */;
		};
/* End PBXTargetDependency section */

/* Begin PBXVariantGroup section */
		DCAFC5772251372600B6D0DA /* Main.storyboard */ = {
			isa = PBXVariantGroup;
			children = (
				DCAFC5782251372600B6D0DA /* Base */,
			);
			name = Main.storyboard;
			sourceTree = "<group>";
		};
		DCAFC57C2251372800B6D0DA /* LaunchScreen.storyboard */ = {
			isa = PBXVariantGroup;
			children = (
				DCAFC57D2251372800B6D0DA /* Base */,
			);
			name = LaunchScreen.storyboard;
			sourceTree = "<group>";
		};
/* End PBXVariantGroup section */

/* Begin XCBuildConfiguration section */
		DCAFC5962251372800B6D0DA /* Debug */ = {
			isa = XCBuildConfiguration;
			buildSettings = {
				ALWAYS_SEARCH_USER_PATHS = NO;
				CLANG_ANALYZER_NONNULL = YES;
				CLANG_ANALYZER_NUMBER_OBJECT_CONVERSION = YES_AGGRESSIVE;
				CLANG_CXX_LANGUAGE_STANDARD = "gnu++14";
				CLANG_CXX_LIBRARY = "libc++";
				CLANG_ENABLE_MODULES = YES;
				CLANG_ENABLE_OBJC_ARC = YES;
				CLANG_ENABLE_OBJC_WEAK = YES;
				CLANG_WARN_BLOCK_CAPTURE_AUTORELEASING = YES;
				CLANG_WARN_BOOL_CONVERSION = YES;
				CLANG_WARN_COMMA = YES;
				CLANG_WARN_CONSTANT_CONVERSION = YES;
				CLANG_WARN_DEPRECATED_OBJC_IMPLEMENTATIONS = YES;
				CLANG_WARN_DIRECT_OBJC_ISA_USAGE = YES_ERROR;
				CLANG_WARN_DOCUMENTATION_COMMENTS = YES;
				CLANG_WARN_EMPTY_BODY = YES;
				CLANG_WARN_ENUM_CONVERSION = YES;
				CLANG_WARN_INFINITE_RECURSION = YES;
				CLANG_WARN_INT_CONVERSION = YES;
				CLANG_WARN_NON_LITERAL_NULL_CONVERSION = YES;
				CLANG_WARN_OBJC_IMPLICIT_RETAIN_SELF = YES;
				CLANG_WARN_OBJC_LITERAL_CONVERSION = YES;
				CLANG_WARN_OBJC_ROOT_CLASS = YES_ERROR;
				CLANG_WARN_RANGE_LOOP_ANALYSIS = YES;
				CLANG_WARN_STRICT_PROTOTYPES = YES;
				CLANG_WARN_SUSPICIOUS_MOVE = YES;
				CLANG_WARN_UNGUARDED_AVAILABILITY = YES_AGGRESSIVE;
				CLANG_WARN_UNREACHABLE_CODE = YES;
				CLANG_WARN__DUPLICATE_METHOD_MATCH = YES;
				CODE_SIGN_IDENTITY = "iPhone Developer";
				COPY_PHASE_STRIP = NO;
				DEBUG_INFORMATION_FORMAT = dwarf;
				ENABLE_STRICT_OBJC_MSGSEND = YES;
				ENABLE_TESTABILITY = YES;
				GCC_C_LANGUAGE_STANDARD = gnu11;
				GCC_DYNAMIC_NO_PIC = NO;
				GCC_NO_COMMON_BLOCKS = YES;
				GCC_OPTIMIZATION_LEVEL = 0;
				GCC_PREPROCESSOR_DEFINITIONS = (
					"DEBUG=1",
					"$(inherited)",
				);
				GCC_WARN_64_TO_32_BIT_CONVERSION = YES;
				GCC_WARN_ABOUT_RETURN_TYPE = YES_ERROR;
				GCC_WARN_UNDECLARED_SELECTOR = YES;
				GCC_WARN_UNINITIALIZED_AUTOS = YES_AGGRESSIVE;
				GCC_WARN_UNUSED_FUNCTION = YES;
				GCC_WARN_UNUSED_VARIABLE = YES;
				IPHONEOS_DEPLOYMENT_TARGET = 12.2;
				MTL_ENABLE_DEBUG_INFO = INCLUDE_SOURCE;
				MTL_FAST_MATH = YES;
				ONLY_ACTIVE_ARCH = YES;
				SDKROOT = iphoneos;
				SWIFT_ACTIVE_COMPILATION_CONDITIONS = DEBUG;
				SWIFT_OPTIMIZATION_LEVEL = "-Onone";
			};
			name = Debug;
		};
		DCAFC5972251372800B6D0DA /* Release */ = {
			isa = XCBuildConfiguration;
			buildSettings = {
				ALWAYS_SEARCH_USER_PATHS = NO;
				CLANG_ANALYZER_NONNULL = YES;
				CLANG_ANALYZER_NUMBER_OBJECT_CONVERSION = YES_AGGRESSIVE;
				CLANG_CXX_LANGUAGE_STANDARD = "gnu++14";
				CLANG_CXX_LIBRARY = "libc++";
				CLANG_ENABLE_MODULES = YES;
				CLANG_ENABLE_OBJC_ARC = YES;
				CLANG_ENABLE_OBJC_WEAK = YES;
				CLANG_WARN_BLOCK_CAPTURE_AUTORELEASING = YES;
				CLANG_WARN_BOOL_CONVERSION = YES;
				CLANG_WARN_COMMA = YES;
				CLANG_WARN_CONSTANT_CONVERSION = YES;
				CLANG_WARN_DEPRECATED_OBJC_IMPLEMENTATIONS = YES;
				CLANG_WARN_DIRECT_OBJC_ISA_USAGE = YES_ERROR;
				CLANG_WARN_DOCUMENTATION_COMMENTS = YES;
				CLANG_WARN_EMPTY_BODY = YES;
				CLANG_WARN_ENUM_CONVERSION = YES;
				CLANG_WARN_INFINITE_RECURSION = YES;
				CLANG_WARN_INT_CONVERSION = YES;
				CLANG_WARN_NON_LITERAL_NULL_CONVERSION = YES;
				CLANG_WARN_OBJC_IMPLICIT_RETAIN_SELF = YES;
				CLANG_WARN_OBJC_LITERAL_CONVERSION = YES;
				CLANG_WARN_OBJC_ROOT_CLASS = YES_ERROR;
				CLANG_WARN_RANGE_LOOP_ANALYSIS = YES;
				CLANG_WARN_STRICT_PROTOTYPES = YES;
				CLANG_WARN_SUSPICIOUS_MOVE = YES;
				CLANG_WARN_UNGUARDED_AVAILABILITY = YES_AGGRESSIVE;
				CLANG_WARN_UNREACHABLE_CODE = YES;
				CLANG_WARN__DUPLICATE_METHOD_MATCH = YES;
				CODE_SIGN_IDENTITY = "iPhone Developer";
				COPY_PHASE_STRIP = NO;
				DEBUG_INFORMATION_FORMAT = "dwarf-with-dsym";
				ENABLE_NS_ASSERTIONS = NO;
				ENABLE_STRICT_OBJC_MSGSEND = YES;
				GCC_C_LANGUAGE_STANDARD = gnu11;
				GCC_NO_COMMON_BLOCKS = YES;
				GCC_WARN_64_TO_32_BIT_CONVERSION = YES;
				GCC_WARN_ABOUT_RETURN_TYPE = YES_ERROR;
				GCC_WARN_UNDECLARED_SELECTOR = YES;
				GCC_WARN_UNINITIALIZED_AUTOS = YES_AGGRESSIVE;
				GCC_WARN_UNUSED_FUNCTION = YES;
				GCC_WARN_UNUSED_VARIABLE = YES;
				IPHONEOS_DEPLOYMENT_TARGET = 12.2;
				MTL_ENABLE_DEBUG_INFO = NO;
				MTL_FAST_MATH = YES;
				SDKROOT = iphoneos;
				SWIFT_COMPILATION_MODE = wholemodule;
				SWIFT_OPTIMIZATION_LEVEL = "-O";
				VALIDATE_PRODUCT = YES;
			};
			name = Release;
		};
		DCAFC5992251372800B6D0DA /* Debug */ = {
			isa = XCBuildConfiguration;
			buildSettings = {
				ASSETCATALOG_COMPILER_APPICON_NAME = AppIcon;
				CODE_SIGN_STYLE = Automatic;
				DEVELOPMENT_TEAM = NU3T85F468;
				INFOPLIST_FILE = "Whitehouse-7/Info.plist";
				LD_RUNPATH_SEARCH_PATHS = (
					"$(inherited)",
					"@executable_path/Frameworks",
				);
				PRODUCT_BUNDLE_IDENTIFIER = "com.icedoutxcv.Whitehouse-7";
				PRODUCT_NAME = "$(TARGET_NAME)";
				SWIFT_VERSION = 5.0;
				TARGETED_DEVICE_FAMILY = "1,2";
			};
			name = Debug;
		};
		DCAFC59A2251372800B6D0DA /* Release */ = {
			isa = XCBuildConfiguration;
			buildSettings = {
				ASSETCATALOG_COMPILER_APPICON_NAME = AppIcon;
				CODE_SIGN_STYLE = Automatic;
				DEVELOPMENT_TEAM = NU3T85F468;
				INFOPLIST_FILE = "Whitehouse-7/Info.plist";
				LD_RUNPATH_SEARCH_PATHS = (
					"$(inherited)",
					"@executable_path/Frameworks",
				);
				PRODUCT_BUNDLE_IDENTIFIER = "com.icedoutxcv.Whitehouse-7";
				PRODUCT_NAME = "$(TARGET_NAME)";
				SWIFT_VERSION = 5.0;
				TARGETED_DEVICE_FAMILY = "1,2";
			};
			name = Release;
		};
		DCAFC59C2251372800B6D0DA /* Debug */ = {
			isa = XCBuildConfiguration;
			buildSettings = {
				ALWAYS_EMBED_SWIFT_STANDARD_LIBRARIES = YES;
				BUNDLE_LOADER = "$(TEST_HOST)";
				CODE_SIGN_STYLE = Automatic;
				DEVELOPMENT_TEAM = NU3T85F468;
				INFOPLIST_FILE = "Whitehouse-7Tests/Info.plist";
				LD_RUNPATH_SEARCH_PATHS = (
					"$(inherited)",
					"@executable_path/Frameworks",
					"@loader_path/Frameworks",
				);
				PRODUCT_BUNDLE_IDENTIFIER = "com.icedoutxcv.Whitehouse-7Tests";
				PRODUCT_NAME = "$(TARGET_NAME)";
				SWIFT_VERSION = 5.0;
				TARGETED_DEVICE_FAMILY = "1,2";
				TEST_HOST = "$(BUILT_PRODUCTS_DIR)/Whitehouse-7.app/Whitehouse-7";
			};
			name = Debug;
		};
		DCAFC59D2251372800B6D0DA /* Release */ = {
			isa = XCBuildConfiguration;
			buildSettings = {
				ALWAYS_EMBED_SWIFT_STANDARD_LIBRARIES = YES;
				BUNDLE_LOADER = "$(TEST_HOST)";
				CODE_SIGN_STYLE = Automatic;
				DEVELOPMENT_TEAM = NU3T85F468;
				INFOPLIST_FILE = "Whitehouse-7Tests/Info.plist";
				LD_RUNPATH_SEARCH_PATHS = (
					"$(inherited)",
					"@executable_path/Frameworks",
					"@loader_path/Frameworks",
				);
				PRODUCT_BUNDLE_IDENTIFIER = "com.icedoutxcv.Whitehouse-7Tests";
				PRODUCT_NAME = "$(TARGET_NAME)";
				SWIFT_VERSION = 5.0;
				TARGETED_DEVICE_FAMILY = "1,2";
				TEST_HOST = "$(BUILT_PRODUCTS_DIR)/Whitehouse-7.app/Whitehouse-7";
			};
			name = Release;
		};
		DCAFC59F2251372800B6D0DA /* Debug */ = {
			isa = XCBuildConfiguration;
			buildSettings = {
				ALWAYS_EMBED_SWIFT_STANDARD_LIBRARIES = YES;
				CODE_SIGN_STYLE = Automatic;
				DEVELOPMENT_TEAM = NU3T85F468;
				INFOPLIST_FILE = "Whitehouse-7UITests/Info.plist";
				LD_RUNPATH_SEARCH_PATHS = (
					"$(inherited)",
					"@executable_path/Frameworks",
					"@loader_path/Frameworks",
				);
				PRODUCT_BUNDLE_IDENTIFIER = "com.icedoutxcv.Whitehouse-7UITests";
				PRODUCT_NAME = "$(TARGET_NAME)";
				SWIFT_VERSION = 5.0;
				TARGETED_DEVICE_FAMILY = "1,2";
				TEST_TARGET_NAME = "Whitehouse-7";
			};
			name = Debug;
		};
		DCAFC5A02251372800B6D0DA /* Release */ = {
			isa = XCBuildConfiguration;
			buildSettings = {
				ALWAYS_EMBED_SWIFT_STANDARD_LIBRARIES = YES;
				CODE_SIGN_STYLE = Automatic;
				DEVELOPMENT_TEAM = NU3T85F468;
				INFOPLIST_FILE = "Whitehouse-7UITests/Info.plist";
				LD_RUNPATH_SEARCH_PATHS = (
					"$(inherited)",
					"@executable_path/Frameworks",
					"@loader_path/Frameworks",
				);
				PRODUCT_BUNDLE_IDENTIFIER = "com.icedoutxcv.Whitehouse-7UITests";
				PRODUCT_NAME = "$(TARGET_NAME)";
				SWIFT_VERSION = 5.0;
				TARGETED_DEVICE_FAMILY = "1,2";
				TEST_TARGET_NAME = "Whitehouse-7";
			};
			name = Release;
		};
/* End XCBuildConfiguration section */

/* Begin XCConfigurationList section */
		DCAFC56B2251372600B6D0DA /* Build configuration list for PBXProject "Whitehouse-7" */ = {
			isa = XCConfigurationList;
			buildConfigurations = (
				DCAFC5962251372800B6D0DA /* Debug */,
				DCAFC5972251372800B6D0DA /* Release */,
			);
			defaultConfigurationIsVisible = 0;
			defaultConfigurationName = Release;
		};
		DCAFC5982251372800B6D0DA /* Build configuration list for PBXNativeTarget "Whitehouse-7" */ = {
			isa = XCConfigurationList;
			buildConfigurations = (
				DCAFC5992251372800B6D0DA /* Debug */,
				DCAFC59A2251372800B6D0DA /* Release */,
			);
			defaultConfigurationIsVisible = 0;
			defaultConfigurationName = Release;
		};
		DCAFC59B2251372800B6D0DA /* Build configuration list for PBXNativeTarget "Whitehouse-7Tests" */ = {
			isa = XCConfigurationList;
			buildConfigurations = (
				DCAFC59C2251372800B6D0DA /* Debug */,
				DCAFC59D2251372800B6D0DA /* Release */,
			);
			defaultConfigurationIsVisible = 0;
			defaultConfigurationName = Release;
		};
		DCAFC59E2251372800B6D0DA /* Build configuration list for PBXNativeTarget "Whitehouse-7UITests" */ = {
			isa = XCConfigurationList;
			buildConfigurations = (
				DCAFC59F2251372800B6D0DA /* Debug */,
				DCAFC5A02251372800B6D0DA /* Release */,
			);
			defaultConfigurationIsVisible = 0;
			defaultConfigurationName = Release;
		};
/* End XCConfigurationList section */
	};
	rootObject = DCAFC5682251372600B6D0DA /* Project object */;
}
