// !$*UTF8*$!
{
	archiveVersion = 1;
	classes = {
	};
	objectVersion = 50;
	objects = {

/* Begin PBXBuildFile section */
		DC5214FD22B7ED14003790CC /* AppDelegate.swift in Sources */ = {isa = PBXBuildFile; fileRef = DC5214FC22B7ED14003790CC /* AppDelegate.swift */; };
		DC5214FF22B7ED14003790CC /* SceneDelegate.swift in Sources */ = {isa = PBXBuildFile; fileRef = DC5214FE22B7ED14003790CC /* SceneDelegate.swift */; };
		DC52150122B7ED14003790CC /* ViewController.swift in Sources */ = {isa = PBXBuildFile; fileRef = DC52150022B7ED14003790CC /* ViewController.swift */; };
		DC52150422B7ED14003790CC /* Main.storyboard in Resources */ = {isa = PBXBuildFile; fileRef = DC52150222B7ED14003790CC /* Main.storyboard */; };
		DC52150622B7ED15003790CC /* Assets.xcassets in Resources */ = {isa = PBXBuildFile; fileRef = DC52150522B7ED15003790CC /* Assets.xcassets */; };
		DC52150922B7ED15003790CC /* LaunchScreen.storyboard in Resources */ = {isa = PBXBuildFile; fileRef = DC52150722B7ED15003790CC /* LaunchScreen.storyboard */; };
		DC52151122B7F2F4003790CC /* Capital.swift in Sources */ = {isa = PBXBuildFile; fileRef = DC52151022B7F2F4003790CC /* Capital.swift */; };
/* End PBXBuildFile section */

/* Begin PBXFileReference section */
		DC5214F922B7ED14003790CC /* CapitalCities-16.app */ = {isa = PBXFileReference; explicitFileType = wrapper.application; includeInIndex = 0; path = "CapitalCities-16.app"; sourceTree = BUILT_PRODUCTS_DIR; };
		DC5214FC22B7ED14003790CC /* AppDelegate.swift */ = {isa = PBXFileReference; lastKnownFileType = sourcecode.swift; path = AppDelegate.swift; sourceTree = "<group>"; };
		DC5214FE22B7ED14003790CC /* SceneDelegate.swift */ = {isa = PBXFileReference; lastKnownFileType = sourcecode.swift; path = SceneDelegate.swift; sourceTree = "<group>"; };
		DC52150022B7ED14003790CC /* ViewController.swift */ = {isa = PBXFileReference; lastKnownFileType = sourcecode.swift; path = ViewController.swift; sourceTree = "<group>"; };
		DC52150322B7ED14003790CC /* Base */ = {isa = PBXFileReference; lastKnownFileType = file.storyboard; name = Base; path = Base.lproj/Main.storyboard; sourceTree = "<group>"; };
		DC52150522B7ED15003790CC /* Assets.xcassets */ = {isa = PBXFileReference; lastKnownFileType = folder.assetcatalog; path = Assets.xcassets; sourceTree = "<group>"; };
		DC52150822B7ED15003790CC /* Base */ = {isa = PBXFileReference; lastKnownFileType = file.storyboard; name = Base; path = Base.lproj/LaunchScreen.storyboard; sourceTree = "<group>"; };
		DC52150A22B7ED15003790CC /* Info.plist */ = {isa = PBXFileReference; lastKnownFileType = text.plist.xml; path = Info.plist; sourceTree = "<group>"; };
		DC52151022B7F2F4003790CC /* Capital.swift */ = {isa = PBXFileReference; lastKnownFileType = sourcecode.swift; path = Capital.swift; sourceTree = "<group>"; };
/* End PBXFileReference section */

/* Begin PBXFrameworksBuildPhase section */
		DC5214F622B7ED14003790CC /* Frameworks */ = {
			isa = PBXFrameworksBuildPhase;
			buildActionMask = 2147483647;
			files = (
			);
			runOnlyForDeploymentPostprocessing = 0;
		};
/* End PBXFrameworksBuildPhase section */

/* Begin PBXGroup section */
		DC5214F022B7ED14003790CC = {
			isa = PBXGroup;
			children = (
				DC5214FB22B7ED14003790CC /* CapitalCities-16 */,
				DC5214FA22B7ED14003790CC /* Products */,
			);
			sourceTree = "<group>";
		};
		DC5214FA22B7ED14003790CC /* Products */ = {
			isa = PBXGroup;
			children = (
				DC5214F922B7ED14003790CC /* CapitalCities-16.app */,
			);
			name = Products;
			sourceTree = "<group>";
		};
		DC5214FB22B7ED14003790CC /* CapitalCities-16 */ = {
			isa = PBXGroup;
			children = (
				DC5214FC22B7ED14003790CC /* AppDelegate.swift */,
				DC5214FE22B7ED14003790CC /* SceneDelegate.swift */,
				DC52150022B7ED14003790CC /* ViewController.swift */,
				DC52150222B7ED14003790CC /* Main.storyboard */,
				DC52150522B7ED15003790CC /* Assets.xcassets */,
				DC52150722B7ED15003790CC /* LaunchScreen.storyboard */,
				DC52150A22B7ED15003790CC /* Info.plist */,
				DC52151022B7F2F4003790CC /* Capital.swift */,
			);
			path = "CapitalCities-16";
			sourceTree = "<group>";
		};
/* End PBXGroup section */

/* Begin PBXNativeTarget section */
		DC5214F822B7ED14003790CC /* CapitalCities-16 */ = {
			isa = PBXNativeTarget;
			buildConfigurationList = DC52150D22B7ED15003790CC /* Build configuration list for PBXNativeTarget "CapitalCities-16" */;
			buildPhases = (
				DC5214F522B7ED14003790CC /* Sources */,
				DC5214F622B7ED14003790CC /* Frameworks */,
				DC5214F722B7ED14003790CC /* Resources */,
			);
			buildRules = (
			);
			dependencies = (
			);
			name = "CapitalCities-16";
			productName = "CapitalCities-16";
			productReference = DC5214F922B7ED14003790CC /* CapitalCities-16.app */;
			productType = "com.apple.product-type.application";
		};
/* End PBXNativeTarget section */

/* Begin PBXProject section */
		DC5214F122B7ED14003790CC /* Project object */ = {
			isa = PBXProject;
			attributes = {
				LastSwiftUpdateCheck = 1100;
				LastUpgradeCheck = 1100;
				ORGANIZATIONNAME = "Kamil Bloch";
				TargetAttributes = {
					DC5214F822B7ED14003790CC = {
						CreatedOnToolsVersion = 11.0;
					};
				};
			};
			buildConfigurationList = DC5214F422B7ED14003790CC /* Build configuration list for PBXProject "CapitalCities-16" */;
			compatibilityVersion = "Xcode 9.3";
			developmentRegion = en;
			hasScannedForEncodings = 0;
			knownRegions = (
				en,
				Base,
			);
			mainGroup = DC5214F022B7ED14003790CC;
			productRefGroup = DC5214FA22B7ED14003790CC /* Products */;
			projectDirPath = "";
			projectRoot = "";
			targets = (
				DC5214F822B7ED14003790CC /* CapitalCities-16 */,
			);
		};
/* End PBXProject section */

/* Begin PBXResourcesBuildPhase section */
		DC5214F722B7ED14003790CC /* Resources */ = {
			isa = PBXResourcesBuildPhase;
			buildActionMask = 2147483647;
			files = (
				DC52150922B7ED15003790CC /* LaunchScreen.storyboard in Resources */,
				DC52150622B7ED15003790CC /* Assets.xcassets in Resources */,
				DC52150422B7ED14003790CC /* Main.storyboard in Resources */,
			);
			runOnlyForDeploymentPostprocessing = 0;
		};
/* End PBXResourcesBuildPhase section */

/* Begin PBXSourcesBuildPhase section */
		DC5214F522B7ED14003790CC /* Sources */ = {
			isa = PBXSourcesBuildPhase;
			buildActionMask = 2147483647;
			files = (
				DC52150122B7ED14003790CC /* ViewController.swift in Sources */,
				DC5214FD22B7ED14003790CC /* AppDelegate.swift in Sources */,
				DC52151122B7F2F4003790CC /* Capital.swift in Sources */,
				DC5214FF22B7ED14003790CC /* SceneDelegate.swift in Sources */,
			);
			runOnlyForDeploymentPostprocessing = 0;
		};
/* End PBXSourcesBuildPhase section */

/* Begin PBXVariantGroup section */
		DC52150222B7ED14003790CC /* Main.storyboard */ = {
			isa = PBXVariantGroup;
			children = (
				DC52150322B7ED14003790CC /* Base */,
			);
			name = Main.storyboard;
			sourceTree = "<group>";
		};
		DC52150722B7ED15003790CC /* LaunchScreen.storyboard */ = {
			isa = PBXVariantGroup;
			children = (
				DC52150822B7ED15003790CC /* Base */,
			);
			name = LaunchScreen.storyboard;
			sourceTree = "<group>";
		};
/* End PBXVariantGroup section */

/* Begin XCBuildConfiguration section */
		DC52150B22B7ED15003790CC /* Debug */ = {
			isa = XCBuildConfiguration;
			buildSettings = {
				ALWAYS_SEARCH_USER_PATHS = NO;
				CLANG_ANALYZER_NONNULL = YES;
				CLANG_ANALYZER_NUMBER_OBJECT_CONVERSION = YES_AGGRESSIVE;
				CLANG_CXX_LANGUAGE_STANDARD = "gnu++14";
				CLANG_CXX_LIBRARY = "libc++";
				CLANG_ENABLE_MODULES = YES;
				CLANG_ENABLE_OBJC_ARC = YES;
				CLANG_ENABLE_OBJC_WEAK = YES;
				CLANG_WARN_BLOCK_CAPTURE_AUTORELEASING = YES;
				CLANG_WARN_BOOL_CONVERSION = YES;
				CLANG_WARN_COMMA = YES;
				CLANG_WARN_CONSTANT_CONVERSION = YES;
				CLANG_WARN_DEPRECATED_OBJC_IMPLEMENTATIONS = YES;
				CLANG_WARN_DIRECT_OBJC_ISA_USAGE = YES_ERROR;
				CLANG_WARN_DOCUMENTATION_COMMENTS = YES;
				CLANG_WARN_EMPTY_BODY = YES;
				CLANG_WARN_ENUM_CONVERSION = YES;
				CLANG_WARN_INFINITE_RECURSION = YES;
				CLANG_WARN_INT_CONVERSION = YES;
				CLANG_WARN_NON_LITERAL_NULL_CONVERSION = YES;
				CLANG_WARN_OBJC_IMPLICIT_RETAIN_SELF = YES;
				CLANG_WARN_OBJC_LITERAL_CONVERSION = YES;
				CLANG_WARN_OBJC_ROOT_CLASS = YES_ERROR;
				CLANG_WARN_RANGE_LOOP_ANALYSIS = YES;
				CLANG_WARN_STRICT_PROTOTYPES = YES;
				CLANG_WARN_SUSPICIOUS_MOVE = YES;
				CLANG_WARN_UNGUARDED_AVAILABILITY = YES_AGGRESSIVE;
				CLANG_WARN_UNREACHABLE_CODE = YES;
				CLANG_WARN__DUPLICATE_METHOD_MATCH = YES;
				COPY_PHASE_STRIP = NO;
				DEBUG_INFORMATION_FORMAT = dwarf;
				ENABLE_STRICT_OBJC_MSGSEND = YES;
				ENABLE_TESTABILITY = YES;
				GCC_C_LANGUAGE_STANDARD = gnu11;
				GCC_DYNAMIC_NO_PIC = NO;
				GCC_NO_COMMON_BLOCKS = YES;
				GCC_OPTIMIZATION_LEVEL = 0;
				GCC_PREPROCESSOR_DEFINITIONS = (
					"DEBUG=1",
					"$(inherited)",
				);
				GCC_WARN_64_TO_32_BIT_CONVERSION = YES;
				GCC_WARN_ABOUT_RETURN_TYPE = YES_ERROR;
				GCC_WARN_UNDECLARED_SELECTOR = YES;
				GCC_WARN_UNINITIALIZED_AUTOS = YES_AGGRESSIVE;
				GCC_WARN_UNUSED_FUNCTION = YES;
				GCC_WARN_UNUSED_VARIABLE = YES;
				IPHONEOS_DEPLOYMENT_TARGET = 13.0;
				MTL_ENABLE_DEBUG_INFO = INCLUDE_SOURCE;
				MTL_FAST_MATH = YES;
				ONLY_ACTIVE_ARCH = YES;
				SDKROOT = iphoneos;
				SWIFT_ACTIVE_COMPILATION_CONDITIONS = DEBUG;
				SWIFT_OPTIMIZATION_LEVEL = "-Onone";
			};
			name = Debug;
		};
		DC52150C22B7ED15003790CC /* Release */ = {
			isa = XCBuildConfiguration;
			buildSettings = {
				ALWAYS_SEARCH_USER_PATHS = NO;
				CLANG_ANALYZER_NONNULL = YES;
				CLANG_ANALYZER_NUMBER_OBJECT_CONVERSION = YES_AGGRESSIVE;
				CLANG_CXX_LANGUAGE_STANDARD = "gnu++14";
				CLANG_CXX_LIBRARY = "libc++";
				CLANG_ENABLE_MODULES = YES;
				CLANG_ENABLE_OBJC_ARC = YES;
				CLANG_ENABLE_OBJC_WEAK = YES;
				CLANG_WARN_BLOCK_CAPTURE_AUTORELEASING = YES;
				CLANG_WARN_BOOL_CONVERSION = YES;
				CLANG_WARN_COMMA = YES;
				CLANG_WARN_CONSTANT_CONVERSION = YES;
				CLANG_WARN_DEPRECATED_OBJC_IMPLEMENTATIONS = YES;
				CLANG_WARN_DIRECT_OBJC_ISA_USAGE = YES_ERROR;
				CLANG_WARN_DOCUMENTATION_COMMENTS = YES;
				CLANG_WARN_EMPTY_BODY = YES;
				CLANG_WARN_ENUM_CONVERSION = YES;
				CLANG_WARN_INFINITE_RECURSION = YES;
				CLANG_WARN_INT_CONVERSION = YES;
				CLANG_WARN_NON_LITERAL_NULL_CONVERSION = YES;
				CLANG_WARN_OBJC_IMPLICIT_RETAIN_SELF = YES;
				CLANG_WARN_OBJC_LITERAL_CONVERSION = YES;
				CLANG_WARN_OBJC_ROOT_CLASS = YES_ERROR;
				CLANG_WARN_RANGE_LOOP_ANALYSIS = YES;
				CLANG_WARN_STRICT_PROTOTYPES = YES;
				CLANG_WARN_SUSPICIOUS_MOVE = YES;
				CLANG_WARN_UNGUARDED_AVAILABILITY = YES_AGGRESSIVE;
				CLANG_WARN_UNREACHABLE_CODE = YES;
				CLANG_WARN__DUPLICATE_METHOD_MATCH = YES;
				COPY_PHASE_STRIP = NO;
				DEBUG_INFORMATION_FORMAT = "dwarf-with-dsym";
				ENABLE_NS_ASSERTIONS = NO;
				ENABLE_STRICT_OBJC_MSGSEND = YES;
				GCC_C_LANGUAGE_STANDARD = gnu11;
				GCC_NO_COMMON_BLOCKS = YES;
				GCC_WARN_64_TO_32_BIT_CONVERSION = YES;
				GCC_WARN_ABOUT_RETURN_TYPE = YES_ERROR;
				GCC_WARN_UNDECLARED_SELECTOR = YES;
				GCC_WARN_UNINITIALIZED_AUTOS = YES_AGGRESSIVE;
				GCC_WARN_UNUSED_FUNCTION = YES;
				GCC_WARN_UNUSED_VARIABLE = YES;
				IPHONEOS_DEPLOYMENT_TARGET = 13.0;
				MTL_ENABLE_DEBUG_INFO = NO;
				MTL_FAST_MATH = YES;
				SDKROOT = iphoneos;
				SWIFT_COMPILATION_MODE = wholemodule;
				SWIFT_OPTIMIZATION_LEVEL = "-O";
				VALIDATE_PRODUCT = YES;
			};
			name = Release;
		};
		DC52150E22B7ED15003790CC /* Debug */ = {
			isa = XCBuildConfiguration;
			buildSettings = {
				ASSETCATALOG_COMPILER_APPICON_NAME = AppIcon;
				CODE_SIGN_STYLE = Automatic;
				DEVELOPMENT_TEAM = NU3T85F468;
				INFOPLIST_FILE = "CapitalCities-16/Info.plist";
				LD_RUNPATH_SEARCH_PATHS = (
					"$(inherited)",
					"@executable_path/Frameworks",
				);
				PRODUCT_BUNDLE_IDENTIFIER = "com.icedoutxcv.CapitalCities-16";
				PRODUCT_NAME = "$(TARGET_NAME)";
				SWIFT_VERSION = 5.0;
				TARGETED_DEVICE_FAMILY = "1,2";
			};
			name = Debug;
		};
		DC52150F22B7ED15003790CC /* Release */ = {
			isa = XCBuildConfiguration;
			buildSettings = {
				ASSETCATALOG_COMPILER_APPICON_NAME = AppIcon;
				CODE_SIGN_STYLE = Automatic;
				DEVELOPMENT_TEAM = NU3T85F468;
				INFOPLIST_FILE = "CapitalCities-16/Info.plist";
				LD_RUNPATH_SEARCH_PATHS = (
					"$(inherited)",
					"@executable_path/Frameworks",
				);
				PRODUCT_BUNDLE_IDENTIFIER = "com.icedoutxcv.CapitalCities-16";
				PRODUCT_NAME = "$(TARGET_NAME)";
				SWIFT_VERSION = 5.0;
				TARGETED_DEVICE_FAMILY = "1,2";
			};
			name = Release;
		};
/* End XCBuildConfiguration section */

/* Begin XCConfigurationList section */
		DC5214F422B7ED14003790CC /* Build configuration list for PBXProject "CapitalCities-16" */ = {
			isa = XCConfigurationList;
			buildConfigurations = (
				DC52150B22B7ED15003790CC /* Debug */,
				DC52150C22B7ED15003790CC /* Release */,
			);
			defaultConfigurationIsVisible = 0;
			defaultConfigurationName = Release;
		};
		DC52150D22B7ED15003790CC /* Build configuration list for PBXNativeTarget "CapitalCities-16" */ = {
			isa = XCConfigurationList;
			buildConfigurations = (
				DC52150E22B7ED15003790CC /* Debug */,
				DC52150F22B7ED15003790CC /* Release */,
			);
			defaultConfigurationIsVisible = 0;
			defaultConfigurationName = Release;
		};
/* End XCConfigurationList section */
	};
	rootObject = DC5214F122B7ED14003790CC /* Project object */;
}
