// !$*UTF8*$!
{
	archiveVersion = 1;
	classes = {
	};
	objectVersion = 50;
	objects = {

/* Begin PBXBuildFile section */
		DC019CCF2259061D00C9FB79 /* AppDelegate.swift in Sources */ = {isa = PBXBuildFile; fileRef = DC019CCE2259061D00C9FB79 /* AppDelegate.swift */; };
		DC019CD12259061D00C9FB79 /* ViewController.swift in Sources */ = {isa = PBXBuildFile; fileRef = DC019CD02259061D00C9FB79 /* ViewController.swift */; };
		DC019CD42259061D00C9FB79 /* Main.storyboard in Resources */ = {isa = PBXBuildFile; fileRef = DC019CD22259061D00C9FB79 /* Main.storyboard */; };
		DC019CD62259061E00C9FB79 /* Assets.xcassets in Resources */ = {isa = PBXBuildFile; fileRef = DC019CD52259061E00C9FB79 /* Assets.xcassets */; };
		DC019CD92259061E00C9FB79 /* LaunchScreen.storyboard in Resources */ = {isa = PBXBuildFile; fileRef = DC019CD72259061E00C9FB79 /* LaunchScreen.storyboard */; };
		DC07A1B2225E3A380086CF19 /* level2.txt in Resources */ = {isa = PBXBuildFile; fileRef = DC07A1B1225E3A380086CF19 /* level2.txt */; };
		DCF45FE8225B91C6001A5AB0 /* level1.txt in Resources */ = {isa = PBXBuildFile; fileRef = DCF45FE7225B91C6001A5AB0 /* level1.txt */; };
/* End PBXBuildFile section */

/* Begin PBXFileReference section */
		DC019CCB2259061D00C9FB79 /* 7SwiftyWords-8.app */ = {isa = PBXFileReference; explicitFileType = wrapper.application; includeInIndex = 0; path = "7SwiftyWords-8.app"; sourceTree = BUILT_PRODUCTS_DIR; };
		DC019CCE2259061D00C9FB79 /* AppDelegate.swift */ = {isa = PBXFileReference; lastKnownFileType = sourcecode.swift; path = AppDelegate.swift; sourceTree = "<group>"; };
		DC019CD02259061D00C9FB79 /* ViewController.swift */ = {isa = PBXFileReference; lastKnownFileType = sourcecode.swift; path = ViewController.swift; sourceTree = "<group>"; };
		DC019CD32259061D00C9FB79 /* Base */ = {isa = PBXFileReference; lastKnownFileType = file.storyboard; name = Base; path = Base.lproj/Main.storyboard; sourceTree = "<group>"; };
		DC019CD52259061E00C9FB79 /* Assets.xcassets */ = {isa = PBXFileReference; lastKnownFileType = folder.assetcatalog; path = Assets.xcassets; sourceTree = "<group>"; };
		DC019CD82259061E00C9FB79 /* Base */ = {isa = PBXFileReference; lastKnownFileType = file.storyboard; name = Base; path = Base.lproj/LaunchScreen.storyboard; sourceTree = "<group>"; };
		DC019CDA2259061E00C9FB79 /* Info.plist */ = {isa = PBXFileReference; lastKnownFileType = text.plist.xml; path = Info.plist; sourceTree = "<group>"; };
		DC07A1B1225E3A380086CF19 /* level2.txt */ = {isa = PBXFileReference; fileEncoding = 4; lastKnownFileType = text; path = level2.txt; sourceTree = "<group>"; };
		DCF45FE7225B91C6001A5AB0 /* level1.txt */ = {isa = PBXFileReference; fileEncoding = 4; lastKnownFileType = text; name = level1.txt; path = "../../HackingWithSwift/project8-files/level1.txt"; sourceTree = "<group>"; };
/* End PBXFileReference section */

/* Begin PBXFrameworksBuildPhase section */
		DC019CC82259061D00C9FB79 /* Frameworks */ = {
			isa = PBXFrameworksBuildPhase;
			buildActionMask = 2147483647;
			files = (
			);
			runOnlyForDeploymentPostprocessing = 0;
		};
/* End PBXFrameworksBuildPhase section */

/* Begin PBXGroup section */
		DC019CC22259061D00C9FB79 = {
			isa = PBXGroup;
			children = (
				DC019CCD2259061D00C9FB79 /* 7SwiftyWords-8 */,
				DC019CCC2259061D00C9FB79 /* Products */,
			);
			sourceTree = "<group>";
		};
		DC019CCC2259061D00C9FB79 /* Products */ = {
			isa = PBXGroup;
			children = (
				DC019CCB2259061D00C9FB79 /* 7SwiftyWords-8.app */,
			);
			name = Products;
			sourceTree = "<group>";
		};
		DC019CCD2259061D00C9FB79 /* 7SwiftyWords-8 */ = {
			isa = PBXGroup;
			children = (
				DC019CCE2259061D00C9FB79 /* AppDelegate.swift */,
				DC019CD02259061D00C9FB79 /* ViewController.swift */,
				DCF45FE7225B91C6001A5AB0 /* level1.txt */,
				DC07A1B1225E3A380086CF19 /* level2.txt */,
				DC019CD22259061D00C9FB79 /* Main.storyboard */,
				DC019CD52259061E00C9FB79 /* Assets.xcassets */,
				DC019CD72259061E00C9FB79 /* LaunchScreen.storyboard */,
				DC019CDA2259061E00C9FB79 /* Info.plist */,
			);
			path = "7SwiftyWords-8";
			sourceTree = "<group>";
		};
/* End PBXGroup section */

/* Begin PBXNativeTarget section */
		DC019CCA2259061D00C9FB79 /* 7SwiftyWords-8 */ = {
			isa = PBXNativeTarget;
			buildConfigurationList = DC019CDD2259061E00C9FB79 /* Build configuration list for PBXNativeTarget "7SwiftyWords-8" */;
			buildPhases = (
				DC019CC72259061D00C9FB79 /* Sources */,
				DC019CC82259061D00C9FB79 /* Frameworks */,
				DC019CC92259061D00C9FB79 /* Resources */,
			);
			buildRules = (
			);
			dependencies = (
			);
			name = "7SwiftyWords-8";
			productName = "7SwiftyWords-8";
			productReference = DC019CCB2259061D00C9FB79 /* 7SwiftyWords-8.app */;
			productType = "com.apple.product-type.application";
		};
/* End PBXNativeTarget section */

/* Begin PBXProject section */
		DC019CC32259061D00C9FB79 /* Project object */ = {
			isa = PBXProject;
			attributes = {
				LastSwiftUpdateCheck = 1020;
				LastUpgradeCheck = 1020;
				ORGANIZATIONNAME = "Kamil Bloch";
				TargetAttributes = {
					DC019CCA2259061D00C9FB79 = {
						CreatedOnToolsVersion = 10.2;
					};
				};
			};
			buildConfigurationList = DC019CC62259061D00C9FB79 /* Build configuration list for PBXProject "7SwiftyWords-8" */;
			compatibilityVersion = "Xcode 9.3";
			developmentRegion = en;
			hasScannedForEncodings = 0;
			knownRegions = (
				en,
				Base,
			);
			mainGroup = DC019CC22259061D00C9FB79;
			productRefGroup = DC019CCC2259061D00C9FB79 /* Products */;
			projectDirPath = "";
			projectRoot = "";
			targets = (
				DC019CCA2259061D00C9FB79 /* 7SwiftyWords-8 */,
			);
		};
/* End PBXProject section */

/* Begin PBXResourcesBuildPhase section */
		DC019CC92259061D00C9FB79 /* Resources */ = {
			isa = PBXResourcesBuildPhase;
			buildActionMask = 2147483647;
			files = (
				DC07A1B2225E3A380086CF19 /* level2.txt in Resources */,
				DC019CD92259061E00C9FB79 /* LaunchScreen.storyboard in Resources */,
				DCF45FE8225B91C6001A5AB0 /* level1.txt in Resources */,
				DC019CD62259061E00C9FB79 /* Assets.xcassets in Resources */,
				DC019CD42259061D00C9FB79 /* Main.storyboard in Resources */,
			);
			runOnlyForDeploymentPostprocessing = 0;
		};
/* End PBXResourcesBuildPhase section */

/* Begin PBXSourcesBuildPhase section */
		DC019CC72259061D00C9FB79 /* Sources */ = {
			isa = PBXSourcesBuildPhase;
			buildActionMask = 2147483647;
			files = (
				DC019CD12259061D00C9FB79 /* ViewController.swift in Sources */,
				DC019CCF2259061D00C9FB79 /* AppDelegate.swift in Sources */,
			);
			runOnlyForDeploymentPostprocessing = 0;
		};
/* End PBXSourcesBuildPhase section */

/* Begin PBXVariantGroup section */
		DC019CD22259061D00C9FB79 /* Main.storyboard */ = {
			isa = PBXVariantGroup;
			children = (
				DC019CD32259061D00C9FB79 /* Base */,
			);
			name = Main.storyboard;
			sourceTree = "<group>";
		};
		DC019CD72259061E00C9FB79 /* LaunchScreen.storyboard */ = {
			isa = PBXVariantGroup;
			children = (
				DC019CD82259061E00C9FB79 /* Base */,
			);
			name = LaunchScreen.storyboard;
			sourceTree = "<group>";
		};
/* End PBXVariantGroup section */

/* Begin XCBuildConfiguration section */
		DC019CDB2259061E00C9FB79 /* Debug */ = {
			isa = XCBuildConfiguration;
			buildSettings = {
				ALWAYS_SEARCH_USER_PATHS = NO;
				CLANG_ANALYZER_NONNULL = YES;
				CLANG_ANALYZER_NUMBER_OBJECT_CONVERSION = YES_AGGRESSIVE;
				CLANG_CXX_LANGUAGE_STANDARD = "gnu++14";
				CLANG_CXX_LIBRARY = "libc++";
				CLANG_ENABLE_MODULES = YES;
				CLANG_ENABLE_OBJC_ARC = YES;
				CLANG_ENABLE_OBJC_WEAK = YES;
				CLANG_WARN_BLOCK_CAPTURE_AUTORELEASING = YES;
				CLANG_WARN_BOOL_CONVERSION = YES;
				CLANG_WARN_COMMA = YES;
				CLANG_WARN_CONSTANT_CONVERSION = YES;
				CLANG_WARN_DEPRECATED_OBJC_IMPLEMENTATIONS = YES;
				CLANG_WARN_DIRECT_OBJC_ISA_USAGE = YES_ERROR;
				CLANG_WARN_DOCUMENTATION_COMMENTS = YES;
				CLANG_WARN_EMPTY_BODY = YES;
				CLANG_WARN_ENUM_CONVERSION = YES;
				CLANG_WARN_INFINITE_RECURSION = YES;
				CLANG_WARN_INT_CONVERSION = YES;
				CLANG_WARN_NON_LITERAL_NULL_CONVERSION = YES;
				CLANG_WARN_OBJC_IMPLICIT_RETAIN_SELF = YES;
				CLANG_WARN_OBJC_LITERAL_CONVERSION = YES;
				CLANG_WARN_OBJC_ROOT_CLASS = YES_ERROR;
				CLANG_WARN_RANGE_LOOP_ANALYSIS = YES;
				CLANG_WARN_STRICT_PROTOTYPES = YES;
				CLANG_WARN_SUSPICIOUS_MOVE = YES;
				CLANG_WARN_UNGUARDED_AVAILABILITY = YES_AGGRESSIVE;
				CLANG_WARN_UNREACHABLE_CODE = YES;
				CLANG_WARN__DUPLICATE_METHOD_MATCH = YES;
				CODE_SIGN_IDENTITY = "iPhone Developer";
				COPY_PHASE_STRIP = NO;
				DEBUG_INFORMATION_FORMAT = dwarf;
				ENABLE_STRICT_OBJC_MSGSEND = YES;
				ENABLE_TESTABILITY = YES;
				GCC_C_LANGUAGE_STANDARD = gnu11;
				GCC_DYNAMIC_NO_PIC = NO;
				GCC_NO_COMMON_BLOCKS = YES;
				GCC_OPTIMIZATION_LEVEL = 0;
				GCC_PREPROCESSOR_DEFINITIONS = (
					"DEBUG=1",
					"$(inherited)",
				);
				GCC_WARN_64_TO_32_BIT_CONVERSION = YES;
				GCC_WARN_ABOUT_RETURN_TYPE = YES_ERROR;
				GCC_WARN_UNDECLARED_SELECTOR = YES;
				GCC_WARN_UNINITIALIZED_AUTOS = YES_AGGRESSIVE;
				GCC_WARN_UNUSED_FUNCTION = YES;
				GCC_WARN_UNUSED_VARIABLE = YES;
				IPHONEOS_DEPLOYMENT_TARGET = 12.2;
				MTL_ENABLE_DEBUG_INFO = INCLUDE_SOURCE;
				MTL_FAST_MATH = YES;
				ONLY_ACTIVE_ARCH = YES;
				SDKROOT = iphoneos;
				SWIFT_ACTIVE_COMPILATION_CONDITIONS = DEBUG;
				SWIFT_OPTIMIZATION_LEVEL = "-Onone";
			};
			name = Debug;
		};
		DC019CDC2259061E00C9FB79 /* Release */ = {
			isa = XCBuildConfiguration;
			buildSettings = {
				ALWAYS_SEARCH_USER_PATHS = NO;
				CLANG_ANALYZER_NONNULL = YES;
				CLANG_ANALYZER_NUMBER_OBJECT_CONVERSION = YES_AGGRESSIVE;
				CLANG_CXX_LANGUAGE_STANDARD = "gnu++14";
				CLANG_CXX_LIBRARY = "libc++";
				CLANG_ENABLE_MODULES = YES;
				CLANG_ENABLE_OBJC_ARC = YES;
				CLANG_ENABLE_OBJC_WEAK = YES;
				CLANG_WARN_BLOCK_CAPTURE_AUTORELEASING = YES;
				CLANG_WARN_BOOL_CONVERSION = YES;
				CLANG_WARN_COMMA = YES;
				CLANG_WARN_CONSTANT_CONVERSION = YES;
				CLANG_WARN_DEPRECATED_OBJC_IMPLEMENTATIONS = YES;
				CLANG_WARN_DIRECT_OBJC_ISA_USAGE = YES_ERROR;
				CLANG_WARN_DOCUMENTATION_COMMENTS = YES;
				CLANG_WARN_EMPTY_BODY = YES;
				CLANG_WARN_ENUM_CONVERSION = YES;
				CLANG_WARN_INFINITE_RECURSION = YES;
				CLANG_WARN_INT_CONVERSION = YES;
				CLANG_WARN_NON_LITERAL_NULL_CONVERSION = YES;
				CLANG_WARN_OBJC_IMPLICIT_RETAIN_SELF = YES;
				CLANG_WARN_OBJC_LITERAL_CONVERSION = YES;
				CLANG_WARN_OBJC_ROOT_CLASS = YES_ERROR;
				CLANG_WARN_RANGE_LOOP_ANALYSIS = YES;
				CLANG_WARN_STRICT_PROTOTYPES = YES;
				CLANG_WARN_SUSPICIOUS_MOVE = YES;
				CLANG_WARN_UNGUARDED_AVAILABILITY = YES_AGGRESSIVE;
				CLANG_WARN_UNREACHABLE_CODE = YES;
				CLANG_WARN__DUPLICATE_METHOD_MATCH = YES;
				CODE_SIGN_IDENTITY = "iPhone Developer";
				COPY_PHASE_STRIP = NO;
				DEBUG_INFORMATION_FORMAT = "dwarf-with-dsym";
				ENABLE_NS_ASSERTIONS = NO;
				ENABLE_STRICT_OBJC_MSGSEND = YES;
				GCC_C_LANGUAGE_STANDARD = gnu11;
				GCC_NO_COMMON_BLOCKS = YES;
				GCC_WARN_64_TO_32_BIT_CONVERSION = YES;
				GCC_WARN_ABOUT_RETURN_TYPE = YES_ERROR;
				GCC_WARN_UNDECLARED_SELECTOR = YES;
				GCC_WARN_UNINITIALIZED_AUTOS = YES_AGGRESSIVE;
				GCC_WARN_UNUSED_FUNCTION = YES;
				GCC_WARN_UNUSED_VARIABLE = YES;
				IPHONEOS_DEPLOYMENT_TARGET = 12.2;
				MTL_ENABLE_DEBUG_INFO = NO;
				MTL_FAST_MATH = YES;
				SDKROOT = iphoneos;
				SWIFT_COMPILATION_MODE = wholemodule;
				SWIFT_OPTIMIZATION_LEVEL = "-O";
				VALIDATE_PRODUCT = YES;
			};
			name = Release;
		};
		DC019CDE2259061E00C9FB79 /* Debug */ = {
			isa = XCBuildConfiguration;
			buildSettings = {
				ASSETCATALOG_COMPILER_APPICON_NAME = AppIcon;
				CODE_SIGN_STYLE = Automatic;
				DEVELOPMENT_TEAM = NU3T85F468;
				INFOPLIST_FILE = "7SwiftyWords-8/Info.plist";
				LD_RUNPATH_SEARCH_PATHS = (
					"$(inherited)",
					"@executable_path/Frameworks",
				);
				PRODUCT_BUNDLE_IDENTIFIER = "com.icedoutxcv.-SwiftyWords-8";
				PRODUCT_NAME = "$(TARGET_NAME)";
				SWIFT_VERSION = 5.0;
				TARGETED_DEVICE_FAMILY = 2;
			};
			name = Debug;
		};
		DC019CDF2259061E00C9FB79 /* Release */ = {
			isa = XCBuildConfiguration;
			buildSettings = {
				ASSETCATALOG_COMPILER_APPICON_NAME = AppIcon;
				CODE_SIGN_STYLE = Automatic;
				DEVELOPMENT_TEAM = NU3T85F468;
				INFOPLIST_FILE = "7SwiftyWords-8/Info.plist";
				LD_RUNPATH_SEARCH_PATHS = (
					"$(inherited)",
					"@executable_path/Frameworks",
				);
				PRODUCT_BUNDLE_IDENTIFIER = "com.icedoutxcv.-SwiftyWords-8";
				PRODUCT_NAME = "$(TARGET_NAME)";
				SWIFT_VERSION = 5.0;
				TARGETED_DEVICE_FAMILY = 2;
			};
			name = Release;
		};
/* End XCBuildConfiguration section */

/* Begin XCConfigurationList section */
		DC019CC62259061D00C9FB79 /* Build configuration list for PBXProject "7SwiftyWords-8" */ = {
			isa = XCConfigurationList;
			buildConfigurations = (
				DC019CDB2259061E00C9FB79 /* Debug */,
				DC019CDC2259061E00C9FB79 /* Release */,
			);
			defaultConfigurationIsVisible = 0;
			defaultConfigurationName = Release;
		};
		DC019CDD2259061E00C9FB79 /* Build configuration list for PBXNativeTarget "7SwiftyWords-8" */ = {
			isa = XCConfigurationList;
			buildConfigurations = (
				DC019CDE2259061E00C9FB79 /* Debug */,
				DC019CDF2259061E00C9FB79 /* Release */,
			);
			defaultConfigurationIsVisible = 0;
			defaultConfigurationName = Release;
		};
/* End XCConfigurationList section */
	};
	rootObject = DC019CC32259061D00C9FB79 /* Project object */;
}
