// !$*UTF8*$!
{
	archiveVersion = 1;
	classes = {
	};
	objectVersion = 50;
	objects = {

/* Begin PBXBuildFile section */
		CDBED6AC235F5EDC009B42FB /* AppDelegate.swift in Sources */ = {isa = PBXBuildFile; fileRef = CDBED6AB235F5EDC009B42FB /* AppDelegate.swift */; };
		CDBED6AE235F5EDC009B42FB /* GameScene.sks in Resources */ = {isa = PBXBuildFile; fileRef = CDBED6AD235F5EDC009B42FB /* GameScene.sks */; };
		CDBED6B2235F5EDC009B42FB /* GameScene.swift in Sources */ = {isa = PBXBuildFile; fileRef = CDBED6B1235F5EDC009B42FB /* GameScene.swift */; };
		CDBED6B4235F5EDC009B42FB /* GameViewController.swift in Sources */ = {isa = PBXBuildFile; fileRef = CDBED6B3235F5EDC009B42FB /* GameViewController.swift */; };
		CDBED6B7235F5EDC009B42FB /* Main.storyboard in Resources */ = {isa = PBXBuildFile; fileRef = CDBED6B5235F5EDC009B42FB /* Main.storyboard */; };
		CDBED6B9235F5EE0009B42FB /* Assets.xcassets in Resources */ = {isa = PBXBuildFile; fileRef = CDBED6B8235F5EE0009B42FB /* Assets.xcassets */; };
		CDBED6BC235F5EE0009B42FB /* LaunchScreen.storyboard in Resources */ = {isa = PBXBuildFile; fileRef = CDBED6BA235F5EE0009B42FB /* LaunchScreen.storyboard */; };
		CDBED6C5235F6486009B42FB /* starfield.sks in Resources */ = {isa = PBXBuildFile; fileRef = CDBED6C3235F6485009B42FB /* starfield.sks */; };
		CDBED6C6235F6486009B42FB /* explosion.sks in Resources */ = {isa = PBXBuildFile; fileRef = CDBED6C4235F6486009B42FB /* explosion.sks */; };
/* End PBXBuildFile section */

/* Begin PBXFileReference section */
		CDBED6A8235F5EDC009B42FB /* Project17-SpaceRace.app */ = {isa = PBXFileReference; explicitFileType = wrapper.application; includeInIndex = 0; path = "Project17-SpaceRace.app"; sourceTree = BUILT_PRODUCTS_DIR; };
		CDBED6AB235F5EDC009B42FB /* AppDelegate.swift */ = {isa = PBXFileReference; lastKnownFileType = sourcecode.swift; path = AppDelegate.swift; sourceTree = "<group>"; };
		CDBED6AD235F5EDC009B42FB /* GameScene.sks */ = {isa = PBXFileReference; lastKnownFileType = file.sks; path = GameScene.sks; sourceTree = "<group>"; };
		CDBED6B1235F5EDC009B42FB /* GameScene.swift */ = {isa = PBXFileReference; lastKnownFileType = sourcecode.swift; path = GameScene.swift; sourceTree = "<group>"; };
		CDBED6B3235F5EDC009B42FB /* GameViewController.swift */ = {isa = PBXFileReference; lastKnownFileType = sourcecode.swift; path = GameViewController.swift; sourceTree = "<group>"; };
		CDBED6B6235F5EDC009B42FB /* Base */ = {isa = PBXFileReference; lastKnownFileType = file.storyboard; name = Base; path = Base.lproj/Main.storyboard; sourceTree = "<group>"; };
		CDBED6B8235F5EE0009B42FB /* Assets.xcassets */ = {isa = PBXFileReference; lastKnownFileType = folder.assetcatalog; path = Assets.xcassets; sourceTree = "<group>"; };
		CDBED6BB235F5EE0009B42FB /* Base */ = {isa = PBXFileReference; lastKnownFileType = file.storyboard; name = Base; path = Base.lproj/LaunchScreen.storyboard; sourceTree = "<group>"; };
		CDBED6BD235F5EE0009B42FB /* Info.plist */ = {isa = PBXFileReference; lastKnownFileType = text.plist.xml; path = Info.plist; sourceTree = "<group>"; };
		CDBED6C3235F6485009B42FB /* starfield.sks */ = {isa = PBXFileReference; lastKnownFileType = file.sks; path = starfield.sks; sourceTree = "<group>"; };
		CDBED6C4235F6486009B42FB /* explosion.sks */ = {isa = PBXFileReference; lastKnownFileType = file.sks; path = explosion.sks; sourceTree = "<group>"; };
/* End PBXFileReference section */

/* Begin PBXFrameworksBuildPhase section */
		CDBED6A5235F5EDC009B42FB /* Frameworks */ = {
			isa = PBXFrameworksBuildPhase;
			buildActionMask = 2147483647;
			files = (
			);
			runOnlyForDeploymentPostprocessing = 0;
		};
/* End PBXFrameworksBuildPhase section */

/* Begin PBXGroup section */
		CDBED69F235F5EDC009B42FB = {
			isa = PBXGroup;
			children = (
				CDBED6AA235F5EDC009B42FB /* Project17-SpaceRace */,
				CDBED6A9235F5EDC009B42FB /* Products */,
			);
			sourceTree = "<group>";
		};
		CDBED6A9235F5EDC009B42FB /* Products */ = {
			isa = PBXGroup;
			children = (
				CDBED6A8235F5EDC009B42FB /* Project17-SpaceRace.app */,
			);
			name = Products;
			sourceTree = "<group>";
		};
		CDBED6AA235F5EDC009B42FB /* Project17-SpaceRace */ = {
			isa = PBXGroup;
			children = (
				CDBED6AB235F5EDC009B42FB /* AppDelegate.swift */,
				CDBED6AD235F5EDC009B42FB /* GameScene.sks */,
				CDBED6B1235F5EDC009B42FB /* GameScene.swift */,
				CDBED6C4235F6486009B42FB /* explosion.sks */,
				CDBED6C3235F6485009B42FB /* starfield.sks */,
				CDBED6B3235F5EDC009B42FB /* GameViewController.swift */,
				CDBED6B5235F5EDC009B42FB /* Main.storyboard */,
				CDBED6B8235F5EE0009B42FB /* Assets.xcassets */,
				CDBED6BA235F5EE0009B42FB /* LaunchScreen.storyboard */,
				CDBED6BD235F5EE0009B42FB /* Info.plist */,
			);
			path = "Project17-SpaceRace";
			sourceTree = "<group>";
		};
/* End PBXGroup section */

/* Begin PBXNativeTarget section */
		CDBED6A7235F5EDC009B42FB /* Project17-SpaceRace */ = {
			isa = PBXNativeTarget;
			buildConfigurationList = CDBED6C0235F5EE0009B42FB /* Build configuration list for PBXNativeTarget "Project17-SpaceRace" */;
			buildPhases = (
				CDBED6A4235F5EDC009B42FB /* Sources */,
				CDBED6A5235F5EDC009B42FB /* Frameworks */,
				CDBED6A6235F5EDC009B42FB /* Resources */,
			);
			buildRules = (
			);
			dependencies = (
			);
			name = "Project17-SpaceRace";
			productName = "Project17-SpaceRace";
			productReference = CDBED6A8235F5EDC009B42FB /* Project17-SpaceRace.app */;
			productType = "com.apple.product-type.application";
		};
/* End PBXNativeTarget section */

/* Begin PBXProject section */
		CDBED6A0235F5EDC009B42FB /* Project object */ = {
			isa = PBXProject;
			attributes = {
				LastSwiftUpdateCheck = 1110;
				LastUpgradeCheck = 1110;
				ORGANIZATIONNAME = "Kamil Bloch";
				TargetAttributes = {
					CDBED6A7235F5EDC009B42FB = {
						CreatedOnToolsVersion = 11.1;
					};
				};
			};
			buildConfigurationList = CDBED6A3235F5EDC009B42FB /* Build configuration list for PBXProject "Project17-SpaceRace" */;
			compatibilityVersion = "Xcode 9.3";
			developmentRegion = en;
			hasScannedForEncodings = 0;
			knownRegions = (
				en,
				Base,
			);
			mainGroup = CDBED69F235F5EDC009B42FB;
			productRefGroup = CDBED6A9235F5EDC009B42FB /* Products */;
			projectDirPath = "";
			projectRoot = "";
			targets = (
				CDBED6A7235F5EDC009B42FB /* Project17-SpaceRace */,
			);
		};
/* End PBXProject section */

/* Begin PBXResourcesBuildPhase section */
		CDBED6A6235F5EDC009B42FB /* Resources */ = {
			isa = PBXResourcesBuildPhase;
			buildActionMask = 2147483647;
			files = (
				CDBED6B7235F5EDC009B42FB /* Main.storyboard in Resources */,
				CDBED6AE235F5EDC009B42FB /* GameScene.sks in Resources */,
				CDBED6B9235F5EE0009B42FB /* Assets.xcassets in Resources */,
				CDBED6C6235F6486009B42FB /* explosion.sks in Resources */,
				CDBED6C5235F6486009B42FB /* starfield.sks in Resources */,
				CDBED6BC235F5EE0009B42FB /* LaunchScreen.storyboard in Resources */,
			);
			runOnlyForDeploymentPostprocessing = 0;
		};
/* End PBXResourcesBuildPhase section */

/* Begin PBXSourcesBuildPhase section */
		CDBED6A4235F5EDC009B42FB /* Sources */ = {
			isa = PBXSourcesBuildPhase;
			buildActionMask = 2147483647;
			files = (
				CDBED6B2235F5EDC009B42FB /* GameScene.swift in Sources */,
				CDBED6B4235F5EDC009B42FB /* GameViewController.swift in Sources */,
				CDBED6AC235F5EDC009B42FB /* AppDelegate.swift in Sources */,
			);
			runOnlyForDeploymentPostprocessing = 0;
		};
/* End PBXSourcesBuildPhase section */

/* Begin PBXVariantGroup section */
		CDBED6B5235F5EDC009B42FB /* Main.storyboard */ = {
			isa = PBXVariantGroup;
			children = (
				CDBED6B6235F5EDC009B42FB /* Base */,
			);
			name = Main.storyboard;
			sourceTree = "<group>";
		};
		CDBED6BA235F5EE0009B42FB /* LaunchScreen.storyboard */ = {
			isa = PBXVariantGroup;
			children = (
				CDBED6BB235F5EE0009B42FB /* Base */,
			);
			name = LaunchScreen.storyboard;
			sourceTree = "<group>";
		};
/* End PBXVariantGroup section */

/* Begin XCBuildConfiguration section */
		CDBED6BE235F5EE0009B42FB /* Debug */ = {
			isa = XCBuildConfiguration;
			buildSettings = {
				ALWAYS_SEARCH_USER_PATHS = NO;
				CLANG_ANALYZER_NONNULL = YES;
				CLANG_ANALYZER_NUMBER_OBJECT_CONVERSION = YES_AGGRESSIVE;
				CLANG_CXX_LANGUAGE_STANDARD = "gnu++14";
				CLANG_CXX_LIBRARY = "libc++";
				CLANG_ENABLE_MODULES = YES;
				CLANG_ENABLE_OBJC_ARC = YES;
				CLANG_ENABLE_OBJC_WEAK = YES;
				CLANG_WARN_BLOCK_CAPTURE_AUTORELEASING = YES;
				CLANG_WARN_BOOL_CONVERSION = YES;
				CLANG_WARN_COMMA = YES;
				CLANG_WARN_CONSTANT_CONVERSION = YES;
				CLANG_WARN_DEPRECATED_OBJC_IMPLEMENTATIONS = YES;
				CLANG_WARN_DIRECT_OBJC_ISA_USAGE = YES_ERROR;
				CLANG_WARN_DOCUMENTATION_COMMENTS = YES;
				CLANG_WARN_EMPTY_BODY = YES;
				CLANG_WARN_ENUM_CONVERSION = YES;
				CLANG_WARN_INFINITE_RECURSION = YES;
				CLANG_WARN_INT_CONVERSION = YES;
				CLANG_WARN_NON_LITERAL_NULL_CONVERSION = YES;
				CLANG_WARN_OBJC_IMPLICIT_RETAIN_SELF = YES;
				CLANG_WARN_OBJC_LITERAL_CONVERSION = YES;
				CLANG_WARN_OBJC_ROOT_CLASS = YES_ERROR;
				CLANG_WARN_RANGE_LOOP_ANALYSIS = YES;
				CLANG_WARN_STRICT_PROTOTYPES = YES;
				CLANG_WARN_SUSPICIOUS_MOVE = YES;
				CLANG_WARN_UNGUARDED_AVAILABILITY = YES_AGGRESSIVE;
				CLANG_WARN_UNREACHABLE_CODE = YES;
				CLANG_WARN__DUPLICATE_METHOD_MATCH = YES;
				COPY_PHASE_STRIP = NO;
				DEBUG_INFORMATION_FORMAT = dwarf;
				ENABLE_STRICT_OBJC_MSGSEND = YES;
				ENABLE_TESTABILITY = YES;
				GCC_C_LANGUAGE_STANDARD = gnu11;
				GCC_DYNAMIC_NO_PIC = NO;
				GCC_NO_COMMON_BLOCKS = YES;
				GCC_OPTIMIZATION_LEVEL = 0;
				GCC_PREPROCESSOR_DEFINITIONS = (
					"DEBUG=1",
					"$(inherited)",
				);
				GCC_WARN_64_TO_32_BIT_CONVERSION = YES;
				GCC_WARN_ABOUT_RETURN_TYPE = YES_ERROR;
				GCC_WARN_UNDECLARED_SELECTOR = YES;
				GCC_WARN_UNINITIALIZED_AUTOS = YES_AGGRESSIVE;
				GCC_WARN_UNUSED_FUNCTION = YES;
				GCC_WARN_UNUSED_VARIABLE = YES;
				IPHONEOS_DEPLOYMENT_TARGET = 13.1;
				MTL_ENABLE_DEBUG_INFO = INCLUDE_SOURCE;
				MTL_FAST_MATH = YES;
				ONLY_ACTIVE_ARCH = YES;
				SDKROOT = iphoneos;
				SWIFT_ACTIVE_COMPILATION_CONDITIONS = DEBUG;
				SWIFT_OPTIMIZATION_LEVEL = "-Onone";
			};
			name = Debug;
		};
		CDBED6BF235F5EE0009B42FB /* Release */ = {
			isa = XCBuildConfiguration;
			buildSettings = {
				ALWAYS_SEARCH_USER_PATHS = NO;
				CLANG_ANALYZER_NONNULL = YES;
				CLANG_ANALYZER_NUMBER_OBJECT_CONVERSION = YES_AGGRESSIVE;
				CLANG_CXX_LANGUAGE_STANDARD = "gnu++14";
				CLANG_CXX_LIBRARY = "libc++";
				CLANG_ENABLE_MODULES = YES;
				CLANG_ENABLE_OBJC_ARC = YES;
				CLANG_ENABLE_OBJC_WEAK = YES;
				CLANG_WARN_BLOCK_CAPTURE_AUTORELEASING = YES;
				CLANG_WARN_BOOL_CONVERSION = YES;
				CLANG_WARN_COMMA = YES;
				CLANG_WARN_CONSTANT_CONVERSION = YES;
				CLANG_WARN_DEPRECATED_OBJC_IMPLEMENTATIONS = YES;
				CLANG_WARN_DIRECT_OBJC_ISA_USAGE = YES_ERROR;
				CLANG_WARN_DOCUMENTATION_COMMENTS = YES;
				CLANG_WARN_EMPTY_BODY = YES;
				CLANG_WARN_ENUM_CONVERSION = YES;
				CLANG_WARN_INFINITE_RECURSION = YES;
				CLANG_WARN_INT_CONVERSION = YES;
				CLANG_WARN_NON_LITERAL_NULL_CONVERSION = YES;
				CLANG_WARN_OBJC_IMPLICIT_RETAIN_SELF = YES;
				CLANG_WARN_OBJC_LITERAL_CONVERSION = YES;
				CLANG_WARN_OBJC_ROOT_CLASS = YES_ERROR;
				CLANG_WARN_RANGE_LOOP_ANALYSIS = YES;
				CLANG_WARN_STRICT_PROTOTYPES = YES;
				CLANG_WARN_SUSPICIOUS_MOVE = YES;
				CLANG_WARN_UNGUARDED_AVAILABILITY = YES_AGGRESSIVE;
				CLANG_WARN_UNREACHABLE_CODE = YES;
				CLANG_WARN__DUPLICATE_METHOD_MATCH = YES;
				COPY_PHASE_STRIP = NO;
				DEBUG_INFORMATION_FORMAT = "dwarf-with-dsym";
				ENABLE_NS_ASSERTIONS = NO;
				ENABLE_STRICT_OBJC_MSGSEND = YES;
				GCC_C_LANGUAGE_STANDARD = gnu11;
				GCC_NO_COMMON_BLOCKS = YES;
				GCC_WARN_64_TO_32_BIT_CONVERSION = YES;
				GCC_WARN_ABOUT_RETURN_TYPE = YES_ERROR;
				GCC_WARN_UNDECLARED_SELECTOR = YES;
				GCC_WARN_UNINITIALIZED_AUTOS = YES_AGGRESSIVE;
				GCC_WARN_UNUSED_FUNCTION = YES;
				GCC_WARN_UNUSED_VARIABLE = YES;
				IPHONEOS_DEPLOYMENT_TARGET = 13.1;
				MTL_ENABLE_DEBUG_INFO = NO;
				MTL_FAST_MATH = YES;
				SDKROOT = iphoneos;
				SWIFT_COMPILATION_MODE = wholemodule;
				SWIFT_OPTIMIZATION_LEVEL = "-O";
				VALIDATE_PRODUCT = YES;
			};
			name = Release;
		};
		CDBED6C1235F5EE0009B42FB /* Debug */ = {
			isa = XCBuildConfiguration;
			buildSettings = {
				ASSETCATALOG_COMPILER_APPICON_NAME = AppIcon;
				CODE_SIGN_STYLE = Automatic;
				DEVELOPMENT_TEAM = NU3T85F468;
				INFOPLIST_FILE = "Project17-SpaceRace/Info.plist";
				LD_RUNPATH_SEARCH_PATHS = (
					"$(inherited)",
					"@executable_path/Frameworks",
				);
				PRODUCT_BUNDLE_IDENTIFIER = "com.xcv.Project17-SpaceRace";
				PRODUCT_NAME = "$(TARGET_NAME)";
				SWIFT_VERSION = 5.0;
				TARGETED_DEVICE_FAMILY = 2;
			};
			name = Debug;
		};
		CDBED6C2235F5EE0009B42FB /* Release */ = {
			isa = XCBuildConfiguration;
			buildSettings = {
				ASSETCATALOG_COMPILER_APPICON_NAME = AppIcon;
				CODE_SIGN_STYLE = Automatic;
				DEVELOPMENT_TEAM = NU3T85F468;
				INFOPLIST_FILE = "Project17-SpaceRace/Info.plist";
				LD_RUNPATH_SEARCH_PATHS = (
					"$(inherited)",
					"@executable_path/Frameworks",
				);
				PRODUCT_BUNDLE_IDENTIFIER = "com.xcv.Project17-SpaceRace";
				PRODUCT_NAME = "$(TARGET_NAME)";
				SWIFT_VERSION = 5.0;
				TARGETED_DEVICE_FAMILY = 2;
			};
			name = Release;
		};
/* End XCBuildConfiguration section */

/* Begin XCConfigurationList section */
		CDBED6A3235F5EDC009B42FB /* Build configuration list for PBXProject "Project17-SpaceRace" */ = {
			isa = XCConfigurationList;
			buildConfigurations = (
				CDBED6BE235F5EE0009B42FB /* Debug */,
				CDBED6BF235F5EE0009B42FB /* Release */,
			);
			defaultConfigurationIsVisible = 0;
			defaultConfigurationName = Release;
		};
		CDBED6C0235F5EE0009B42FB /* Build configuration list for PBXNativeTarget "Project17-SpaceRace" */ = {
			isa = XCConfigurationList;
			buildConfigurations = (
				CDBED6C1235F5EE0009B42FB /* Debug */,
				CDBED6C2235F5EE0009B42FB /* Release */,
			);
			defaultConfigurationIsVisible = 0;
			defaultConfigurationName = Release;
		};
/* End XCConfigurationList section */
	};
	rootObject = CDBED6A0235F5EDC009B42FB /* Project object */;
}
