// !$*UTF8*$!
{
	archiveVersion = 1;
	classes = {
	};
	objectVersion = 50;
	objects = {

/* Begin PBXBuildFile section */
		CD978FDB238991B20040287D /* AppDelegate.swift in Sources */ = {isa = PBXBuildFile; fileRef = CD978FDA238991B20040287D /* AppDelegate.swift */; };
		CD978FDD238991B20040287D /* SceneDelegate.swift in Sources */ = {isa = PBXBuildFile; fileRef = CD978FDC238991B20040287D /* SceneDelegate.swift */; };
		CD978FDF238991B20040287D /* ViewController.swift in Sources */ = {isa = PBXBuildFile; fileRef = CD978FDE238991B20040287D /* ViewController.swift */; };
		CD978FE2238991B20040287D /* Main.storyboard in Resources */ = {isa = PBXBuildFile; fileRef = CD978FE0238991B20040287D /* Main.storyboard */; };
		CD978FE4238991B30040287D /* Assets.xcassets in Resources */ = {isa = PBXBuildFile; fileRef = CD978FE3238991B30040287D /* Assets.xcassets */; };
		CD978FE7238991B30040287D /* LaunchScreen.storyboard in Resources */ = {isa = PBXBuildFile; fileRef = CD978FE5238991B30040287D /* LaunchScreen.storyboard */; };
		CDAD5DB0238AF7660007541C /* KeychainWrapper.swift in Sources */ = {isa = PBXBuildFile; fileRef = CDAD5DAE238AF7650007541C /* KeychainWrapper.swift */; };
		CDAD5DB1238AF7660007541C /* KeychainItemAccessibility.swift in Sources */ = {isa = PBXBuildFile; fileRef = CDAD5DAF238AF7660007541C /* KeychainItemAccessibility.swift */; };
/* End PBXBuildFile section */

/* Begin PBXFileReference section */
		CD978FD7238991B20040287D /* Project28-SecretSwift.app */ = {isa = PBXFileReference; explicitFileType = wrapper.application; includeInIndex = 0; path = "Project28-SecretSwift.app"; sourceTree = BUILT_PRODUCTS_DIR; };
		CD978FDA238991B20040287D /* AppDelegate.swift */ = {isa = PBXFileReference; lastKnownFileType = sourcecode.swift; path = AppDelegate.swift; sourceTree = "<group>"; };
		CD978FDC238991B20040287D /* SceneDelegate.swift */ = {isa = PBXFileReference; lastKnownFileType = sourcecode.swift; path = SceneDelegate.swift; sourceTree = "<group>"; };
		CD978FDE238991B20040287D /* ViewController.swift */ = {isa = PBXFileReference; lastKnownFileType = sourcecode.swift; path = ViewController.swift; sourceTree = "<group>"; };
		CD978FE1238991B20040287D /* Base */ = {isa = PBXFileReference; lastKnownFileType = file.storyboard; name = Base; path = Base.lproj/Main.storyboard; sourceTree = "<group>"; };
		CD978FE3238991B30040287D /* Assets.xcassets */ = {isa = PBXFileReference; lastKnownFileType = folder.assetcatalog; path = Assets.xcassets; sourceTree = "<group>"; };
		CD978FE6238991B30040287D /* Base */ = {isa = PBXFileReference; lastKnownFileType = file.storyboard; name = Base; path = Base.lproj/LaunchScreen.storyboard; sourceTree = "<group>"; };
		CD978FE8238991B30040287D /* Info.plist */ = {isa = PBXFileReference; lastKnownFileType = text.plist.xml; path = Info.plist; sourceTree = "<group>"; };
		CDAD5DAE238AF7650007541C /* KeychainWrapper.swift */ = {isa = PBXFileReference; fileEncoding = 4; lastKnownFileType = sourcecode.swift; path = KeychainWrapper.swift; sourceTree = "<group>"; };
		CDAD5DAF238AF7660007541C /* KeychainItemAccessibility.swift */ = {isa = PBXFileReference; fileEncoding = 4; lastKnownFileType = sourcecode.swift; path = KeychainItemAccessibility.swift; sourceTree = "<group>"; };
/* End PBXFileReference section */

/* Begin PBXFrameworksBuildPhase section */
		CD978FD4238991B20040287D /* Frameworks */ = {
			isa = PBXFrameworksBuildPhase;
			buildActionMask = 2147483647;
			files = (
			);
			runOnlyForDeploymentPostprocessing = 0;
		};
/* End PBXFrameworksBuildPhase section */

/* Begin PBXGroup section */
		CD978FCE238991B20040287D = {
			isa = PBXGroup;
			children = (
				CD978FD9238991B20040287D /* Project28-SecretSwift */,
				CD978FD8238991B20040287D /* Products */,
			);
			sourceTree = "<group>";
		};
		CD978FD8238991B20040287D /* Products */ = {
			isa = PBXGroup;
			children = (
				CD978FD7238991B20040287D /* Project28-SecretSwift.app */,
			);
			name = Products;
			sourceTree = "<group>";
		};
		CD978FD9238991B20040287D /* Project28-SecretSwift */ = {
			isa = PBXGroup;
			children = (
				CD978FDA238991B20040287D /* AppDelegate.swift */,
				CD978FDC238991B20040287D /* SceneDelegate.swift */,
				CD978FDE238991B20040287D /* ViewController.swift */,
				CDAD5DAF238AF7660007541C /* KeychainItemAccessibility.swift */,
				CDAD5DAE238AF7650007541C /* KeychainWrapper.swift */,
				CD978FE0238991B20040287D /* Main.storyboard */,
				CD978FE3238991B30040287D /* Assets.xcassets */,
				CD978FE5238991B30040287D /* LaunchScreen.storyboard */,
				CD978FE8238991B30040287D /* Info.plist */,
			);
			path = "Project28-SecretSwift";
			sourceTree = "<group>";
		};
/* End PBXGroup section */

/* Begin PBXNativeTarget section */
		CD978FD6238991B20040287D /* Project28-SecretSwift */ = {
			isa = PBXNativeTarget;
			buildConfigurationList = CD978FEB238991B30040287D /* Build configuration list for PBXNativeTarget "Project28-SecretSwift" */;
			buildPhases = (
				CD978FD3238991B20040287D /* Sources */,
				CD978FD4238991B20040287D /* Frameworks */,
				CD978FD5238991B20040287D /* Resources */,
			);
			buildRules = (
			);
			dependencies = (
			);
			name = "Project28-SecretSwift";
			productName = "Project28-SecretSwift";
			productReference = CD978FD7238991B20040287D /* Project28-SecretSwift.app */;
			productType = "com.apple.product-type.application";
		};
/* End PBXNativeTarget section */

/* Begin PBXProject section */
		CD978FCF238991B20040287D /* Project object */ = {
			isa = PBXProject;
			attributes = {
				LastSwiftUpdateCheck = 1120;
				LastUpgradeCheck = 1120;
				ORGANIZATIONNAME = "Kamil Bloch";
				TargetAttributes = {
					CD978FD6238991B20040287D = {
						CreatedOnToolsVersion = 11.2.1;
					};
				};
			};
			buildConfigurationList = CD978FD2238991B20040287D /* Build configuration list for PBXProject "Project28-SecretSwift" */;
			compatibilityVersion = "Xcode 9.3";
			developmentRegion = en;
			hasScannedForEncodings = 0;
			knownRegions = (
				en,
				Base,
			);
			mainGroup = CD978FCE238991B20040287D;
			productRefGroup = CD978FD8238991B20040287D /* Products */;
			projectDirPath = "";
			projectRoot = "";
			targets = (
				CD978FD6238991B20040287D /* Project28-SecretSwift */,
			);
		};
/* End PBXProject section */

/* Begin PBXResourcesBuildPhase section */
		CD978FD5238991B20040287D /* Resources */ = {
			isa = PBXResourcesBuildPhase;
			buildActionMask = 2147483647;
			files = (
				CD978FE7238991B30040287D /* LaunchScreen.storyboard in Resources */,
				CD978FE4238991B30040287D /* Assets.xcassets in Resources */,
				CD978FE2238991B20040287D /* Main.storyboard in Resources */,
			);
			runOnlyForDeploymentPostprocessing = 0;
		};
/* End PBXResourcesBuildPhase section */

/* Begin PBXSourcesBuildPhase section */
		CD978FD3238991B20040287D /* Sources */ = {
			isa = PBXSourcesBuildPhase;
			buildActionMask = 2147483647;
			files = (
				CD978FDF238991B20040287D /* ViewController.swift in Sources */,
				CDAD5DB0238AF7660007541C /* KeychainWrapper.swift in Sources */,
				CD978FDB238991B20040287D /* AppDelegate.swift in Sources */,
				CDAD5DB1238AF7660007541C /* KeychainItemAccessibility.swift in Sources */,
				CD978FDD238991B20040287D /* SceneDelegate.swift in Sources */,
			);
			runOnlyForDeploymentPostprocessing = 0;
		};
/* End PBXSourcesBuildPhase section */

/* Begin PBXVariantGroup section */
		CD978FE0238991B20040287D /* Main.storyboard */ = {
			isa = PBXVariantGroup;
			children = (
				CD978FE1238991B20040287D /* Base */,
			);
			name = Main.storyboard;
			sourceTree = "<group>";
		};
		CD978FE5238991B30040287D /* LaunchScreen.storyboard */ = {
			isa = PBXVariantGroup;
			children = (
				CD978FE6238991B30040287D /* Base */,
			);
			name = LaunchScreen.storyboard;
			sourceTree = "<group>";
		};
/* End PBXVariantGroup section */

/* Begin XCBuildConfiguration section */
		CD978FE9238991B30040287D /* Debug */ = {
			isa = XCBuildConfiguration;
			buildSettings = {
				ALWAYS_SEARCH_USER_PATHS = NO;
				CLANG_ANALYZER_NONNULL = YES;
				CLANG_ANALYZER_NUMBER_OBJECT_CONVERSION = YES_AGGRESSIVE;
				CLANG_CXX_LANGUAGE_STANDARD = "gnu++14";
				CLANG_CXX_LIBRARY = "libc++";
				CLANG_ENABLE_MODULES = YES;
				CLANG_ENABLE_OBJC_ARC = YES;
				CLANG_ENABLE_OBJC_WEAK = YES;
				CLANG_WARN_BLOCK_CAPTURE_AUTORELEASING = YES;
				CLANG_WARN_BOOL_CONVERSION = YES;
				CLANG_WARN_COMMA = YES;
				CLANG_WARN_CONSTANT_CONVERSION = YES;
				CLANG_WARN_DEPRECATED_OBJC_IMPLEMENTATIONS = YES;
				CLANG_WARN_DIRECT_OBJC_ISA_USAGE = YES_ERROR;
				CLANG_WARN_DOCUMENTATION_COMMENTS = YES;
				CLANG_WARN_EMPTY_BODY = YES;
				CLANG_WARN_ENUM_CONVERSION = YES;
				CLANG_WARN_INFINITE_RECURSION = YES;
				CLANG_WARN_INT_CONVERSION = YES;
				CLANG_WARN_NON_LITERAL_NULL_CONVERSION = YES;
				CLANG_WARN_OBJC_IMPLICIT_RETAIN_SELF = YES;
				CLANG_WARN_OBJC_LITERAL_CONVERSION = YES;
				CLANG_WARN_OBJC_ROOT_CLASS = YES_ERROR;
				CLANG_WARN_RANGE_LOOP_ANALYSIS = YES;
				CLANG_WARN_STRICT_PROTOTYPES = YES;
				CLANG_WARN_SUSPICIOUS_MOVE = YES;
				CLANG_WARN_UNGUARDED_AVAILABILITY = YES_AGGRESSIVE;
				CLANG_WARN_UNREACHABLE_CODE = YES;
				CLANG_WARN__DUPLICATE_METHOD_MATCH = YES;
				COPY_PHASE_STRIP = NO;
				DEBUG_INFORMATION_FORMAT = dwarf;
				ENABLE_STRICT_OBJC_MSGSEND = YES;
				ENABLE_TESTABILITY = YES;
				GCC_C_LANGUAGE_STANDARD = gnu11;
				GCC_DYNAMIC_NO_PIC = NO;
				GCC_NO_COMMON_BLOCKS = YES;
				GCC_OPTIMIZATION_LEVEL = 0;
				GCC_PREPROCESSOR_DEFINITIONS = (
					"DEBUG=1",
					"$(inherited)",
				);
				GCC_WARN_64_TO_32_BIT_CONVERSION = YES;
				GCC_WARN_ABOUT_RETURN_TYPE = YES_ERROR;
				GCC_WARN_UNDECLARED_SELECTOR = YES;
				GCC_WARN_UNINITIALIZED_AUTOS = YES_AGGRESSIVE;
				GCC_WARN_UNUSED_FUNCTION = YES;
				GCC_WARN_UNUSED_VARIABLE = YES;
				IPHONEOS_DEPLOYMENT_TARGET = 13.2;
				MTL_ENABLE_DEBUG_INFO = INCLUDE_SOURCE;
				MTL_FAST_MATH = YES;
				ONLY_ACTIVE_ARCH = YES;
				SDKROOT = iphoneos;
				SWIFT_ACTIVE_COMPILATION_CONDITIONS = DEBUG;
				SWIFT_OPTIMIZATION_LEVEL = "-Onone";
			};
			name = Debug;
		};
		CD978FEA238991B30040287D /* Release */ = {
			isa = XCBuildConfiguration;
			buildSettings = {
				ALWAYS_SEARCH_USER_PATHS = NO;
				CLANG_ANALYZER_NONNULL = YES;
				CLANG_ANALYZER_NUMBER_OBJECT_CONVERSION = YES_AGGRESSIVE;
				CLANG_CXX_LANGUAGE_STANDARD = "gnu++14";
				CLANG_CXX_LIBRARY = "libc++";
				CLANG_ENABLE_MODULES = YES;
				CLANG_ENABLE_OBJC_ARC = YES;
				CLANG_ENABLE_OBJC_WEAK = YES;
				CLANG_WARN_BLOCK_CAPTURE_AUTORELEASING = YES;
				CLANG_WARN_BOOL_CONVERSION = YES;
				CLANG_WARN_COMMA = YES;
				CLANG_WARN_CONSTANT_CONVERSION = YES;
				CLANG_WARN_DEPRECATED_OBJC_IMPLEMENTATIONS = YES;
				CLANG_WARN_DIRECT_OBJC_ISA_USAGE = YES_ERROR;
				CLANG_WARN_DOCUMENTATION_COMMENTS = YES;
				CLANG_WARN_EMPTY_BODY = YES;
				CLANG_WARN_ENUM_CONVERSION = YES;
				CLANG_WARN_INFINITE_RECURSION = YES;
				CLANG_WARN_INT_CONVERSION = YES;
				CLANG_WARN_NON_LITERAL_NULL_CONVERSION = YES;
				CLANG_WARN_OBJC_IMPLICIT_RETAIN_SELF = YES;
				CLANG_WARN_OBJC_LITERAL_CONVERSION = YES;
				CLANG_WARN_OBJC_ROOT_CLASS = YES_ERROR;
				CLANG_WARN_RANGE_LOOP_ANALYSIS = YES;
				CLANG_WARN_STRICT_PROTOTYPES = YES;
				CLANG_WARN_SUSPICIOUS_MOVE = YES;
				CLANG_WARN_UNGUARDED_AVAILABILITY = YES_AGGRESSIVE;
				CLANG_WARN_UNREACHABLE_CODE = YES;
				CLANG_WARN__DUPLICATE_METHOD_MATCH = YES;
				COPY_PHASE_STRIP = NO;
				DEBUG_INFORMATION_FORMAT = "dwarf-with-dsym";
				ENABLE_NS_ASSERTIONS = NO;
				ENABLE_STRICT_OBJC_MSGSEND = YES;
				GCC_C_LANGUAGE_STANDARD = gnu11;
				GCC_NO_COMMON_BLOCKS = YES;
				GCC_WARN_64_TO_32_BIT_CONVERSION = YES;
				GCC_WARN_ABOUT_RETURN_TYPE = YES_ERROR;
				GCC_WARN_UNDECLARED_SELECTOR = YES;
				GCC_WARN_UNINITIALIZED_AUTOS = YES_AGGRESSIVE;
				GCC_WARN_UNUSED_FUNCTION = YES;
				GCC_WARN_UNUSED_VARIABLE = YES;
				IPHONEOS_DEPLOYMENT_TARGET = 13.2;
				MTL_ENABLE_DEBUG_INFO = NO;
				MTL_FAST_MATH = YES;
				SDKROOT = iphoneos;
				SWIFT_COMPILATION_MODE = wholemodule;
				SWIFT_OPTIMIZATION_LEVEL = "-O";
				VALIDATE_PRODUCT = YES;
			};
			name = Release;
		};
		CD978FEC238991B30040287D /* Debug */ = {
			isa = XCBuildConfiguration;
			buildSettings = {
				ASSETCATALOG_COMPILER_APPICON_NAME = AppIcon;
				CODE_SIGN_STYLE = Automatic;
				DEVELOPMENT_TEAM = NU3T85F468;
				INFOPLIST_FILE = "Project28-SecretSwift/Info.plist";
				LD_RUNPATH_SEARCH_PATHS = (
					"$(inherited)",
					"@executable_path/Frameworks",
				);
				PRODUCT_BUNDLE_IDENTIFIER = "com.xcv.Project28-SecretSwift";
				PRODUCT_NAME = "$(TARGET_NAME)";
				SWIFT_VERSION = 5.0;
				TARGETED_DEVICE_FAMILY = "1,2";
			};
			name = Debug;
		};
		CD978FED238991B30040287D /* Release */ = {
			isa = XCBuildConfiguration;
			buildSettings = {
				ASSETCATALOG_COMPILER_APPICON_NAME = AppIcon;
				CODE_SIGN_STYLE = Automatic;
				DEVELOPMENT_TEAM = NU3T85F468;
				INFOPLIST_FILE = "Project28-SecretSwift/Info.plist";
				LD_RUNPATH_SEARCH_PATHS = (
					"$(inherited)",
					"@executable_path/Frameworks",
				);
				PRODUCT_BUNDLE_IDENTIFIER = "com.xcv.Project28-SecretSwift";
				PRODUCT_NAME = "$(TARGET_NAME)";
				SWIFT_VERSION = 5.0;
				TARGETED_DEVICE_FAMILY = "1,2";
			};
			name = Release;
		};
/* End XCBuildConfiguration section */

/* Begin XCConfigurationList section */
		CD978FD2238991B20040287D /* Build configuration list for PBXProject "Project28-SecretSwift" */ = {
			isa = XCConfigurationList;
			buildConfigurations = (
				CD978FE9238991B30040287D /* Debug */,
				CD978FEA238991B30040287D /* Release */,
			);
			defaultConfigurationIsVisible = 0;
			defaultConfigurationName = Release;
		};
		CD978FEB238991B30040287D /* Build configuration list for PBXNativeTarget "Project28-SecretSwift" */ = {
			isa = XCConfigurationList;
			buildConfigurations = (
				CD978FEC238991B30040287D /* Debug */,
				CD978FED238991B30040287D /* Release */,
			);
			defaultConfigurationIsVisible = 0;
			defaultConfigurationName = Release;
		};
/* End XCConfigurationList section */
	};
	rootObject = CD978FCF238991B20040287D /* Project object */;
}
